
Microsoft Visual Studio Solution File, Format Version 9.00
# Visual Studio 2005
Project("{8BC9CEB8-8B4A-11D0-8D11-00A0C91BC942}") = "libtdr_dbms_xml_static", "lib_proj\libtdr\libtdr_dbms_xml.vcproj", "{6B151CDE-CCF0-40EC-9A05-B5E587C37538}"
EndProject
Project("{8BC9CEB8-8B4A-11D0-8D11-00A0C91BC942}") = "libtdr_static", "lib_proj\libtdr\libtdr.vcproj", "{56437121-2D97-45A3-96EF-98FC9088D5D5}"
	ProjectSection(WebsiteProperties) = preProject
		Debug.AspNetCompiler.Debug = "True"
		Release.AspNetCompiler.Debug = "False"
	EndProjectSection
EndProject
Project("{8BC9CEB8-8B4A-11D0-8D11-00A0C91BC942}") = "tdr2xml", "tools_proj\tdrtools\dr2xml.vcproj", "{25BDC689-F36B-4760-A407-011276901B2C}"
	ProjectSection(WebsiteProperties) = preProject
		Debug.AspNetCompiler.Debug = "True"
		Release.AspNetCompiler.Debug = "False"
	EndProjectSection
EndProject
Project("{8BC9CEB8-8B4A-11D0-8D11-00A0C91BC942}") = "tmeta2tab", "tools_proj\tdrtools\meta2tab.vcproj", "{E99EF15F-6F11-48ED-8BE6-82C9AEA7D086}"
	ProjectSection(WebsiteProperties) = preProject
		Debug.AspNetCompiler.Debug = "True"
		Release.AspNetCompiler.Debug = "False"
	EndProjectSection
EndProject
Project("{8BC9CEB8-8B4A-11D0-8D11-00A0C91BC942}") = "ut_tdr", "unittests_proj\ut_tdr\ut_tdr.vcproj", "{5EB5B279-0EE5-4EF8-98C1-8AA96A0244EB}"
	ProjectSection(WebsiteProperties) = preProject
		Debug.AspNetCompiler.Debug = "True"
		Release.AspNetCompiler.Debug = "False"
	EndProjectSection
EndProject
Project("{8BC9CEB8-8B4A-11D0-8D11-00A0C91BC942}") = "tdrbenchmark", "lib_proj\tdrbenchmark\tdrbenchmark.vcproj", "{16D0F257-5757-41A3-B6ED-BFD7A8E664B7}"
	ProjectSection(WebsiteProperties) = preProject
		Debug.AspNetCompiler.Debug = "True"
		Release.AspNetCompiler.Debug = "False"
	EndProjectSection
EndProject
Project("{8BC9CEB8-8B4A-11D0-8D11-00A0C91BC942}") = "libtdr_xml_static", "lib_proj\libtdr\libtdr_xml.vcproj", "{3E3771AC-141D-4AD4-98EC-43EFD2DD9081}"
EndProject
Project("{8BC9CEB8-8B4A-11D0-8D11-00A0C91BC942}") = "libpal", "lib_proj\libpal\libpal.vcproj", "{5704EABB-79E7-42F1-8541-0078C18F944B}"
EndProject
Project("{8BC9CEB8-8B4A-11D0-8D11-00A0C91BC942}") = "libscew", "..\..\..\deps\scew\win32\libscew.vcproj", "{50D3CEC1-1937-448C-9996-E2251553E17D}"
EndProject
Project("{8BC9CEB8-8B4A-11D0-8D11-00A0C91BC942}") = "libexpat_dll", "lib_proj\libexpat\expat.vcproj", "{B0190DB4-4487-4401-8C30-72A8311B73F0}"
EndProject
Project("{8BC9CEB8-8B4A-11D0-8D11-00A0C91BC942}") = "tdr", "tools_proj\tdrtools\tdr.vcproj", "{4E8D0A98-8DAD-410A-B5EF-E9DE10873A5A}"
EndProject
Project("{2150E333-8FDC-42A3-9474-1A3956D46DE8}") = "examples", "examples", "{32C2C1DE-1E80-4F1A-8833-291F4EA1DFF0}"
EndProject
Project("{8BC9CEB8-8B4A-11D0-8D11-00A0C91BC942}") = "create_metalib", "..\..\..\lib\examples\tdr\create_metalib\create_metalib.vcproj", "{9D9ED868-9913-4029-8092-536215D3369D}"
EndProject
Project("{8BC9CEB8-8B4A-11D0-8D11-00A0C91BC942}") = "data_input_output", "..\..\..\lib\examples\tdr\data_input_output\data_input_output.vcproj", "{E12301F4-C454-430C-8CBA-7531CF2E1CF5}"
EndProject
Project("{8BC9CEB8-8B4A-11D0-8D11-00A0C91BC942}") = "db_ORMapping", "..\..\..\lib\examples\tdr\db_ORMapping\db_ORMapping.vcproj", "{A7C9E7D1-95F0-429C-BFDE-D335665A7628}"
EndProject
Project("{8BC9CEB8-8B4A-11D0-8D11-00A0C91BC942}") = "inert_metalib_in_apps", "..\..\..\lib\examples\tdr\insert_metalib_in_application\inert_metalib_in_apps.vcproj", "{1519180C-921C-4904-9373-75339F13B00D}"
EndProject
Project("{8BC9CEB8-8B4A-11D0-8D11-00A0C91BC942}") = "load_save_metalib", "..\..\..\lib\examples\tdr\load_save_metalib\load_save_metalib.vcproj", "{462FB646-5FF7-401F-83DD-AA6F4513B86C}"
EndProject
Project("{8BC9CEB8-8B4A-11D0-8D11-00A0C91BC942}") = "net_pack_unpack", "..\..\..\lib\examples\tdr\net_pack_unpack\net_pack_unpack.vcproj", "{16E00531-9598-4F3C-92C3-3B712BA84B9A}"
EndProject
Project("{8BC9CEB8-8B4A-11D0-8D11-00A0C91BC942}") = "sort_data", "..\..\..\lib\examples\tdr\sort_data\sort_data.vcproj", "{6743A7BB-5928-4AD7-8961-2049A10E5B8C}"
EndProject
Project("{8BC9CEB8-8B4A-11D0-8D11-00A0C91BC942}") = "get_meta_entry", "..\..\..\lib\examples\tdr\get_meta_entry\get_meta_entry.vcproj", "{D662BA73-DC92-411C-8344-FC0EE1714AF4}"
EndProject
Project("{8BC9CEB8-8B4A-11D0-8D11-00A0C91BC942}") = "init_normalize_data", "..\..\..\lib\examples\tdr\init_normalize_data\init_normalize_date.vcproj", "{E49A5ADE-7023-41F2-9CC2-7022382615BF}"
EndProject
Project("{8BC9CEB8-8B4A-11D0-8D11-00A0C91BC942}") = "print_data", "..\..\..\lib\examples\tdr\print_data\print_data.vcproj", "{7811AC6F-8DA7-442C-9EBF-13CF4A8D1120}"
EndProject
Project("{2150E333-8FDC-42A3-9474-1A3956D46DE8}") = "Solution Items", "Solution Items", "{BB11C4CB-BB33-43AF-858F-7420AE60A7F6}"
	ProjectSection(SolutionItems) = preProject
		..\..\..\lib_src\tdr\changeslist = ..\..\..\lib_src\tdr\changeslist
	EndProjectSection
EndProject
Project("{8BC9CEB8-8B4A-11D0-8D11-00A0C91BC942}") = "libcunit", "..\..\..\deps\CUnit\vc8\libcunit.vcproj", "{E88E5D8B-FAA8-41FA-B0A5-77C924300C0E}"
EndProject
Global
	GlobalSection(SolutionConfigurationPlatforms) = preSolution
		Debug - DLL|Win32 = Debug - DLL|Win32
		Debug - Static Lib|Win32 = Debug - Static Lib|Win32
		Debug Unicode|Win32 = Debug Unicode|Win32
		Debug|Win32 = Debug|Win32
		Release - DLL|Win32 = Release - DLL|Win32
		Release - Static Lib|Win32 = Release - Static Lib|Win32
		Release Unicode|Win32 = Release Unicode|Win32
		Release|Win32 = Release|Win32
		XMLStatic Debug Unicode|Win32 = XMLStatic Debug Unicode|Win32
		XMLStatic Debug|Win32 = XMLStatic Debug|Win32
		XMLStatic Release Unicode|Win32 = XMLStatic Release Unicode|Win32
		XMLStatic Release|Win32 = XMLStatic Release|Win32
	EndGlobalSection
	GlobalSection(ProjectConfigurationPlatforms) = postSolution
		{6B151CDE-CCF0-40EC-9A05-B5E587C37538}.Debug - DLL|Win32.ActiveCfg = Debug|Win32
		{6B151CDE-CCF0-40EC-9A05-B5E587C37538}.Debug - DLL|Win32.Build.0 = Debug|Win32
		{6B151CDE-CCF0-40EC-9A05-B5E587C37538}.Debug - Static Lib|Win32.ActiveCfg = Debug|Win32
		{6B151CDE-CCF0-40EC-9A05-B5E587C37538}.Debug - Static Lib|Win32.Build.0 = Debug|Win32
		{6B151CDE-CCF0-40EC-9A05-B5E587C37538}.Debug Unicode|Win32.ActiveCfg = Debug|Win32
		{6B151CDE-CCF0-40EC-9A05-B5E587C37538}.Debug Unicode|Win32.Build.0 = Debug|Win32
		{6B151CDE-CCF0-40EC-9A05-B5E587C37538}.Debug|Win32.ActiveCfg = Debug|Win32
		{6B151CDE-CCF0-40EC-9A05-B5E587C37538}.Debug|Win32.Build.0 = Debug|Win32
		{6B151CDE-CCF0-40EC-9A05-B5E587C37538}.Release - DLL|Win32.ActiveCfg = Release|Win32
		{6B151CDE-CCF0-40EC-9A05-B5E587C37538}.Release - DLL|Win32.Build.0 = Release|Win32
		{6B151CDE-CCF0-40EC-9A05-B5E587C37538}.Release - Static Lib|Win32.ActiveCfg = Release|Win32
		{6B151CDE-CCF0-40EC-9A05-B5E587C37538}.Release - Static Lib|Win32.Build.0 = Release|Win32
		{6B151CDE-CCF0-40EC-9A05-B5E587C37538}.Release Unicode|Win32.ActiveCfg = Release|Win32
		{6B151CDE-CCF0-40EC-9A05-B5E587C37538}.Release Unicode|Win32.Build.0 = Release|Win32
		{6B151CDE-CCF0-40EC-9A05-B5E587C37538}.Release|Win32.ActiveCfg = Release|Win32
		{6B151CDE-CCF0-40EC-9A05-B5E587C37538}.Release|Win32.Build.0 = Release|Win32
		{6B151CDE-CCF0-40EC-9A05-B5E587C37538}.XMLStatic Debug Unicode|Win32.ActiveCfg = Debug|Win32
		{6B151CDE-CCF0-40EC-9A05-B5E587C37538}.XMLStatic Debug Unicode|Win32.Build.0 = Debug|Win32
		{6B151CDE-CCF0-40EC-9A05-B5E587C37538}.XMLStatic Debug|Win32.ActiveCfg = Debug|Win32
		{6B151CDE-CCF0-40EC-9A05-B5E587C37538}.XMLStatic Debug|Win32.Build.0 = Debug|Win32
		{6B151CDE-CCF0-40EC-9A05-B5E587C37538}.XMLStatic Release Unicode|Win32.ActiveCfg = Release|Win32
		{6B151CDE-CCF0-40EC-9A05-B5E587C37538}.XMLStatic Release Unicode|Win32.Build.0 = Release|Win32
		{6B151CDE-CCF0-40EC-9A05-B5E587C37538}.XMLStatic Release|Win32.ActiveCfg = Release|Win32
		{6B151CDE-CCF0-40EC-9A05-B5E587C37538}.XMLStatic Release|Win32.Build.0 = Release|Win32
		{56437121-2D97-45A3-96EF-98FC9088D5D5}.Debug - DLL|Win32.ActiveCfg = Debug|Win32
		{56437121-2D97-45A3-96EF-98FC9088D5D5}.Debug - DLL|Win32.Build.0 = Debug|Win32
		{56437121-2D97-45A3-96EF-98FC9088D5D5}.Debug - Static Lib|Win32.ActiveCfg = Debug|Win32
		{56437121-2D97-45A3-96EF-98FC9088D5D5}.Debug - Static Lib|Win32.Build.0 = Debug|Win32
		{56437121-2D97-45A3-96EF-98FC9088D5D5}.Debug Unicode|Win32.ActiveCfg = Debug|Win32
		{56437121-2D97-45A3-96EF-98FC9088D5D5}.Debug Unicode|Win32.Build.0 = Debug|Win32
		{56437121-2D97-45A3-96EF-98FC9088D5D5}.Debug|Win32.ActiveCfg = Debug|Win32
		{56437121-2D97-45A3-96EF-98FC9088D5D5}.Debug|Win32.Build.0 = Debug|Win32
		{56437121-2D97-45A3-96EF-98FC9088D5D5}.Release - DLL|Win32.ActiveCfg = Release|Win32
		{56437121-2D97-45A3-96EF-98FC9088D5D5}.Release - DLL|Win32.Build.0 = Release|Win32
		{56437121-2D97-45A3-96EF-98FC9088D5D5}.Release - Static Lib|Win32.ActiveCfg = Release|Win32
		{56437121-2D97-45A3-96EF-98FC9088D5D5}.Release - Static Lib|Win32.Build.0 = Release|Win32
		{56437121-2D97-45A3-96EF-98FC9088D5D5}.Release Unicode|Win32.ActiveCfg = Release|Win32
		{56437121-2D97-45A3-96EF-98FC9088D5D5}.Release Unicode|Win32.Build.0 = Release|Win32
		{56437121-2D97-45A3-96EF-98FC9088D5D5}.Release|Win32.ActiveCfg = Release|Win32
		{56437121-2D97-45A3-96EF-98FC9088D5D5}.Release|Win32.Build.0 = Release|Win32
		{56437121-2D97-45A3-96EF-98FC9088D5D5}.XMLStatic Debug Unicode|Win32.ActiveCfg = Debug|Win32
		{56437121-2D97-45A3-96EF-98FC9088D5D5}.XMLStatic Debug Unicode|Win32.Build.0 = Debug|Win32
		{56437121-2D97-45A3-96EF-98FC9088D5D5}.XMLStatic Debug|Win32.ActiveCfg = Debug|Win32
		{56437121-2D97-45A3-96EF-98FC9088D5D5}.XMLStatic Debug|Win32.Build.0 = Debug|Win32
		{56437121-2D97-45A3-96EF-98FC9088D5D5}.XMLStatic Release Unicode|Win32.ActiveCfg = Release|Win32
		{56437121-2D97-45A3-96EF-98FC9088D5D5}.XMLStatic Release Unicode|Win32.Build.0 = Release|Win32
		{56437121-2D97-45A3-96EF-98FC9088D5D5}.XMLStatic Release|Win32.ActiveCfg = Release|Win32
		{56437121-2D97-45A3-96EF-98FC9088D5D5}.XMLStatic Release|Win32.Build.0 = Release|Win32
		{25BDC689-F36B-4760-A407-011276901B2C}.Debug - DLL|Win32.ActiveCfg = Debug|Win32
		{25BDC689-F36B-4760-A407-011276901B2C}.Debug - DLL|Win32.Build.0 = Debug|Win32
		{25BDC689-F36B-4760-A407-011276901B2C}.Debug - Static Lib|Win32.ActiveCfg = Debug|Win32
		{25BDC689-F36B-4760-A407-011276901B2C}.Debug - Static Lib|Win32.Build.0 = Debug|Win32
		{25BDC689-F36B-4760-A407-011276901B2C}.Debug Unicode|Win32.ActiveCfg = Debug|Win32
		{25BDC689-F36B-4760-A407-011276901B2C}.Debug Unicode|Win32.Build.0 = Debug|Win32
		{25BDC689-F36B-4760-A407-011276901B2C}.Debug|Win32.ActiveCfg = Debug|Win32
		{25BDC689-F36B-4760-A407-011276901B2C}.Debug|Win32.Build.0 = Debug|Win32
		{25BDC689-F36B-4760-A407-011276901B2C}.Release - DLL|Win32.ActiveCfg = Release|Win32
		{25BDC689-F36B-4760-A407-011276901B2C}.Release - DLL|Win32.Build.0 = Release|Win32
		{25BDC689-F36B-4760-A407-011276901B2C}.Release - Static Lib|Win32.ActiveCfg = Release|Win32
		{25BDC689-F36B-4760-A407-011276901B2C}.Release - Static Lib|Win32.Build.0 = Release|Win32
		{25BDC689-F36B-4760-A407-011276901B2C}.Release Unicode|Win32.ActiveCfg = Release|Win32
		{25BDC689-F36B-4760-A407-011276901B2C}.Release Unicode|Win32.Build.0 = Release|Win32
		{25BDC689-F36B-4760-A407-011276901B2C}.Release|Win32.ActiveCfg = Release|Win32
		{25BDC689-F36B-4760-A407-011276901B2C}.Release|Win32.Build.0 = Release|Win32
		{25BDC689-F36B-4760-A407-011276901B2C}.XMLStatic Debug Unicode|Win32.ActiveCfg = Debug|Win32
		{25BDC689-F36B-4760-A407-011276901B2C}.XMLStatic Debug Unicode|Win32.Build.0 = Debug|Win32
		{25BDC689-F36B-4760-A407-011276901B2C}.XMLStatic Debug|Win32.ActiveCfg = Debug|Win32
		{25BDC689-F36B-4760-A407-011276901B2C}.XMLStatic Debug|Win32.Build.0 = Debug|Win32
		{25BDC689-F36B-4760-A407-011276901B2C}.XMLStatic Release Unicode|Win32.ActiveCfg = Release|Win32
		{25BDC689-F36B-4760-A407-011276901B2C}.XMLStatic Release Unicode|Win32.Build.0 = Release|Win32
		{25BDC689-F36B-4760-A407-011276901B2C}.XMLStatic Release|Win32.ActiveCfg = Release|Win32
		{25BDC689-F36B-4760-A407-011276901B2C}.XMLStatic Release|Win32.Build.0 = Release|Win32
		{E99EF15F-6F11-48ED-8BE6-82C9AEA7D086}.Debug - DLL|Win32.ActiveCfg = Debug|Win32
		{E99EF15F-6F11-48ED-8BE6-82C9AEA7D086}.Debug - DLL|Win32.Build.0 = Debug|Win32
		{E99EF15F-6F11-48ED-8BE6-82C9AEA7D086}.Debug - Static Lib|Win32.ActiveCfg = Debug|Win32
		{E99EF15F-6F11-48ED-8BE6-82C9AEA7D086}.Debug - Static Lib|Win32.Build.0 = Debug|Win32
		{E99EF15F-6F11-48ED-8BE6-82C9AEA7D086}.Debug Unicode|Win32.ActiveCfg = Debug|Win32
		{E99EF15F-6F11-48ED-8BE6-82C9AEA7D086}.Debug Unicode|Win32.Build.0 = Debug|Win32
		{E99EF15F-6F11-48ED-8BE6-82C9AEA7D086}.Debug|Win32.ActiveCfg = Debug|Win32
		{E99EF15F-6F11-48ED-8BE6-82C9AEA7D086}.Debug|Win32.Build.0 = Debug|Win32
		{E99EF15F-6F11-48ED-8BE6-82C9AEA7D086}.Release - DLL|Win32.ActiveCfg = Release|Win32
		{E99EF15F-6F11-48ED-8BE6-82C9AEA7D086}.Release - DLL|Win32.Build.0 = Release|Win32
		{E99EF15F-6F11-48ED-8BE6-82C9AEA7D086}.Release - Static Lib|Win32.ActiveCfg = Release|Win32
		{E99EF15F-6F11-48ED-8BE6-82C9AEA7D086}.Release - Static Lib|Win32.Build.0 = Release|Win32
		{E99EF15F-6F11-48ED-8BE6-82C9AEA7D086}.Release Unicode|Win32.ActiveCfg = Release|Win32
		{E99EF15F-6F11-48ED-8BE6-82C9AEA7D086}.Release Unicode|Win32.Build.0 = Release|Win32
		{E99EF15F-6F11-48ED-8BE6-82C9AEA7D086}.Release|Win32.ActiveCfg = Release|Win32
		{E99EF15F-6F11-48ED-8BE6-82C9AEA7D086}.Release|Win32.Build.0 = Release|Win32
		{E99EF15F-6F11-48ED-8BE6-82C9AEA7D086}.XMLStatic Debug Unicode|Win32.ActiveCfg = Debug|Win32
		{E99EF15F-6F11-48ED-8BE6-82C9AEA7D086}.XMLStatic Debug Unicode|Win32.Build.0 = Debug|Win32
		{E99EF15F-6F11-48ED-8BE6-82C9AEA7D086}.XMLStatic Debug|Win32.ActiveCfg = Debug|Win32
		{E99EF15F-6F11-48ED-8BE6-82C9AEA7D086}.XMLStatic Debug|Win32.Build.0 = Debug|Win32
		{E99EF15F-6F11-48ED-8BE6-82C9AEA7D086}.XMLStatic Release Unicode|Win32.ActiveCfg = Release|Win32
		{E99EF15F-6F11-48ED-8BE6-82C9AEA7D086}.XMLStatic Release Unicode|Win32.Build.0 = Release|Win32
		{E99EF15F-6F11-48ED-8BE6-82C9AEA7D086}.XMLStatic Release|Win32.ActiveCfg = Release|Win32
		{E99EF15F-6F11-48ED-8BE6-82C9AEA7D086}.XMLStatic Release|Win32.Build.0 = Release|Win32
		{5EB5B279-0EE5-4EF8-98C1-8AA96A0244EB}.Debug - DLL|Win32.ActiveCfg = Debug|Win32
		{5EB5B279-0EE5-4EF8-98C1-8AA96A0244EB}.Debug - DLL|Win32.Build.0 = Debug|Win32
		{5EB5B279-0EE5-4EF8-98C1-8AA96A0244EB}.Debug - Static Lib|Win32.ActiveCfg = Debug|Win32
		{5EB5B279-0EE5-4EF8-98C1-8AA96A0244EB}.Debug - Static Lib|Win32.Build.0 = Debug|Win32
		{5EB5B279-0EE5-4EF8-98C1-8AA96A0244EB}.Debug Unicode|Win32.ActiveCfg = Debug|Win32
		{5EB5B279-0EE5-4EF8-98C1-8AA96A0244EB}.Debug Unicode|Win32.Build.0 = Debug|Win32
		{5EB5B279-0EE5-4EF8-98C1-8AA96A0244EB}.Debug|Win32.ActiveCfg = Debug|Win32
		{5EB5B279-0EE5-4EF8-98C1-8AA96A0244EB}.Debug|Win32.Build.0 = Debug|Win32
		{5EB5B279-0EE5-4EF8-98C1-8AA96A0244EB}.Release - DLL|Win32.ActiveCfg = Release|Win32
		{5EB5B279-0EE5-4EF8-98C1-8AA96A0244EB}.Release - DLL|Win32.Build.0 = Release|Win32
		{5EB5B279-0EE5-4EF8-98C1-8AA96A0244EB}.Release - Static Lib|Win32.ActiveCfg = Release|Win32
		{5EB5B279-0EE5-4EF8-98C1-8AA96A0244EB}.Release - Static Lib|Win32.Build.0 = Release|Win32
		{5EB5B279-0EE5-4EF8-98C1-8AA96A0244EB}.Release Unicode|Win32.ActiveCfg = Release|Win32
		{5EB5B279-0EE5-4EF8-98C1-8AA96A0244EB}.Release Unicode|Win32.Build.0 = Release|Win32
		{5EB5B279-0EE5-4EF8-98C1-8AA96A0244EB}.Release|Win32.ActiveCfg = Release|Win32
		{5EB5B279-0EE5-4EF8-98C1-8AA96A0244EB}.Release|Win32.Build.0 = Release|Win32
		{5EB5B279-0EE5-4EF8-98C1-8AA96A0244EB}.XMLStatic Debug Unicode|Win32.ActiveCfg = Debug|Win32
		{5EB5B279-0EE5-4EF8-98C1-8AA96A0244EB}.XMLStatic Debug Unicode|Win32.Build.0 = Debug|Win32
		{5EB5B279-0EE5-4EF8-98C1-8AA96A0244EB}.XMLStatic Debug|Win32.ActiveCfg = Debug|Win32
		{5EB5B279-0EE5-4EF8-98C1-8AA96A0244EB}.XMLStatic Debug|Win32.Build.0 = Debug|Win32
		{5EB5B279-0EE5-4EF8-98C1-8AA96A0244EB}.XMLStatic Release Unicode|Win32.ActiveCfg = Release|Win32
		{5EB5B279-0EE5-4EF8-98C1-8AA96A0244EB}.XMLStatic Release Unicode|Win32.Build.0 = Release|Win32
		{5EB5B279-0EE5-4EF8-98C1-8AA96A0244EB}.XMLStatic Release|Win32.ActiveCfg = Release|Win32
		{5EB5B279-0EE5-4EF8-98C1-8AA96A0244EB}.XMLStatic Release|Win32.Build.0 = Release|Win32
		{16D0F257-5757-41A3-B6ED-BFD7A8E664B7}.Debug - DLL|Win32.ActiveCfg = Debug|Win32
		{16D0F257-5757-41A3-B6ED-BFD7A8E664B7}.Debug - DLL|Win32.Build.0 = Debug|Win32
		{16D0F257-5757-41A3-B6ED-BFD7A8E664B7}.Debug - Static Lib|Win32.ActiveCfg = Debug|Win32
		{16D0F257-5757-41A3-B6ED-BFD7A8E664B7}.Debug - Static Lib|Win32.Build.0 = Debug|Win32
		{16D0F257-5757-41A3-B6ED-BFD7A8E664B7}.Debug Unicode|Win32.ActiveCfg = Debug|Win32
		{16D0F257-5757-41A3-B6ED-BFD7A8E664B7}.Debug Unicode|Win32.Build.0 = Debug|Win32
		{16D0F257-5757-41A3-B6ED-BFD7A8E664B7}.Debug|Win32.ActiveCfg = Debug|Win32
		{16D0F257-5757-41A3-B6ED-BFD7A8E664B7}.Debug|Win32.Build.0 = Debug|Win32
		{16D0F257-5757-41A3-B6ED-BFD7A8E664B7}.Release - DLL|Win32.ActiveCfg = Release|Win32
		{16D0F257-5757-41A3-B6ED-BFD7A8E664B7}.Release - DLL|Win32.Build.0 = Release|Win32
		{16D0F257-5757-41A3-B6ED-BFD7A8E664B7}.Release - Static Lib|Win32.ActiveCfg = Release|Win32
		{16D0F257-5757-41A3-B6ED-BFD7A8E664B7}.Release - Static Lib|Win32.Build.0 = Release|Win32
		{16D0F257-5757-41A3-B6ED-BFD7A8E664B7}.Release Unicode|Win32.ActiveCfg = Release|Win32
		{16D0F257-5757-41A3-B6ED-BFD7A8E664B7}.Release Unicode|Win32.Build.0 = Release|Win32
		{16D0F257-5757-41A3-B6ED-BFD7A8E664B7}.Release|Win32.ActiveCfg = Release|Win32
		{16D0F257-5757-41A3-B6ED-BFD7A8E664B7}.Release|Win32.Build.0 = Release|Win32
		{16D0F257-5757-41A3-B6ED-BFD7A8E664B7}.XMLStatic Debug Unicode|Win32.ActiveCfg = Debug|Win32
		{16D0F257-5757-41A3-B6ED-BFD7A8E664B7}.XMLStatic Debug Unicode|Win32.Build.0 = Debug|Win32
		{16D0F257-5757-41A3-B6ED-BFD7A8E664B7}.XMLStatic Debug|Win32.ActiveCfg = Debug|Win32
		{16D0F257-5757-41A3-B6ED-BFD7A8E664B7}.XMLStatic Debug|Win32.Build.0 = Debug|Win32
		{16D0F257-5757-41A3-B6ED-BFD7A8E664B7}.XMLStatic Release Unicode|Win32.ActiveCfg = Release|Win32
		{16D0F257-5757-41A3-B6ED-BFD7A8E664B7}.XMLStatic Release Unicode|Win32.Build.0 = Release|Win32
		{16D0F257-5757-41A3-B6ED-BFD7A8E664B7}.XMLStatic Release|Win32.ActiveCfg = Release|Win32
		{16D0F257-5757-41A3-B6ED-BFD7A8E664B7}.XMLStatic Release|Win32.Build.0 = Release|Win32
		{3E3771AC-141D-4AD4-98EC-43EFD2DD9081}.Debug - DLL|Win32.ActiveCfg = Debug|Win32
		{3E3771AC-141D-4AD4-98EC-43EFD2DD9081}.Debug - DLL|Win32.Build.0 = Debug|Win32
		{3E3771AC-141D-4AD4-98EC-43EFD2DD9081}.Debug - Static Lib|Win32.ActiveCfg = Debug|Win32
		{3E3771AC-141D-4AD4-98EC-43EFD2DD9081}.Debug - Static Lib|Win32.Build.0 = Debug|Win32
		{3E3771AC-141D-4AD4-98EC-43EFD2DD9081}.Debug Unicode|Win32.ActiveCfg = Debug|Win32
		{3E3771AC-141D-4AD4-98EC-43EFD2DD9081}.Debug Unicode|Win32.Build.0 = Debug|Win32
		{3E3771AC-141D-4AD4-98EC-43EFD2DD9081}.Debug|Win32.ActiveCfg = Debug|Win32
		{3E3771AC-141D-4AD4-98EC-43EFD2DD9081}.Debug|Win32.Build.0 = Debug|Win32
		{3E3771AC-141D-4AD4-98EC-43EFD2DD9081}.Release - DLL|Win32.ActiveCfg = Release|Win32
		{3E3771AC-141D-4AD4-98EC-43EFD2DD9081}.Release - DLL|Win32.Build.0 = Release|Win32
		{3E3771AC-141D-4AD4-98EC-43EFD2DD9081}.Release - Static Lib|Win32.ActiveCfg = Release|Win32
		{3E3771AC-141D-4AD4-98EC-43EFD2DD9081}.Release - Static Lib|Win32.Build.0 = Release|Win32
		{3E3771AC-141D-4AD4-98EC-43EFD2DD9081}.Release Unicode|Win32.ActiveCfg = Release|Win32
		{3E3771AC-141D-4AD4-98EC-43EFD2DD9081}.Release Unicode|Win32.Build.0 = Release|Win32
		{3E3771AC-141D-4AD4-98EC-43EFD2DD9081}.Release|Win32.ActiveCfg = Release|Win32
		{3E3771AC-141D-4AD4-98EC-43EFD2DD9081}.Release|Win32.Build.0 = Release|Win32
		{3E3771AC-141D-4AD4-98EC-43EFD2DD9081}.XMLStatic Debug Unicode|Win32.ActiveCfg = Debug|Win32
		{3E3771AC-141D-4AD4-98EC-43EFD2DD9081}.XMLStatic Debug Unicode|Win32.Build.0 = Debug|Win32
		{3E3771AC-141D-4AD4-98EC-43EFD2DD9081}.XMLStatic Debug|Win32.ActiveCfg = Debug|Win32
		{3E3771AC-141D-4AD4-98EC-43EFD2DD9081}.XMLStatic Debug|Win32.Build.0 = Debug|Win32
		{3E3771AC-141D-4AD4-98EC-43EFD2DD9081}.XMLStatic Release Unicode|Win32.ActiveCfg = Release|Win32
		{3E3771AC-141D-4AD4-98EC-43EFD2DD9081}.XMLStatic Release Unicode|Win32.Build.0 = Release|Win32
		{3E3771AC-141D-4AD4-98EC-43EFD2DD9081}.XMLStatic Release|Win32.ActiveCfg = Release|Win32
		{3E3771AC-141D-4AD4-98EC-43EFD2DD9081}.XMLStatic Release|Win32.Build.0 = Release|Win32
		{5704EABB-79E7-42F1-8541-0078C18F944B}.Debug - DLL|Win32.ActiveCfg = Debug|Win32
		{5704EABB-79E7-42F1-8541-0078C18F944B}.Debug - DLL|Win32.Build.0 = Debug|Win32
		{5704EABB-79E7-42F1-8541-0078C18F944B}.Debug - Static Lib|Win32.ActiveCfg = Debug|Win32
		{5704EABB-79E7-42F1-8541-0078C18F944B}.Debug - Static Lib|Win32.Build.0 = Debug|Win32
		{5704EABB-79E7-42F1-8541-0078C18F944B}.Debug Unicode|Win32.ActiveCfg = Debug|Win32
		{5704EABB-79E7-42F1-8541-0078C18F944B}.Debug Unicode|Win32.Build.0 = Debug|Win32
		{5704EABB-79E7-42F1-8541-0078C18F944B}.Debug|Win32.ActiveCfg = Debug|Win32
		{5704EABB-79E7-42F1-8541-0078C18F944B}.Debug|Win32.Build.0 = Debug|Win32
		{5704EABB-79E7-42F1-8541-0078C18F944B}.Release - DLL|Win32.ActiveCfg = Release|Win32
		{5704EABB-79E7-42F1-8541-0078C18F944B}.Release - DLL|Win32.Build.0 = Release|Win32
		{5704EABB-79E7-42F1-8541-0078C18F944B}.Release - Static Lib|Win32.ActiveCfg = Release|Win32
		{5704EABB-79E7-42F1-8541-0078C18F944B}.Release - Static Lib|Win32.Build.0 = Release|Win32
		{5704EABB-79E7-42F1-8541-0078C18F944B}.Release Unicode|Win32.ActiveCfg = Release|Win32
		{5704EABB-79E7-42F1-8541-0078C18F944B}.Release Unicode|Win32.Build.0 = Release|Win32
		{5704EABB-79E7-42F1-8541-0078C18F944B}.Release|Win32.ActiveCfg = Release|Win32
		{5704EABB-79E7-42F1-8541-0078C18F944B}.Release|Win32.Build.0 = Release|Win32
		{5704EABB-79E7-42F1-8541-0078C18F944B}.XMLStatic Debug Unicode|Win32.ActiveCfg = Debug|Win32
		{5704EABB-79E7-42F1-8541-0078C18F944B}.XMLStatic Debug Unicode|Win32.Build.0 = Debug|Win32
		{5704EABB-79E7-42F1-8541-0078C18F944B}.XMLStatic Debug|Win32.ActiveCfg = Debug|Win32
		{5704EABB-79E7-42F1-8541-0078C18F944B}.XMLStatic Debug|Win32.Build.0 = Debug|Win32
		{5704EABB-79E7-42F1-8541-0078C18F944B}.XMLStatic Release Unicode|Win32.ActiveCfg = Release|Win32
		{5704EABB-79E7-42F1-8541-0078C18F944B}.XMLStatic Release Unicode|Win32.Build.0 = Release|Win32
		{5704EABB-79E7-42F1-8541-0078C18F944B}.XMLStatic Release|Win32.ActiveCfg = Release|Win32
		{5704EABB-79E7-42F1-8541-0078C18F944B}.XMLStatic Release|Win32.Build.0 = Release|Win32
		{50D3CEC1-1937-448C-9996-E2251553E17D}.Debug - DLL|Win32.ActiveCfg = Debug Unicode|Win32
		{50D3CEC1-1937-448C-9996-E2251553E17D}.Debug - DLL|Win32.Build.0 = Debug Unicode|Win32
		{50D3CEC1-1937-448C-9996-E2251553E17D}.Debug - Static Lib|Win32.ActiveCfg = Debug Unicode|Win32
		{50D3CEC1-1937-448C-9996-E2251553E17D}.Debug - Static Lib|Win32.Build.0 = Debug Unicode|Win32
		{50D3CEC1-1937-448C-9996-E2251553E17D}.Debug Unicode|Win32.ActiveCfg = Debug Unicode|Win32
		{50D3CEC1-1937-448C-9996-E2251553E17D}.Debug Unicode|Win32.Build.0 = Debug Unicode|Win32
		{50D3CEC1-1937-448C-9996-E2251553E17D}.Debug|Win32.ActiveCfg = Debug|Win32
		{50D3CEC1-1937-448C-9996-E2251553E17D}.Debug|Win32.Build.0 = Debug|Win32
		{50D3CEC1-1937-448C-9996-E2251553E17D}.Release - DLL|Win32.ActiveCfg = Release Unicode|Win32
		{50D3CEC1-1937-448C-9996-E2251553E17D}.Release - DLL|Win32.Build.0 = Release Unicode|Win32
		{50D3CEC1-1937-448C-9996-E2251553E17D}.Release - Static Lib|Win32.ActiveCfg = Release Unicode|Win32
		{50D3CEC1-1937-448C-9996-E2251553E17D}.Release - Static Lib|Win32.Build.0 = Release Unicode|Win32
		{50D3CEC1-1937-448C-9996-E2251553E17D}.Release Unicode|Win32.ActiveCfg = Release Unicode|Win32
		{50D3CEC1-1937-448C-9996-E2251553E17D}.Release Unicode|Win32.Build.0 = Release Unicode|Win32
		{50D3CEC1-1937-448C-9996-E2251553E17D}.Release|Win32.ActiveCfg = Release|Win32
		{50D3CEC1-1937-448C-9996-E2251553E17D}.Release|Win32.Build.0 = Release|Win32
		{50D3CEC1-1937-448C-9996-E2251553E17D}.XMLStatic Debug Unicode|Win32.ActiveCfg = XMLStatic Debug Unicode|Win32
		{50D3CEC1-1937-448C-9996-E2251553E17D}.XMLStatic Debug Unicode|Win32.Build.0 = XMLStatic Debug Unicode|Win32
		{50D3CEC1-1937-448C-9996-E2251553E17D}.XMLStatic Debug|Win32.ActiveCfg = XMLStatic Debug|Win32
		{50D3CEC1-1937-448C-9996-E2251553E17D}.XMLStatic Debug|Win32.Build.0 = XMLStatic Debug|Win32
		{50D3CEC1-1937-448C-9996-E2251553E17D}.XMLStatic Release Unicode|Win32.ActiveCfg = XMLStatic Release Unicode|Win32
		{50D3CEC1-1937-448C-9996-E2251553E17D}.XMLStatic Release Unicode|Win32.Build.0 = XMLStatic Release Unicode|Win32
		{50D3CEC1-1937-448C-9996-E2251553E17D}.XMLStatic Release|Win32.ActiveCfg = XMLStatic Release|Win32
		{50D3CEC1-1937-448C-9996-E2251553E17D}.XMLStatic Release|Win32.Build.0 = XMLStatic Release|Win32
		{B0190DB4-4487-4401-8C30-72A8311B73F0}.Debug - DLL|Win32.ActiveCfg = Debug|Win32
		{B0190DB4-4487-4401-8C30-72A8311B73F0}.Debug - DLL|Win32.Build.0 = Debug|Win32
		{B0190DB4-4487-4401-8C30-72A8311B73F0}.Debug - Static Lib|Win32.ActiveCfg = Debug|Win32
		{B0190DB4-4487-4401-8C30-72A8311B73F0}.Debug - Static Lib|Win32.Build.0 = Debug|Win32
		{B0190DB4-4487-4401-8C30-72A8311B73F0}.Debug Unicode|Win32.ActiveCfg = Debug|Win32
		{B0190DB4-4487-4401-8C30-72A8311B73F0}.Debug Unicode|Win32.Build.0 = Debug|Win32
		{B0190DB4-4487-4401-8C30-72A8311B73F0}.Debug|Win32.ActiveCfg = Debug|Win32
		{B0190DB4-4487-4401-8C30-72A8311B73F0}.Debug|Win32.Build.0 = Debug|Win32
		{B0190DB4-4487-4401-8C30-72A8311B73F0}.Release - DLL|Win32.ActiveCfg = Release|Win32
		{B0190DB4-4487-4401-8C30-72A8311B73F0}.Release - DLL|Win32.Build.0 = Release|Win32
		{B0190DB4-4487-4401-8C30-72A8311B73F0}.Release - Static Lib|Win32.ActiveCfg = Release|Win32
		{B0190DB4-4487-4401-8C30-72A8311B73F0}.Release - Static Lib|Win32.Build.0 = Release|Win32
		{B0190DB4-4487-4401-8C30-72A8311B73F0}.Release Unicode|Win32.ActiveCfg = Release|Win32
		{B0190DB4-4487-4401-8C30-72A8311B73F0}.Release Unicode|Win32.Build.0 = Release|Win32
		{B0190DB4-4487-4401-8C30-72A8311B73F0}.Release|Win32.ActiveCfg = Release|Win32
		{B0190DB4-4487-4401-8C30-72A8311B73F0}.Release|Win32.Build.0 = Release|Win32
		{B0190DB4-4487-4401-8C30-72A8311B73F0}.XMLStatic Debug Unicode|Win32.ActiveCfg = Debug|Win32
		{B0190DB4-4487-4401-8C30-72A8311B73F0}.XMLStatic Debug Unicode|Win32.Build.0 = Debug|Win32
		{B0190DB4-4487-4401-8C30-72A8311B73F0}.XMLStatic Debug|Win32.ActiveCfg = Debug|Win32
		{B0190DB4-4487-4401-8C30-72A8311B73F0}.XMLStatic Debug|Win32.Build.0 = Debug|Win32
		{B0190DB4-4487-4401-8C30-72A8311B73F0}.XMLStatic Release Unicode|Win32.ActiveCfg = Release|Win32
		{B0190DB4-4487-4401-8C30-72A8311B73F0}.XMLStatic Release Unicode|Win32.Build.0 = Release|Win32
		{B0190DB4-4487-4401-8C30-72A8311B73F0}.XMLStatic Release|Win32.ActiveCfg = Release|Win32
		{B0190DB4-4487-4401-8C30-72A8311B73F0}.XMLStatic Release|Win32.Build.0 = Release|Win32
		{4E8D0A98-8DAD-410A-B5EF-E9DE10873A5A}.Debug - DLL|Win32.ActiveCfg = Debug|Win32
		{4E8D0A98-8DAD-410A-B5EF-E9DE10873A5A}.Debug - DLL|Win32.Build.0 = Debug|Win32
		{4E8D0A98-8DAD-410A-B5EF-E9DE10873A5A}.Debug - Static Lib|Win32.ActiveCfg = Debug|Win32
		{4E8D0A98-8DAD-410A-B5EF-E9DE10873A5A}.Debug - Static Lib|Win32.Build.0 = Debug|Win32
		{4E8D0A98-8DAD-410A-B5EF-E9DE10873A5A}.Debug Unicode|Win32.ActiveCfg = Debug|Win32
		{4E8D0A98-8DAD-410A-B5EF-E9DE10873A5A}.Debug Unicode|Win32.Build.0 = Debug|Win32
		{4E8D0A98-8DAD-410A-B5EF-E9DE10873A5A}.Debug|Win32.ActiveCfg = Debug|Win32
		{4E8D0A98-8DAD-410A-B5EF-E9DE10873A5A}.Debug|Win32.Build.0 = Debug|Win32
		{4E8D0A98-8DAD-410A-B5EF-E9DE10873A5A}.Release - DLL|Win32.ActiveCfg = Release|Win32
		{4E8D0A98-8DAD-410A-B5EF-E9DE10873A5A}.Release - DLL|Win32.Build.0 = Release|Win32
		{4E8D0A98-8DAD-410A-B5EF-E9DE10873A5A}.Release - Static Lib|Win32.ActiveCfg = Release|Win32
		{4E8D0A98-8DAD-410A-B5EF-E9DE10873A5A}.Release - Static Lib|Win32.Build.0 = Release|Win32
		{4E8D0A98-8DAD-410A-B5EF-E9DE10873A5A}.Release Unicode|Win32.ActiveCfg = Release|Win32
		{4E8D0A98-8DAD-410A-B5EF-E9DE10873A5A}.Release Unicode|Win32.Build.0 = Release|Win32
		{4E8D0A98-8DAD-410A-B5EF-E9DE10873A5A}.Release|Win32.ActiveCfg = Release|Win32
		{4E8D0A98-8DAD-410A-B5EF-E9DE10873A5A}.Release|Win32.Build.0 = Release|Win32
		{4E8D0A98-8DAD-410A-B5EF-E9DE10873A5A}.XMLStatic Debug Unicode|Win32.ActiveCfg = Debug|Win32
		{4E8D0A98-8DAD-410A-B5EF-E9DE10873A5A}.XMLStatic Debug Unicode|Win32.Build.0 = Debug|Win32
		{4E8D0A98-8DAD-410A-B5EF-E9DE10873A5A}.XMLStatic Debug|Win32.ActiveCfg = Debug|Win32
		{4E8D0A98-8DAD-410A-B5EF-E9DE10873A5A}.XMLStatic Debug|Win32.Build.0 = Debug|Win32
		{4E8D0A98-8DAD-410A-B5EF-E9DE10873A5A}.XMLStatic Release Unicode|Win32.ActiveCfg = Release|Win32
		{4E8D0A98-8DAD-410A-B5EF-E9DE10873A5A}.XMLStatic Release Unicode|Win32.Build.0 = Release|Win32
		{4E8D0A98-8DAD-410A-B5EF-E9DE10873A5A}.XMLStatic Release|Win32.ActiveCfg = Release|Win32
		{4E8D0A98-8DAD-410A-B5EF-E9DE10873A5A}.XMLStatic Release|Win32.Build.0 = Release|Win32
		{9D9ED868-9913-4029-8092-536215D3369D}.Debug - DLL|Win32.ActiveCfg = Debug|Win32
		{9D9ED868-9913-4029-8092-536215D3369D}.Debug - DLL|Win32.Build.0 = Debug|Win32
		{9D9ED868-9913-4029-8092-536215D3369D}.Debug - Static Lib|Win32.ActiveCfg = Debug|Win32
		{9D9ED868-9913-4029-8092-536215D3369D}.Debug - Static Lib|Win32.Build.0 = Debug|Win32
		{9D9ED868-9913-4029-8092-536215D3369D}.Debug Unicode|Win32.ActiveCfg = Debug|Win32
		{9D9ED868-9913-4029-8092-536215D3369D}.Debug Unicode|Win32.Build.0 = Debug|Win32
		{9D9ED868-9913-4029-8092-536215D3369D}.Debug|Win32.ActiveCfg = Debug|Win32
		{9D9ED868-9913-4029-8092-536215D3369D}.Debug|Win32.Build.0 = Debug|Win32
		{9D9ED868-9913-4029-8092-536215D3369D}.Release - DLL|Win32.ActiveCfg = Release|Win32
		{9D9ED868-9913-4029-8092-536215D3369D}.Release - DLL|Win32.Build.0 = Release|Win32
		{9D9ED868-9913-4029-8092-536215D3369D}.Release - Static Lib|Win32.ActiveCfg = Release|Win32
		{9D9ED868-9913-4029-8092-536215D3369D}.Release - Static Lib|Win32.Build.0 = Release|Win32
		{9D9ED868-9913-4029-8092-536215D3369D}.Release Unicode|Win32.ActiveCfg = Release|Win32
		{9D9ED868-9913-4029-8092-536215D3369D}.Release Unicode|Win32.Build.0 = Release|Win32
		{9D9ED868-9913-4029-8092-536215D3369D}.Release|Win32.ActiveCfg = Release|Win32
		{9D9ED868-9913-4029-8092-536215D3369D}.Release|Win32.Build.0 = Release|Win32
		{9D9ED868-9913-4029-8092-536215D3369D}.XMLStatic Debug Unicode|Win32.ActiveCfg = Debug|Win32
		{9D9ED868-9913-4029-8092-536215D3369D}.XMLStatic Debug Unicode|Win32.Build.0 = Debug|Win32
		{9D9ED868-9913-4029-8092-536215D3369D}.XMLStatic Debug|Win32.ActiveCfg = Debug|Win32
		{9D9ED868-9913-4029-8092-536215D3369D}.XMLStatic Debug|Win32.Build.0 = Debug|Win32
		{9D9ED868-9913-4029-8092-536215D3369D}.XMLStatic Release Unicode|Win32.ActiveCfg = Release|Win32
		{9D9ED868-9913-4029-8092-536215D3369D}.XMLStatic Release Unicode|Win32.Build.0 = Release|Win32
		{9D9ED868-9913-4029-8092-536215D3369D}.XMLStatic Release|Win32.ActiveCfg = Release|Win32
		{9D9ED868-9913-4029-8092-536215D3369D}.XMLStatic Release|Win32.Build.0 = Release|Win32
		{E12301F4-C454-430C-8CBA-7531CF2E1CF5}.Debug - DLL|Win32.ActiveCfg = Debug|Win32
		{E12301F4-C454-430C-8CBA-7531CF2E1CF5}.Debug - DLL|Win32.Build.0 = Debug|Win32
		{E12301F4-C454-430C-8CBA-7531CF2E1CF5}.Debug - Static Lib|Win32.ActiveCfg = Debug|Win32
		{E12301F4-C454-430C-8CBA-7531CF2E1CF5}.Debug - Static Lib|Win32.Build.0 = Debug|Win32
		{E12301F4-C454-430C-8CBA-7531CF2E1CF5}.Debug Unicode|Win32.ActiveCfg = Debug|Win32
		{E12301F4-C454-430C-8CBA-7531CF2E1CF5}.Debug Unicode|Win32.Build.0 = Debug|Win32
		{E12301F4-C454-430C-8CBA-7531CF2E1CF5}.Debug|Win32.ActiveCfg = Debug|Win32
		{E12301F4-C454-430C-8CBA-7531CF2E1CF5}.Debug|Win32.Build.0 = Debug|Win32
		{E12301F4-C454-430C-8CBA-7531CF2E1CF5}.Release - DLL|Win32.ActiveCfg = Release|Win32
		{E12301F4-C454-430C-8CBA-7531CF2E1CF5}.Release - DLL|Win32.Build.0 = Release|Win32
		{E12301F4-C454-430C-8CBA-7531CF2E1CF5}.Release - Static Lib|Win32.ActiveCfg = Release|Win32
		{E12301F4-C454-430C-8CBA-7531CF2E1CF5}.Release - Static Lib|Win32.Build.0 = Release|Win32
		{E12301F4-C454-430C-8CBA-7531CF2E1CF5}.Release Unicode|Win32.ActiveCfg = Release|Win32
		{E12301F4-C454-430C-8CBA-7531CF2E1CF5}.Release Unicode|Win32.Build.0 = Release|Win32
		{E12301F4-C454-430C-8CBA-7531CF2E1CF5}.Release|Win32.ActiveCfg = Release|Win32
		{E12301F4-C454-430C-8CBA-7531CF2E1CF5}.Release|Win32.Build.0 = Release|Win32
		{E12301F4-C454-430C-8CBA-7531CF2E1CF5}.XMLStatic Debug Unicode|Win32.ActiveCfg = Debug|Win32
		{E12301F4-C454-430C-8CBA-7531CF2E1CF5}.XMLStatic Debug Unicode|Win32.Build.0 = Debug|Win32
		{E12301F4-C454-430C-8CBA-7531CF2E1CF5}.XMLStatic Debug|Win32.ActiveCfg = Debug|Win32
		{E12301F4-C454-430C-8CBA-7531CF2E1CF5}.XMLStatic Debug|Win32.Build.0 = Debug|Win32
		{E12301F4-C454-430C-8CBA-7531CF2E1CF5}.XMLStatic Release Unicode|Win32.ActiveCfg = Release|Win32
		{E12301F4-C454-430C-8CBA-7531CF2E1CF5}.XMLStatic Release Unicode|Win32.Build.0 = Release|Win32
		{E12301F4-C454-430C-8CBA-7531CF2E1CF5}.XMLStatic Release|Win32.ActiveCfg = Release|Win32
		{E12301F4-C454-430C-8CBA-7531CF2E1CF5}.XMLStatic Release|Win32.Build.0 = Release|Win32
		{A7C9E7D1-95F0-429C-BFDE-D335665A7628}.Debug - DLL|Win32.ActiveCfg = Debug|Win32
		{A7C9E7D1-95F0-429C-BFDE-D335665A7628}.Debug - DLL|Win32.Build.0 = Debug|Win32
		{A7C9E7D1-95F0-429C-BFDE-D335665A7628}.Debug - Static Lib|Win32.ActiveCfg = Debug|Win32
		{A7C9E7D1-95F0-429C-BFDE-D335665A7628}.Debug - Static Lib|Win32.Build.0 = Debug|Win32
		{A7C9E7D1-95F0-429C-BFDE-D335665A7628}.Debug Unicode|Win32.ActiveCfg = Debug|Win32
		{A7C9E7D1-95F0-429C-BFDE-D335665A7628}.Debug Unicode|Win32.Build.0 = Debug|Win32
		{A7C9E7D1-95F0-429C-BFDE-D335665A7628}.Debug|Win32.ActiveCfg = Debug|Win32
		{A7C9E7D1-95F0-429C-BFDE-D335665A7628}.Debug|Win32.Build.0 = Debug|Win32
		{A7C9E7D1-95F0-429C-BFDE-D335665A7628}.Release - DLL|Win32.ActiveCfg = Release|Win32
		{A7C9E7D1-95F0-429C-BFDE-D335665A7628}.Release - DLL|Win32.Build.0 = Release|Win32
		{A7C9E7D1-95F0-429C-BFDE-D335665A7628}.Release - Static Lib|Win32.ActiveCfg = Release|Win32
		{A7C9E7D1-95F0-429C-BFDE-D335665A7628}.Release - Static Lib|Win32.Build.0 = Release|Win32
		{A7C9E7D1-95F0-429C-BFDE-D335665A7628}.Release Unicode|Win32.ActiveCfg = Release|Win32
		{A7C9E7D1-95F0-429C-BFDE-D335665A7628}.Release Unicode|Win32.Build.0 = Release|Win32
		{A7C9E7D1-95F0-429C-BFDE-D335665A7628}.Release|Win32.ActiveCfg = Release|Win32
		{A7C9E7D1-95F0-429C-BFDE-D335665A7628}.Release|Win32.Build.0 = Release|Win32
		{A7C9E7D1-95F0-429C-BFDE-D335665A7628}.XMLStatic Debug Unicode|Win32.ActiveCfg = Debug|Win32
		{A7C9E7D1-95F0-429C-BFDE-D335665A7628}.XMLStatic Debug Unicode|Win32.Build.0 = Debug|Win32
		{A7C9E7D1-95F0-429C-BFDE-D335665A7628}.XMLStatic Debug|Win32.ActiveCfg = Debug|Win32
		{A7C9E7D1-95F0-429C-BFDE-D335665A7628}.XMLStatic Debug|Win32.Build.0 = Debug|Win32
		{A7C9E7D1-95F0-429C-BFDE-D335665A7628}.XMLStatic Release Unicode|Win32.ActiveCfg = Release|Win32
		{A7C9E7D1-95F0-429C-BFDE-D335665A7628}.XMLStatic Release Unicode|Win32.Build.0 = Release|Win32
		{A7C9E7D1-95F0-429C-BFDE-D335665A7628}.XMLStatic Release|Win32.ActiveCfg = Release|Win32
		{A7C9E7D1-95F0-429C-BFDE-D335665A7628}.XMLStatic Release|Win32.Build.0 = Release|Win32
		{1519180C-921C-4904-9373-75339F13B00D}.Debug - DLL|Win32.ActiveCfg = Debug|Win32
		{1519180C-921C-4904-9373-75339F13B00D}.Debug - DLL|Win32.Build.0 = Debug|Win32
		{1519180C-921C-4904-9373-75339F13B00D}.Debug - Static Lib|Win32.ActiveCfg = Debug|Win32
		{1519180C-921C-4904-9373-75339F13B00D}.Debug - Static Lib|Win32.Build.0 = Debug|Win32
		{1519180C-921C-4904-9373-75339F13B00D}.Debug Unicode|Win32.ActiveCfg = Debug|Win32
		{1519180C-921C-4904-9373-75339F13B00D}.Debug Unicode|Win32.Build.0 = Debug|Win32
		{1519180C-921C-4904-9373-75339F13B00D}.Debug|Win32.ActiveCfg = Debug|Win32
		{1519180C-921C-4904-9373-75339F13B00D}.Debug|Win32.Build.0 = Debug|Win32
		{1519180C-921C-4904-9373-75339F13B00D}.Release - DLL|Win32.ActiveCfg = Release|Win32
		{1519180C-921C-4904-9373-75339F13B00D}.Release - DLL|Win32.Build.0 = Release|Win32
		{1519180C-921C-4904-9373-75339F13B00D}.Release - Static Lib|Win32.ActiveCfg = Release|Win32
		{1519180C-921C-4904-9373-75339F13B00D}.Release - Static Lib|Win32.Build.0 = Release|Win32
		{1519180C-921C-4904-9373-75339F13B00D}.Release Unicode|Win32.ActiveCfg = Release|Win32
		{1519180C-921C-4904-9373-75339F13B00D}.Release Unicode|Win32.Build.0 = Release|Win32
		{1519180C-921C-4904-9373-75339F13B00D}.Release|Win32.ActiveCfg = Release|Win32
		{1519180C-921C-4904-9373-75339F13B00D}.Release|Win32.Build.0 = Release|Win32
		{1519180C-921C-4904-9373-75339F13B00D}.XMLStatic Debug Unicode|Win32.ActiveCfg = Debug|Win32
		{1519180C-921C-4904-9373-75339F13B00D}.XMLStatic Debug Unicode|Win32.Build.0 = Debug|Win32
		{1519180C-921C-4904-9373-75339F13B00D}.XMLStatic Debug|Win32.ActiveCfg = Debug|Win32
		{1519180C-921C-4904-9373-75339F13B00D}.XMLStatic Debug|Win32.Build.0 = Debug|Win32
		{1519180C-921C-4904-9373-75339F13B00D}.XMLStatic Release Unicode|Win32.ActiveCfg = Release|Win32
		{1519180C-921C-4904-9373-75339F13B00D}.XMLStatic Release Unicode|Win32.Build.0 = Release|Win32
		{1519180C-921C-4904-9373-75339F13B00D}.XMLStatic Release|Win32.ActiveCfg = Release|Win32
		{1519180C-921C-4904-9373-75339F13B00D}.XMLStatic Release|Win32.Build.0 = Release|Win32
		{462FB646-5FF7-401F-83DD-AA6F4513B86C}.Debug - DLL|Win32.ActiveCfg = Debug|Win32
		{462FB646-5FF7-401F-83DD-AA6F4513B86C}.Debug - DLL|Win32.Build.0 = Debug|Win32
		{462FB646-5FF7-401F-83DD-AA6F4513B86C}.Debug - Static Lib|Win32.ActiveCfg = Debug|Win32
		{462FB646-5FF7-401F-83DD-AA6F4513B86C}.Debug - Static Lib|Win32.Build.0 = Debug|Win32
		{462FB646-5FF7-401F-83DD-AA6F4513B86C}.Debug Unicode|Win32.ActiveCfg = Debug|Win32
		{462FB646-5FF7-401F-83DD-AA6F4513B86C}.Debug Unicode|Win32.Build.0 = Debug|Win32
		{462FB646-5FF7-401F-83DD-AA6F4513B86C}.Debug|Win32.ActiveCfg = Debug|Win32
		{462FB646-5FF7-401F-83DD-AA6F4513B86C}.Debug|Win32.Build.0 = Debug|Win32
		{462FB646-5FF7-401F-83DD-AA6F4513B86C}.Release - DLL|Win32.ActiveCfg = Release|Win32
		{462FB646-5FF7-401F-83DD-AA6F4513B86C}.Release - DLL|Win32.Build.0 = Release|Win32
		{462FB646-5FF7-401F-83DD-AA6F4513B86C}.Release - Static Lib|Win32.ActiveCfg = Release|Win32
		{462FB646-5FF7-401F-83DD-AA6F4513B86C}.Release - Static Lib|Win32.Build.0 = Release|Win32
		{462FB646-5FF7-401F-83DD-AA6F4513B86C}.Release Unicode|Win32.ActiveCfg = Release|Win32
		{462FB646-5FF7-401F-83DD-AA6F4513B86C}.Release Unicode|Win32.Build.0 = Release|Win32
		{462FB646-5FF7-401F-83DD-AA6F4513B86C}.Release|Win32.ActiveCfg = Release|Win32
		{462FB646-5FF7-401F-83DD-AA6F4513B86C}.Release|Win32.Build.0 = Release|Win32
		{462FB646-5FF7-401F-83DD-AA6F4513B86C}.XMLStatic Debug Unicode|Win32.ActiveCfg = Debug|Win32
		{462FB646-5FF7-401F-83DD-AA6F4513B86C}.XMLStatic Debug Unicode|Win32.Build.0 = Debug|Win32
		{462FB646-5FF7-401F-83DD-AA6F4513B86C}.XMLStatic Debug|Win32.ActiveCfg = Debug|Win32
		{462FB646-5FF7-401F-83DD-AA6F4513B86C}.XMLStatic Debug|Win32.Build.0 = Debug|Win32
		{462FB646-5FF7-401F-83DD-AA6F4513B86C}.XMLStatic Release Unicode|Win32.ActiveCfg = Release|Win32
		{462FB646-5FF7-401F-83DD-AA6F4513B86C}.XMLStatic Release Unicode|Win32.Build.0 = Release|Win32
		{462FB646-5FF7-401F-83DD-AA6F4513B86C}.XMLStatic Release|Win32.ActiveCfg = Release|Win32
		{462FB646-5FF7-401F-83DD-AA6F4513B86C}.XMLStatic Release|Win32.Build.0 = Release|Win32
		{16E00531-9598-4F3C-92C3-3B712BA84B9A}.Debug - DLL|Win32.ActiveCfg = Debug|Win32
		{16E00531-9598-4F3C-92C3-3B712BA84B9A}.Debug - DLL|Win32.Build.0 = Debug|Win32
		{16E00531-9598-4F3C-92C3-3B712BA84B9A}.Debug - Static Lib|Win32.ActiveCfg = Debug|Win32
		{16E00531-9598-4F3C-92C3-3B712BA84B9A}.Debug - Static Lib|Win32.Build.0 = Debug|Win32
		{16E00531-9598-4F3C-92C3-3B712BA84B9A}.Debug Unicode|Win32.ActiveCfg = Debug|Win32
		{16E00531-9598-4F3C-92C3-3B712BA84B9A}.Debug Unicode|Win32.Build.0 = Debug|Win32
		{16E00531-9598-4F3C-92C3-3B712BA84B9A}.Debug|Win32.ActiveCfg = Debug|Win32
		{16E00531-9598-4F3C-92C3-3B712BA84B9A}.Debug|Win32.Build.0 = Debug|Win32
		{16E00531-9598-4F3C-92C3-3B712BA84B9A}.Release - DLL|Win32.ActiveCfg = Release|Win32
		{16E00531-9598-4F3C-92C3-3B712BA84B9A}.Release - DLL|Win32.Build.0 = Release|Win32
		{16E00531-9598-4F3C-92C3-3B712BA84B9A}.Release - Static Lib|Win32.ActiveCfg = Release|Win32
		{16E00531-9598-4F3C-92C3-3B712BA84B9A}.Release - Static Lib|Win32.Build.0 = Release|Win32
		{16E00531-9598-4F3C-92C3-3B712BA84B9A}.Release Unicode|Win32.ActiveCfg = Release|Win32
		{16E00531-9598-4F3C-92C3-3B712BA84B9A}.Release Unicode|Win32.Build.0 = Release|Win32
		{16E00531-9598-4F3C-92C3-3B712BA84B9A}.Release|Win32.ActiveCfg = Release|Win32
		{16E00531-9598-4F3C-92C3-3B712BA84B9A}.Release|Win32.Build.0 = Release|Win32
		{16E00531-9598-4F3C-92C3-3B712BA84B9A}.XMLStatic Debug Unicode|Win32.ActiveCfg = Debug|Win32
		{16E00531-9598-4F3C-92C3-3B712BA84B9A}.XMLStatic Debug Unicode|Win32.Build.0 = Debug|Win32
		{16E00531-9598-4F3C-92C3-3B712BA84B9A}.XMLStatic Debug|Win32.ActiveCfg = Debug|Win32
		{16E00531-9598-4F3C-92C3-3B712BA84B9A}.XMLStatic Debug|Win32.Build.0 = Debug|Win32
		{16E00531-9598-4F3C-92C3-3B712BA84B9A}.XMLStatic Release Unicode|Win32.ActiveCfg = Release|Win32
		{16E00531-9598-4F3C-92C3-3B712BA84B9A}.XMLStatic Release Unicode|Win32.Build.0 = Release|Win32
		{16E00531-9598-4F3C-92C3-3B712BA84B9A}.XMLStatic Release|Win32.ActiveCfg = Release|Win32
		{16E00531-9598-4F3C-92C3-3B712BA84B9A}.XMLStatic Release|Win32.Build.0 = Release|Win32
		{6743A7BB-5928-4AD7-8961-2049A10E5B8C}.Debug - DLL|Win32.ActiveCfg = Debug|Win32
		{6743A7BB-5928-4AD7-8961-2049A10E5B8C}.Debug - DLL|Win32.Build.0 = Debug|Win32
		{6743A7BB-5928-4AD7-8961-2049A10E5B8C}.Debug - Static Lib|Win32.ActiveCfg = Debug|Win32
		{6743A7BB-5928-4AD7-8961-2049A10E5B8C}.Debug - Static Lib|Win32.Build.0 = Debug|Win32
		{6743A7BB-5928-4AD7-8961-2049A10E5B8C}.Debug Unicode|Win32.ActiveCfg = Debug|Win32
		{6743A7BB-5928-4AD7-8961-2049A10E5B8C}.Debug Unicode|Win32.Build.0 = Debug|Win32
		{6743A7BB-5928-4AD7-8961-2049A10E5B8C}.Debug|Win32.ActiveCfg = Debug|Win32
		{6743A7BB-5928-4AD7-8961-2049A10E5B8C}.Debug|Win32.Build.0 = Debug|Win32
		{6743A7BB-5928-4AD7-8961-2049A10E5B8C}.Release - DLL|Win32.ActiveCfg = Release|Win32
		{6743A7BB-5928-4AD7-8961-2049A10E5B8C}.Release - DLL|Win32.Build.0 = Release|Win32
		{6743A7BB-5928-4AD7-8961-2049A10E5B8C}.Release - Static Lib|Win32.ActiveCfg = Release|Win32
		{6743A7BB-5928-4AD7-8961-2049A10E5B8C}.Release - Static Lib|Win32.Build.0 = Release|Win32
		{6743A7BB-5928-4AD7-8961-2049A10E5B8C}.Release Unicode|Win32.ActiveCfg = Release|Win32
		{6743A7BB-5928-4AD7-8961-2049A10E5B8C}.Release Unicode|Win32.Build.0 = Release|Win32
		{6743A7BB-5928-4AD7-8961-2049A10E5B8C}.Release|Win32.ActiveCfg = Release|Win32
		{6743A7BB-5928-4AD7-8961-2049A10E5B8C}.Release|Win32.Build.0 = Release|Win32
		{6743A7BB-5928-4AD7-8961-2049A10E5B8C}.XMLStatic Debug Unicode|Win32.ActiveCfg = Debug|Win32
		{6743A7BB-5928-4AD7-8961-2049A10E5B8C}.XMLStatic Debug Unicode|Win32.Build.0 = Debug|Win32
		{6743A7BB-5928-4AD7-8961-2049A10E5B8C}.XMLStatic Debug|Win32.ActiveCfg = Debug|Win32
		{6743A7BB-5928-4AD7-8961-2049A10E5B8C}.XMLStatic Debug|Win32.Build.0 = Debug|Win32
		{6743A7BB-5928-4AD7-8961-2049A10E5B8C}.XMLStatic Release Unicode|Win32.ActiveCfg = Release|Win32
		{6743A7BB-5928-4AD7-8961-2049A10E5B8C}.XMLStatic Release Unicode|Win32.Build.0 = Release|Win32
		{6743A7BB-5928-4AD7-8961-2049A10E5B8C}.XMLStatic Release|Win32.ActiveCfg = Release|Win32
		{6743A7BB-5928-4AD7-8961-2049A10E5B8C}.XMLStatic Release|Win32.Build.0 = Release|Win32
		{D662BA73-DC92-411C-8344-FC0EE1714AF4}.Debug - DLL|Win32.ActiveCfg = Debug|Win32
		{D662BA73-DC92-411C-8344-FC0EE1714AF4}.Debug - DLL|Win32.Build.0 = Debug|Win32
		{D662BA73-DC92-411C-8344-FC0EE1714AF4}.Debug - Static Lib|Win32.ActiveCfg = Debug|Win32
		{D662BA73-DC92-411C-8344-FC0EE1714AF4}.Debug - Static Lib|Win32.Build.0 = Debug|Win32
		{D662BA73-DC92-411C-8344-FC0EE1714AF4}.Debug Unicode|Win32.ActiveCfg = Debug|Win32
		{D662BA73-DC92-411C-8344-FC0EE1714AF4}.Debug Unicode|Win32.Build.0 = Debug|Win32
		{D662BA73-DC92-411C-8344-FC0EE1714AF4}.Debug|Win32.ActiveCfg = Debug|Win32
		{D662BA73-DC92-411C-8344-FC0EE1714AF4}.Debug|Win32.Build.0 = Debug|Win32
		{D662BA73-DC92-411C-8344-FC0EE1714AF4}.Release - DLL|Win32.ActiveCfg = Release|Win32
		{D662BA73-DC92-411C-8344-FC0EE1714AF4}.Release - DLL|Win32.Build.0 = Release|Win32
		{D662BA73-DC92-411C-8344-FC0EE1714AF4}.Release - Static Lib|Win32.ActiveCfg = Release|Win32
		{D662BA73-DC92-411C-8344-FC0EE1714AF4}.Release - Static Lib|Win32.Build.0 = Release|Win32
		{D662BA73-DC92-411C-8344-FC0EE1714AF4}.Release Unicode|Win32.ActiveCfg = Release|Win32
		{D662BA73-DC92-411C-8344-FC0EE1714AF4}.Release Unicode|Win32.Build.0 = Release|Win32
		{D662BA73-DC92-411C-8344-FC0EE1714AF4}.Release|Win32.ActiveCfg = Release|Win32
		{D662BA73-DC92-411C-8344-FC0EE1714AF4}.Release|Win32.Build.0 = Release|Win32
		{D662BA73-DC92-411C-8344-FC0EE1714AF4}.XMLStatic Debug Unicode|Win32.ActiveCfg = Debug|Win32
		{D662BA73-DC92-411C-8344-FC0EE1714AF4}.XMLStatic Debug Unicode|Win32.Build.0 = Debug|Win32
		{D662BA73-DC92-411C-8344-FC0EE1714AF4}.XMLStatic Debug|Win32.ActiveCfg = Debug|Win32
		{D662BA73-DC92-411C-8344-FC0EE1714AF4}.XMLStatic Debug|Win32.Build.0 = Debug|Win32
		{D662BA73-DC92-411C-8344-FC0EE1714AF4}.XMLStatic Release Unicode|Win32.ActiveCfg = Release|Win32
		{D662BA73-DC92-411C-8344-FC0EE1714AF4}.XMLStatic Release Unicode|Win32.Build.0 = Release|Win32
		{D662BA73-DC92-411C-8344-FC0EE1714AF4}.XMLStatic Release|Win32.ActiveCfg = Release|Win32
		{D662BA73-DC92-411C-8344-FC0EE1714AF4}.XMLStatic Release|Win32.Build.0 = Release|Win32
		{E49A5ADE-7023-41F2-9CC2-7022382615BF}.Debug - DLL|Win32.ActiveCfg = Debug|Win32
		{E49A5ADE-7023-41F2-9CC2-7022382615BF}.Debug - DLL|Win32.Build.0 = Debug|Win32
		{E49A5ADE-7023-41F2-9CC2-7022382615BF}.Debug - Static Lib|Win32.ActiveCfg = Debug|Win32
		{E49A5ADE-7023-41F2-9CC2-7022382615BF}.Debug - Static Lib|Win32.Build.0 = Debug|Win32
		{E49A5ADE-7023-41F2-9CC2-7022382615BF}.Debug Unicode|Win32.ActiveCfg = Debug|Win32
		{E49A5ADE-7023-41F2-9CC2-7022382615BF}.Debug Unicode|Win32.Build.0 = Debug|Win32
		{E49A5ADE-7023-41F2-9CC2-7022382615BF}.Debug|Win32.ActiveCfg = Debug|Win32
		{E49A5ADE-7023-41F2-9CC2-7022382615BF}.Debug|Win32.Build.0 = Debug|Win32
		{E49A5ADE-7023-41F2-9CC2-7022382615BF}.Release - DLL|Win32.ActiveCfg = Release|Win32
		{E49A5ADE-7023-41F2-9CC2-7022382615BF}.Release - DLL|Win32.Build.0 = Release|Win32
		{E49A5ADE-7023-41F2-9CC2-7022382615BF}.Release - Static Lib|Win32.ActiveCfg = Release|Win32
		{E49A5ADE-7023-41F2-9CC2-7022382615BF}.Release - Static Lib|Win32.Build.0 = Release|Win32
		{E49A5ADE-7023-41F2-9CC2-7022382615BF}.Release Unicode|Win32.ActiveCfg = Release|Win32
		{E49A5ADE-7023-41F2-9CC2-7022382615BF}.Release Unicode|Win32.Build.0 = Release|Win32
		{E49A5ADE-7023-41F2-9CC2-7022382615BF}.Release|Win32.ActiveCfg = Release|Win32
		{E49A5ADE-7023-41F2-9CC2-7022382615BF}.Release|Win32.Build.0 = Release|Win32
		{E49A5ADE-7023-41F2-9CC2-7022382615BF}.XMLStatic Debug Unicode|Win32.ActiveCfg = Debug|Win32
		{E49A5ADE-7023-41F2-9CC2-7022382615BF}.XMLStatic Debug Unicode|Win32.Build.0 = Debug|Win32
		{E49A5ADE-7023-41F2-9CC2-7022382615BF}.XMLStatic Debug|Win32.ActiveCfg = Debug|Win32
		{E49A5ADE-7023-41F2-9CC2-7022382615BF}.XMLStatic Debug|Win32.Build.0 = Debug|Win32
		{E49A5ADE-7023-41F2-9CC2-7022382615BF}.XMLStatic Release Unicode|Win32.ActiveCfg = Release|Win32
		{E49A5ADE-7023-41F2-9CC2-7022382615BF}.XMLStatic Release Unicode|Win32.Build.0 = Release|Win32
		{E49A5ADE-7023-41F2-9CC2-7022382615BF}.XMLStatic Release|Win32.ActiveCfg = Release|Win32
		{E49A5ADE-7023-41F2-9CC2-7022382615BF}.XMLStatic Release|Win32.Build.0 = Release|Win32
		{7811AC6F-8DA7-442C-9EBF-13CF4A8D1120}.Debug - DLL|Win32.ActiveCfg = Debug|Win32
		{7811AC6F-8DA7-442C-9EBF-13CF4A8D1120}.Debug - DLL|Win32.Build.0 = Debug|Win32
		{7811AC6F-8DA7-442C-9EBF-13CF4A8D1120}.Debug - Static Lib|Win32.ActiveCfg = Debug|Win32
		{7811AC6F-8DA7-442C-9EBF-13CF4A8D1120}.Debug - Static Lib|Win32.Build.0 = Debug|Win32
		{7811AC6F-8DA7-442C-9EBF-13CF4A8D1120}.Debug Unicode|Win32.ActiveCfg = Debug|Win32
		{7811AC6F-8DA7-442C-9EBF-13CF4A8D1120}.Debug Unicode|Win32.Build.0 = Debug|Win32
		{7811AC6F-8DA7-442C-9EBF-13CF4A8D1120}.Debug|Win32.ActiveCfg = Debug|Win32
		{7811AC6F-8DA7-442C-9EBF-13CF4A8D1120}.Debug|Win32.Build.0 = Debug|Win32
		{7811AC6F-8DA7-442C-9EBF-13CF4A8D1120}.Release - DLL|Win32.ActiveCfg = Release|Win32
		{7811AC6F-8DA7-442C-9EBF-13CF4A8D1120}.Release - DLL|Win32.Build.0 = Release|Win32
		{7811AC6F-8DA7-442C-9EBF-13CF4A8D1120}.Release - Static Lib|Win32.ActiveCfg = Release|Win32
		{7811AC6F-8DA7-442C-9EBF-13CF4A8D1120}.Release - Static Lib|Win32.Build.0 = Release|Win32
		{7811AC6F-8DA7-442C-9EBF-13CF4A8D1120}.Release Unicode|Win32.ActiveCfg = Release|Win32
		{7811AC6F-8DA7-442C-9EBF-13CF4A8D1120}.Release Unicode|Win32.Build.0 = Release|Win32
		{7811AC6F-8DA7-442C-9EBF-13CF4A8D1120}.Release|Win32.ActiveCfg = Release|Win32
		{7811AC6F-8DA7-442C-9EBF-13CF4A8D1120}.Release|Win32.Build.0 = Release|Win32
		{7811AC6F-8DA7-442C-9EBF-13CF4A8D1120}.XMLStatic Debug Unicode|Win32.ActiveCfg = Debug|Win32
		{7811AC6F-8DA7-442C-9EBF-13CF4A8D1120}.XMLStatic Debug Unicode|Win32.Build.0 = Debug|Win32
		{7811AC6F-8DA7-442C-9EBF-13CF4A8D1120}.XMLStatic Debug|Win32.ActiveCfg = Debug|Win32
		{7811AC6F-8DA7-442C-9EBF-13CF4A8D1120}.XMLStatic Debug|Win32.Build.0 = Debug|Win32
		{7811AC6F-8DA7-442C-9EBF-13CF4A8D1120}.XMLStatic Release Unicode|Win32.ActiveCfg = Release|Win32
		{7811AC6F-8DA7-442C-9EBF-13CF4A8D1120}.XMLStatic Release Unicode|Win32.Build.0 = Release|Win32
		{7811AC6F-8DA7-442C-9EBF-13CF4A8D1120}.XMLStatic Release|Win32.ActiveCfg = Release|Win32
		{7811AC6F-8DA7-442C-9EBF-13CF4A8D1120}.XMLStatic Release|Win32.Build.0 = Release|Win32
		{E88E5D8B-FAA8-41FA-B0A5-77C924300C0E}.Debug - DLL|Win32.ActiveCfg = Debug - DLL|Win32
		{E88E5D8B-FAA8-41FA-B0A5-77C924300C0E}.Debug - DLL|Win32.Build.0 = Debug - DLL|Win32
		{E88E5D8B-FAA8-41FA-B0A5-77C924300C0E}.Debug - Static Lib|Win32.ActiveCfg = Debug - Static Lib|Win32
		{E88E5D8B-FAA8-41FA-B0A5-77C924300C0E}.Debug - Static Lib|Win32.Build.0 = Debug - Static Lib|Win32
		{E88E5D8B-FAA8-41FA-B0A5-77C924300C0E}.Debug Unicode|Win32.ActiveCfg = Debug - DLL|Win32
		{E88E5D8B-FAA8-41FA-B0A5-77C924300C0E}.Debug Unicode|Win32.Build.0 = Debug - DLL|Win32
		{E88E5D8B-FAA8-41FA-B0A5-77C924300C0E}.Debug|Win32.ActiveCfg = Debug - DLL|Win32
		{E88E5D8B-FAA8-41FA-B0A5-77C924300C0E}.Debug|Win32.Build.0 = Debug - DLL|Win32
		{E88E5D8B-FAA8-41FA-B0A5-77C924300C0E}.Release - DLL|Win32.ActiveCfg = Release - DLL|Win32
		{E88E5D8B-FAA8-41FA-B0A5-77C924300C0E}.Release - DLL|Win32.Build.0 = Release - DLL|Win32
		{E88E5D8B-FAA8-41FA-B0A5-77C924300C0E}.Release - Static Lib|Win32.ActiveCfg = Release - Static Lib|Win32
		{E88E5D8B-FAA8-41FA-B0A5-77C924300C0E}.Release - Static Lib|Win32.Build.0 = Release - Static Lib|Win32
		{E88E5D8B-FAA8-41FA-B0A5-77C924300C0E}.Release Unicode|Win32.ActiveCfg = Release - DLL|Win32
		{E88E5D8B-FAA8-41FA-B0A5-77C924300C0E}.Release Unicode|Win32.Build.0 = Release - DLL|Win32
		{E88E5D8B-FAA8-41FA-B0A5-77C924300C0E}.Release|Win32.ActiveCfg = Release - DLL|Win32
		{E88E5D8B-FAA8-41FA-B0A5-77C924300C0E}.Release|Win32.Build.0 = Release - DLL|Win32
		{E88E5D8B-FAA8-41FA-B0A5-77C924300C0E}.XMLStatic Debug Unicode|Win32.ActiveCfg = Release - DLL|Win32
		{E88E5D8B-FAA8-41FA-B0A5-77C924300C0E}.XMLStatic Debug Unicode|Win32.Build.0 = Release - DLL|Win32
		{E88E5D8B-FAA8-41FA-B0A5-77C924300C0E}.XMLStatic Debug|Win32.ActiveCfg = Release - DLL|Win32
		{E88E5D8B-FAA8-41FA-B0A5-77C924300C0E}.XMLStatic Debug|Win32.Build.0 = Release - DLL|Win32
		{E88E5D8B-FAA8-41FA-B0A5-77C924300C0E}.XMLStatic Release Unicode|Win32.ActiveCfg = Release - DLL|Win32
		{E88E5D8B-FAA8-41FA-B0A5-77C924300C0E}.XMLStatic Release Unicode|Win32.Build.0 = Release - DLL|Win32
		{E88E5D8B-FAA8-41FA-B0A5-77C924300C0E}.XMLStatic Release|Win32.ActiveCfg = Release - DLL|Win32
		{E88E5D8B-FAA8-41FA-B0A5-77C924300C0E}.XMLStatic Release|Win32.Build.0 = Release - DLL|Win32
	EndGlobalSection
	GlobalSection(SolutionProperties) = preSolution
		HideSolutionNode = FALSE
	EndGlobalSection
	GlobalSection(NestedProjects) = preSolution
		{9D9ED868-9913-4029-8092-536215D3369D} = {32C2C1DE-1E80-4F1A-8833-291F4EA1DFF0}
		{E12301F4-C454-430C-8CBA-7531CF2E1CF5} = {32C2C1DE-1E80-4F1A-8833-291F4EA1DFF0}
		{A7C9E7D1-95F0-429C-BFDE-D335665A7628} = {32C2C1DE-1E80-4F1A-8833-291F4EA1DFF0}
		{1519180C-921C-4904-9373-75339F13B00D} = {32C2C1DE-1E80-4F1A-8833-291F4EA1DFF0}
		{462FB646-5FF7-401F-83DD-AA6F4513B86C} = {32C2C1DE-1E80-4F1A-8833-291F4EA1DFF0}
		{16E00531-9598-4F3C-92C3-3B712BA84B9A} = {32C2C1DE-1E80-4F1A-8833-291F4EA1DFF0}
		{6743A7BB-5928-4AD7-8961-2049A10E5B8C} = {32C2C1DE-1E80-4F1A-8833-291F4EA1DFF0}
		{D662BA73-DC92-411C-8344-FC0EE1714AF4} = {32C2C1DE-1E80-4F1A-8833-291F4EA1DFF0}
		{E49A5ADE-7023-41F2-9CC2-7022382615BF} = {32C2C1DE-1E80-4F1A-8833-291F4EA1DFF0}
		{7811AC6F-8DA7-442C-9EBF-13CF4A8D1120} = {32C2C1DE-1E80-4F1A-8833-291F4EA1DFF0}
	EndGlobalSection
EndGlobal
