
Microsoft Visual Studio Solution File, Format Version 9.00
# Visual Studio 2005
Project("{2150E333-8FDC-42A3-9474-1A3956D46DE8}") = "Tbus", "Tbus", "{0CDF6277-C20F-4FA4-8619-7C68776690AE}"
	ProjectSection(WebsiteProperties) = preProject
		Debug.AspNetCompiler.Debug = "True"
		Release.AspNetCompiler.Debug = "False"
	EndProjectSection
EndProject
Project("{8BC9CEB8-8B4A-11D0-8D11-00A0C91BC942}") = "tbusd", "services_proj\tbusd\tbusd.vcproj", "{92A442CF-342A-41B7-BDDC-79E7998A4560}"
	ProjectSection(WebsiteProperties) = preProject
		Debug.AspNetCompiler.Debug = "True"
		Release.AspNetCompiler.Debug = "False"
	EndProjectSection
EndProject
Project("{8BC9CEB8-8B4A-11D0-8D11-00A0C91BC942}") = "libexpat_static", "lib_proj\libexpat\expat_static.vcproj", "{324A31C3-88CB-4273-A60D-FEAA2B311AE7}"
	ProjectSection(WebsiteProperties) = preProject
		Debug.AspNetCompiler.Debug = "True"
		Release.AspNetCompiler.Debug = "False"
	EndProjectSection
EndProject
Project("{8BC9CEB8-8B4A-11D0-8D11-00A0C91BC942}") = "libscew", "lib_proj\libscew\libscew.vcproj", "{50D3CEC1-1937-448C-9996-E2251553E17D}"
	ProjectSection(WebsiteProperties) = preProject
		Debug.AspNetCompiler.Debug = "True"
		Release.AspNetCompiler.Debug = "False"
	EndProjectSection
EndProject
Project("{8BC9CEB8-8B4A-11D0-8D11-00A0C91BC942}") = "libpal", "lib_proj\libpal\libpal.vcproj", "{5704EABB-79E7-42F1-8541-0078C18F944B}"
	ProjectSection(WebsiteProperties) = preProject
		Debug.AspNetCompiler.Debug = "True"
		Release.AspNetCompiler.Debug = "False"
	EndProjectSection
EndProject
Project("{8BC9CEB8-8B4A-11D0-8D11-00A0C91BC942}") = "tbusmgr", "tools_proj\tbus_tools\tbus_mgr\tbus_mgr.vcproj", "{E1510F50-22B7-4D5D-AD3A-A8B07563D482}"
	ProjectSection(WebsiteProperties) = preProject
		Debug.AspNetCompiler.Debug = "True"
		Release.AspNetCompiler.Debug = "False"
	EndProjectSection
EndProject
Project("{8BC9CEB8-8B4A-11D0-8D11-00A0C91BC942}") = "trelaymgr", "tools_proj\tbus_tools\relay_mgr\relay_mgr.vcproj", "{55567215-E333-4C52-9389-384AC06B0609}"
	ProjectSection(WebsiteProperties) = preProject
		Debug.AspNetCompiler.Debug = "True"
		Release.AspNetCompiler.Debug = "False"
	EndProjectSection
EndProject
Project("{8BC9CEB8-8B4A-11D0-8D11-00A0C91BC942}") = "libtsec", "lib_proj\libtsec\libtsec.vcproj", "{F68DBF12-287D-4579-8FCE-042AA881A7BE}"
	ProjectSection(WebsiteProperties) = preProject
		Debug.AspNetCompiler.Debug = "True"
		Release.AspNetCompiler.Debug = "False"
	EndProjectSection
EndProject
Project("{2150E333-8FDC-42A3-9474-1A3956D46DE8}") = "tdr", "tdr", "{7E5D5E81-1684-48A5-BBE2-0215B1C0DFCE}"
	ProjectSection(WebsiteProperties) = preProject
		Debug.AspNetCompiler.Debug = "True"
		Release.AspNetCompiler.Debug = "False"
	EndProjectSection
EndProject
Project("{8BC9CEB8-8B4A-11D0-8D11-00A0C91BC942}") = "libtdr_static", "lib_proj\libtdr\libtdr.vcproj", "{56437121-2D97-45A3-96EF-98FC9088D5D5}"
	ProjectSection(WebsiteProperties) = preProject
		Debug.AspNetCompiler.Debug = "True"
		Release.AspNetCompiler.Debug = "False"
	EndProjectSection
EndProject
Project("{8BC9CEB8-8B4A-11D0-8D11-00A0C91BC942}") = "libtdr_dbms_static", "lib_proj\libtdr\libtdr_dbms.vcproj", "{F936521E-1581-45EC-9520-E8454E5B90E3}"
	ProjectSection(WebsiteProperties) = preProject
		Debug.AspNetCompiler.Debug = "True"
		Release.AspNetCompiler.Debug = "False"
	EndProjectSection
EndProject
Project("{8BC9CEB8-8B4A-11D0-8D11-00A0C91BC942}") = "libtdr_dbms_xml_static", "lib_proj\libtdr\libtdr_dbms_xml.vcproj", "{6B151CDE-CCF0-40EC-9A05-B5E587C37538}"
	ProjectSection(WebsiteProperties) = preProject
		Debug.AspNetCompiler.Debug = "True"
		Release.AspNetCompiler.Debug = "False"
	EndProjectSection
EndProject
Project("{8BC9CEB8-8B4A-11D0-8D11-00A0C91BC942}") = "libtdr_xml_static", "lib_proj\libtdr\libtdr_xml.vcproj", "{3E3771AC-141D-4AD4-98EC-43EFD2DD9081}"
	ProjectSection(WebsiteProperties) = preProject
		Debug.AspNetCompiler.Debug = "True"
		Release.AspNetCompiler.Debug = "False"
	EndProjectSection
EndProject
Project("{8BC9CEB8-8B4A-11D0-8D11-00A0C91BC942}") = "ut_tdr", "unittests_proj\ut_tdr\ut_tdr.vcproj", "{5EB5B279-0EE5-4EF8-98C1-8AA96A0244EB}"
	ProjectSection(WebsiteProperties) = preProject
		Debug.AspNetCompiler.Debug = "True"
		Release.AspNetCompiler.Debug = "False"
	EndProjectSection
EndProject
Project("{8BC9CEB8-8B4A-11D0-8D11-00A0C91BC942}") = "tmeta2tab", "tools_proj\tdrtools\meta2tab.vcproj", "{E99EF15F-6F11-48ED-8BE6-82C9AEA7D086}"
	ProjectSection(WebsiteProperties) = preProject
		Debug.AspNetCompiler.Debug = "True"
		Release.AspNetCompiler.Debug = "False"
	EndProjectSection
EndProject
Project("{8BC9CEB8-8B4A-11D0-8D11-00A0C91BC942}") = "libtbus_static", "lib_proj\libtbus_static\libtbus_static.vcproj", "{397B5FF1-25A7-4C56-B877-22F303D7EDA4}"
	ProjectSection(WebsiteProperties) = preProject
		Debug.AspNetCompiler.Debug = "True"
		Release.AspNetCompiler.Debug = "False"
	EndProjectSection
EndProject
Project("{2150E333-8FDC-42A3-9474-1A3956D46DE8}") = "examples", "examples", "{06CB5D47-3388-4E30-95DD-0964D9910F29}"
	ProjectSection(WebsiteProperties) = preProject
		Debug.AspNetCompiler.Debug = "True"
		Release.AspNetCompiler.Debug = "False"
	EndProjectSection
EndProject
Project("{8BC9CEB8-8B4A-11D0-8D11-00A0C91BC942}") = "libtlog", "lib_proj\libtlog\libtlog.vcproj", "{5685AF43-CD54-4862-80E1-717F27C0DC9C}"
	ProjectSection(WebsiteProperties) = preProject
		Debug.AspNetCompiler.Debug = "True"
		Release.AspNetCompiler.Debug = "False"
	EndProjectSection
EndProject
Project("{8BC9CEB8-8B4A-11D0-8D11-00A0C91BC942}") = "libtapp", "lib_proj\tapp\tapp.vcproj", "{539C5628-9099-4ED9-B670-12ED5588FE89}"
	ProjectSection(WebsiteProperties) = preProject
		Debug.AspNetCompiler.Debug = "True"
		Release.AspNetCompiler.Debug = "False"
	EndProjectSection
EndProject
Project("{8BC9CEB8-8B4A-11D0-8D11-00A0C91BC942}") = "libcomm", "lib_proj\libcomm\libcomm.vcproj", "{E4EFB061-1BA3-40D8-81FC-6287F05AE402}"
	ProjectSection(WebsiteProperties) = preProject
		Debug.AspNetCompiler.Debug = "True"
		Release.AspNetCompiler.Debug = "False"
	EndProjectSection
EndProject
Project("{8BC9CEB8-8B4A-11D0-8D11-00A0C91BC942}") = "libtmng", "lib_proj\libtmng\libtmng.vcproj", "{A0BE077E-276A-4F1B-A7FC-C09415F51E6F}"
	ProjectSection(WebsiteProperties) = preProject
		Debug.AspNetCompiler.Debug = "True"
		Release.AspNetCompiler.Debug = "False"
	EndProjectSection
EndProject
Project("{8BC9CEB8-8B4A-11D0-8D11-00A0C91BC942}") = "libtloghelp", "lib_proj\libtloghelp\libtloghelp.vcproj", "{698F7DCA-01C8-496E-813E-94FFFF439D34}"
	ProjectSection(WebsiteProperties) = preProject
		Debug.AspNetCompiler.Debug = "True"
		Release.AspNetCompiler.Debug = "False"
	EndProjectSection
EndProject
Project("{8BC9CEB8-8B4A-11D0-8D11-00A0C91BC942}") = "trsf", "lib_proj\tbusexample\trsf\trsf.vcproj", "{42BB535A-9E9B-4F52-9B78-385E293CE3EC}"
	ProjectSection(WebsiteProperties) = preProject
		Debug.AspNetCompiler.Debug = "True"
		Release.AspNetCompiler.Debug = "False"
	EndProjectSection
EndProject
Project("{8BC9CEB8-8B4A-11D0-8D11-00A0C91BC942}") = "libtagentapi", "lib_proj\libtagentapi\libtagentapi.vcproj", "{03555D15-C69F-4671-9527-617A58859E62}"
	ProjectSection(WebsiteProperties) = preProject
		Debug.AspNetCompiler.Debug = "True"
		Release.AspNetCompiler.Debug = "False"
	EndProjectSection
EndProject
Project("{8BC9CEB8-8B4A-11D0-8D11-00A0C91BC942}") = "tdr2xml", "tools_proj\tdrtools\dr2xml.vcproj", "{25BDC689-F36B-4760-A407-011276901B2C}"
	ProjectSection(ProjectDependencies) = postProject
		{324A31C3-88CB-4273-A60D-FEAA2B311AE7} = {324A31C3-88CB-4273-A60D-FEAA2B311AE7}
	EndProjectSection
	ProjectSection(WebsiteProperties) = preProject
		Debug.AspNetCompiler.Debug = "True"
		Release.AspNetCompiler.Debug = "False"
	EndProjectSection
EndProject
Project("{2150E333-8FDC-42A3-9474-1A3956D46DE8}") = "tools", "tools", "{001719E4-78DC-4A21-8E2D-7D425CFD33ED}"
	ProjectSection(WebsiteProperties) = preProject
		Debug.AspNetCompiler.Debug = "True"
		Release.AspNetCompiler.Debug = "False"
	EndProjectSection
EndProject
Project("{2150E333-8FDC-42A3-9474-1A3956D46DE8}") = "service", "service", "{3D7E648F-0D31-4303-9CF6-31C88370F273}"
	ProjectSection(WebsiteProperties) = preProject
		Debug.AspNetCompiler.Debug = "True"
		Release.AspNetCompiler.Debug = "False"
	EndProjectSection
EndProject
Project("{2150E333-8FDC-42A3-9474-1A3956D46DE8}") = "deps", "deps", "{107CA4B7-8409-4031-9C0C-0E207DC856AE}"
	ProjectSection(WebsiteProperties) = preProject
		Debug.AspNetCompiler.Debug = "True"
		Release.AspNetCompiler.Debug = "False"
	EndProjectSection
EndProject
Project("{2150E333-8FDC-42A3-9474-1A3956D46DE8}") = "unittest", "unittest", "{4F234D89-95D4-40BC-BD2D-72BC667FC4A2}"
	ProjectSection(WebsiteProperties) = preProject
		Debug.AspNetCompiler.Debug = "True"
		Release.AspNetCompiler.Debug = "False"
	EndProjectSection
EndProject
Project("{2150E333-8FDC-42A3-9474-1A3956D46DE8}") = "tbus", "tbus", "{141337B9-73A8-4491-AA04-10B72EAA54F0}"
	ProjectSection(WebsiteProperties) = preProject
		Debug.AspNetCompiler.Debug = "True"
		Release.AspNetCompiler.Debug = "False"
	EndProjectSection
EndProject
Project("{8BC9CEB8-8B4A-11D0-8D11-00A0C91BC942}") = "simplechannel", "..\examples\tbus\simplechannel.vcproj", "{2D7A9AED-EBDE-4389-AD67-AD45B3FFDBBA}"
	ProjectSection(WebsiteProperties) = preProject
		Debug.AspNetCompiler.Debug = "True"
		Release.AspNetCompiler.Debug = "False"
	EndProjectSection
EndProject
Project("{2150E333-8FDC-42A3-9474-1A3956D46DE8}") = "localtransfer", "localtransfer", "{1ACC234F-40FE-4C53-AE5F-6F20B2FA31E5}"
	ProjectSection(WebsiteProperties) = preProject
		Debug.AspNetCompiler.Debug = "True"
		Release.AspNetCompiler.Debug = "False"
	EndProjectSection
EndProject
Project("{8BC9CEB8-8B4A-11D0-8D11-00A0C91BC942}") = "send", "..\examples\tbus\localtransfer\send.vcproj", "{98A54DFB-5325-489A-AF7D-7154BD772A57}"
	ProjectSection(WebsiteProperties) = preProject
		Debug.AspNetCompiler.Debug = "True"
		Release.AspNetCompiler.Debug = "False"
	EndProjectSection
EndProject
Project("{8BC9CEB8-8B4A-11D0-8D11-00A0C91BC942}") = "trsf", "..\examples\tbus\localtransfer\trsf.vcproj", "{D88A3B6C-4E21-488D-AD20-541C69D6F3C9}"
	ProjectSection(WebsiteProperties) = preProject
		Debug.AspNetCompiler.Debug = "True"
		Release.AspNetCompiler.Debug = "False"
	EndProjectSection
EndProject
Project("{8BC9CEB8-8B4A-11D0-8D11-00A0C91BC942}") = "recv", "..\examples\tbus\localtransfer\recv.vcproj", "{BF02D839-3100-4FA5-8893-209DD344A15C}"
	ProjectSection(WebsiteProperties) = preProject
		Debug.AspNetCompiler.Debug = "True"
		Release.AspNetCompiler.Debug = "False"
	EndProjectSection
EndProject
Project("{2150E333-8FDC-42A3-9474-1A3956D46DE8}") = "intermachines", "intermachines", "{2C44FB39-AB49-4D7F-BE27-7C3AEE1A13FB}"
	ProjectSection(WebsiteProperties) = preProject
		Debug.AspNetCompiler.Debug = "True"
		Release.AspNetCompiler.Debug = "False"
	EndProjectSection
EndProject
Project("{8BC9CEB8-8B4A-11D0-8D11-00A0C91BC942}") = "send", "..\examples\tbus\intermachines\send.vcproj", "{2ECA2BD8-8A5A-4D21-93C9-60B2F2893FAD}"
	ProjectSection(WebsiteProperties) = preProject
		Debug.AspNetCompiler.Debug = "True"
		Release.AspNetCompiler.Debug = "False"
	EndProjectSection
EndProject
Project("{8BC9CEB8-8B4A-11D0-8D11-00A0C91BC942}") = "trsf", "..\examples\tbus\intermachines\trsf.vcproj", "{8425D255-D2DB-42D6-A563-867079608396}"
	ProjectSection(WebsiteProperties) = preProject
		Debug.AspNetCompiler.Debug = "True"
		Release.AspNetCompiler.Debug = "False"
	EndProjectSection
EndProject
Project("{8BC9CEB8-8B4A-11D0-8D11-00A0C91BC942}") = "recv", "..\examples\tbus\intermachines\recv.vcproj", "{01533DF0-E38F-4A70-9F9A-E9261E7BA1A1}"
	ProjectSection(WebsiteProperties) = preProject
		Debug.AspNetCompiler.Debug = "True"
		Release.AspNetCompiler.Debug = "False"
	EndProjectSection
EndProject
Project("{8BC9CEB8-8B4A-11D0-8D11-00A0C91BC942}") = "tdr", "tools_proj\tdrtools\tdr.vcproj", "{4E8D0A98-8DAD-410A-B5EF-E9DE10873A5A}"
	ProjectSection(WebsiteProperties) = preProject
		Debug.AspNetCompiler.Debug = "True"
		Release.AspNetCompiler.Debug = "False"
	EndProjectSection
EndProject
Global
	GlobalSection(SolutionConfigurationPlatforms) = preSolution
		Debug - DLL|Win32 = Debug - DLL|Win32
		Debug - Static Lib|Win32 = Debug - Static Lib|Win32
		Debug Unicode|Win32 = Debug Unicode|Win32
		Debug|Win32 = Debug|Win32
		Release - DLL|Win32 = Release - DLL|Win32
		Release - Static Lib|Win32 = Release - Static Lib|Win32
		Release Unicode|Win32 = Release Unicode|Win32
		Release|Win32 = Release|Win32
		XMLStatic Debug Unicode|Win32 = XMLStatic Debug Unicode|Win32
		XMLStatic Debug|Win32 = XMLStatic Debug|Win32
		XMLStatic Release Unicode|Win32 = XMLStatic Release Unicode|Win32
		XMLStatic Release|Win32 = XMLStatic Release|Win32
	EndGlobalSection
	GlobalSection(ProjectConfigurationPlatforms) = postSolution
		{92A442CF-342A-41B7-BDDC-79E7998A4560}.Debug - DLL|Win32.ActiveCfg = Debug|Win32
		{92A442CF-342A-41B7-BDDC-79E7998A4560}.Debug - DLL|Win32.Build.0 = Debug|Win32
		{92A442CF-342A-41B7-BDDC-79E7998A4560}.Debug - Static Lib|Win32.ActiveCfg = Debug|Win32
		{92A442CF-342A-41B7-BDDC-79E7998A4560}.Debug - Static Lib|Win32.Build.0 = Debug|Win32
		{92A442CF-342A-41B7-BDDC-79E7998A4560}.Debug Unicode|Win32.ActiveCfg = Debug|Win32
		{92A442CF-342A-41B7-BDDC-79E7998A4560}.Debug Unicode|Win32.Build.0 = Debug|Win32
		{92A442CF-342A-41B7-BDDC-79E7998A4560}.Debug|Win32.ActiveCfg = Debug|Win32
		{92A442CF-342A-41B7-BDDC-79E7998A4560}.Debug|Win32.Build.0 = Debug|Win32
		{92A442CF-342A-41B7-BDDC-79E7998A4560}.Release - DLL|Win32.ActiveCfg = Release|Win32
		{92A442CF-342A-41B7-BDDC-79E7998A4560}.Release - DLL|Win32.Build.0 = Release|Win32
		{92A442CF-342A-41B7-BDDC-79E7998A4560}.Release - Static Lib|Win32.ActiveCfg = Release|Win32
		{92A442CF-342A-41B7-BDDC-79E7998A4560}.Release - Static Lib|Win32.Build.0 = Release|Win32
		{92A442CF-342A-41B7-BDDC-79E7998A4560}.Release Unicode|Win32.ActiveCfg = Release|Win32
		{92A442CF-342A-41B7-BDDC-79E7998A4560}.Release Unicode|Win32.Build.0 = Release|Win32
		{92A442CF-342A-41B7-BDDC-79E7998A4560}.Release|Win32.ActiveCfg = Release|Win32
		{92A442CF-342A-41B7-BDDC-79E7998A4560}.Release|Win32.Build.0 = Release|Win32
		{92A442CF-342A-41B7-BDDC-79E7998A4560}.XMLStatic Debug Unicode|Win32.ActiveCfg = Debug|Win32
		{92A442CF-342A-41B7-BDDC-79E7998A4560}.XMLStatic Debug Unicode|Win32.Build.0 = Debug|Win32
		{92A442CF-342A-41B7-BDDC-79E7998A4560}.XMLStatic Debug|Win32.ActiveCfg = Debug|Win32
		{92A442CF-342A-41B7-BDDC-79E7998A4560}.XMLStatic Debug|Win32.Build.0 = Debug|Win32
		{92A442CF-342A-41B7-BDDC-79E7998A4560}.XMLStatic Release Unicode|Win32.ActiveCfg = Release|Win32
		{92A442CF-342A-41B7-BDDC-79E7998A4560}.XMLStatic Release Unicode|Win32.Build.0 = Release|Win32
		{92A442CF-342A-41B7-BDDC-79E7998A4560}.XMLStatic Release|Win32.ActiveCfg = Release|Win32
		{92A442CF-342A-41B7-BDDC-79E7998A4560}.XMLStatic Release|Win32.Build.0 = Release|Win32
		{324A31C3-88CB-4273-A60D-FEAA2B311AE7}.Debug - DLL|Win32.ActiveCfg = Debug|Win32
		{324A31C3-88CB-4273-A60D-FEAA2B311AE7}.Debug - DLL|Win32.Build.0 = Debug|Win32
		{324A31C3-88CB-4273-A60D-FEAA2B311AE7}.Debug - Static Lib|Win32.ActiveCfg = Debug|Win32
		{324A31C3-88CB-4273-A60D-FEAA2B311AE7}.Debug - Static Lib|Win32.Build.0 = Debug|Win32
		{324A31C3-88CB-4273-A60D-FEAA2B311AE7}.Debug Unicode|Win32.ActiveCfg = Debug|Win32
		{324A31C3-88CB-4273-A60D-FEAA2B311AE7}.Debug Unicode|Win32.Build.0 = Debug|Win32
		{324A31C3-88CB-4273-A60D-FEAA2B311AE7}.Debug|Win32.ActiveCfg = Debug|Win32
		{324A31C3-88CB-4273-A60D-FEAA2B311AE7}.Debug|Win32.Build.0 = Debug|Win32
		{324A31C3-88CB-4273-A60D-FEAA2B311AE7}.Release - DLL|Win32.ActiveCfg = Release|Win32
		{324A31C3-88CB-4273-A60D-FEAA2B311AE7}.Release - DLL|Win32.Build.0 = Release|Win32
		{324A31C3-88CB-4273-A60D-FEAA2B311AE7}.Release - Static Lib|Win32.ActiveCfg = Release|Win32
		{324A31C3-88CB-4273-A60D-FEAA2B311AE7}.Release - Static Lib|Win32.Build.0 = Release|Win32
		{324A31C3-88CB-4273-A60D-FEAA2B311AE7}.Release Unicode|Win32.ActiveCfg = Release|Win32
		{324A31C3-88CB-4273-A60D-FEAA2B311AE7}.Release Unicode|Win32.Build.0 = Release|Win32
		{324A31C3-88CB-4273-A60D-FEAA2B311AE7}.Release|Win32.ActiveCfg = Release|Win32
		{324A31C3-88CB-4273-A60D-FEAA2B311AE7}.Release|Win32.Build.0 = Release|Win32
		{324A31C3-88CB-4273-A60D-FEAA2B311AE7}.XMLStatic Debug Unicode|Win32.ActiveCfg = Debug|Win32
		{324A31C3-88CB-4273-A60D-FEAA2B311AE7}.XMLStatic Debug Unicode|Win32.Build.0 = Debug|Win32
		{324A31C3-88CB-4273-A60D-FEAA2B311AE7}.XMLStatic Debug|Win32.ActiveCfg = Debug|Win32
		{324A31C3-88CB-4273-A60D-FEAA2B311AE7}.XMLStatic Debug|Win32.Build.0 = Debug|Win32
		{324A31C3-88CB-4273-A60D-FEAA2B311AE7}.XMLStatic Release Unicode|Win32.ActiveCfg = Release|Win32
		{324A31C3-88CB-4273-A60D-FEAA2B311AE7}.XMLStatic Release Unicode|Win32.Build.0 = Release|Win32
		{324A31C3-88CB-4273-A60D-FEAA2B311AE7}.XMLStatic Release|Win32.ActiveCfg = Release|Win32
		{324A31C3-88CB-4273-A60D-FEAA2B311AE7}.XMLStatic Release|Win32.Build.0 = Release|Win32
		{50D3CEC1-1937-448C-9996-E2251553E17D}.Debug - DLL|Win32.ActiveCfg = Debug Unicode|Win32
		{50D3CEC1-1937-448C-9996-E2251553E17D}.Debug - DLL|Win32.Build.0 = Debug Unicode|Win32
		{50D3CEC1-1937-448C-9996-E2251553E17D}.Debug - Static Lib|Win32.ActiveCfg = Debug Unicode|Win32
		{50D3CEC1-1937-448C-9996-E2251553E17D}.Debug - Static Lib|Win32.Build.0 = Debug Unicode|Win32
		{50D3CEC1-1937-448C-9996-E2251553E17D}.Debug Unicode|Win32.ActiveCfg = Debug Unicode|Win32
		{50D3CEC1-1937-448C-9996-E2251553E17D}.Debug Unicode|Win32.Build.0 = Debug Unicode|Win32
		{50D3CEC1-1937-448C-9996-E2251553E17D}.Debug|Win32.ActiveCfg = Debug|Win32
		{50D3CEC1-1937-448C-9996-E2251553E17D}.Debug|Win32.Build.0 = Debug|Win32
		{50D3CEC1-1937-448C-9996-E2251553E17D}.Release - DLL|Win32.ActiveCfg = Release Unicode|Win32
		{50D3CEC1-1937-448C-9996-E2251553E17D}.Release - DLL|Win32.Build.0 = Release Unicode|Win32
		{50D3CEC1-1937-448C-9996-E2251553E17D}.Release - Static Lib|Win32.ActiveCfg = Release Unicode|Win32
		{50D3CEC1-1937-448C-9996-E2251553E17D}.Release - Static Lib|Win32.Build.0 = Release Unicode|Win32
		{50D3CEC1-1937-448C-9996-E2251553E17D}.Release Unicode|Win32.ActiveCfg = Release Unicode|Win32
		{50D3CEC1-1937-448C-9996-E2251553E17D}.Release Unicode|Win32.Build.0 = Release Unicode|Win32
		{50D3CEC1-1937-448C-9996-E2251553E17D}.Release|Win32.ActiveCfg = Release|Win32
		{50D3CEC1-1937-448C-9996-E2251553E17D}.Release|Win32.Build.0 = Release|Win32
		{50D3CEC1-1937-448C-9996-E2251553E17D}.XMLStatic Debug Unicode|Win32.ActiveCfg = XMLStatic Debug Unicode|Win32
		{50D3CEC1-1937-448C-9996-E2251553E17D}.XMLStatic Debug Unicode|Win32.Build.0 = XMLStatic Debug Unicode|Win32
		{50D3CEC1-1937-448C-9996-E2251553E17D}.XMLStatic Debug|Win32.ActiveCfg = XMLStatic Debug|Win32
		{50D3CEC1-1937-448C-9996-E2251553E17D}.XMLStatic Debug|Win32.Build.0 = XMLStatic Debug|Win32
		{50D3CEC1-1937-448C-9996-E2251553E17D}.XMLStatic Release Unicode|Win32.ActiveCfg = XMLStatic Release Unicode|Win32
		{50D3CEC1-1937-448C-9996-E2251553E17D}.XMLStatic Release Unicode|Win32.Build.0 = XMLStatic Release Unicode|Win32
		{50D3CEC1-1937-448C-9996-E2251553E17D}.XMLStatic Release|Win32.ActiveCfg = XMLStatic Release|Win32
		{50D3CEC1-1937-448C-9996-E2251553E17D}.XMLStatic Release|Win32.Build.0 = XMLStatic Release|Win32
		{5704EABB-79E7-42F1-8541-0078C18F944B}.Debug - DLL|Win32.ActiveCfg = Debug|Win32
		{5704EABB-79E7-42F1-8541-0078C18F944B}.Debug - DLL|Win32.Build.0 = Debug|Win32
		{5704EABB-79E7-42F1-8541-0078C18F944B}.Debug - Static Lib|Win32.ActiveCfg = Debug|Win32
		{5704EABB-79E7-42F1-8541-0078C18F944B}.Debug - Static Lib|Win32.Build.0 = Debug|Win32
		{5704EABB-79E7-42F1-8541-0078C18F944B}.Debug Unicode|Win32.ActiveCfg = Debug|Win32
		{5704EABB-79E7-42F1-8541-0078C18F944B}.Debug Unicode|Win32.Build.0 = Debug|Win32
		{5704EABB-79E7-42F1-8541-0078C18F944B}.Debug|Win32.ActiveCfg = Debug|Win32
		{5704EABB-79E7-42F1-8541-0078C18F944B}.Debug|Win32.Build.0 = Debug|Win32
		{5704EABB-79E7-42F1-8541-0078C18F944B}.Release - DLL|Win32.ActiveCfg = Release|Win32
		{5704EABB-79E7-42F1-8541-0078C18F944B}.Release - DLL|Win32.Build.0 = Release|Win32
		{5704EABB-79E7-42F1-8541-0078C18F944B}.Release - Static Lib|Win32.ActiveCfg = Release|Win32
		{5704EABB-79E7-42F1-8541-0078C18F944B}.Release - Static Lib|Win32.Build.0 = Release|Win32
		{5704EABB-79E7-42F1-8541-0078C18F944B}.Release Unicode|Win32.ActiveCfg = Release|Win32
		{5704EABB-79E7-42F1-8541-0078C18F944B}.Release Unicode|Win32.Build.0 = Release|Win32
		{5704EABB-79E7-42F1-8541-0078C18F944B}.Release|Win32.ActiveCfg = Release|Win32
		{5704EABB-79E7-42F1-8541-0078C18F944B}.Release|Win32.Build.0 = Release|Win32
		{5704EABB-79E7-42F1-8541-0078C18F944B}.XMLStatic Debug Unicode|Win32.ActiveCfg = Debug|Win32
		{5704EABB-79E7-42F1-8541-0078C18F944B}.XMLStatic Debug Unicode|Win32.Build.0 = Debug|Win32
		{5704EABB-79E7-42F1-8541-0078C18F944B}.XMLStatic Debug|Win32.ActiveCfg = Debug|Win32
		{5704EABB-79E7-42F1-8541-0078C18F944B}.XMLStatic Debug|Win32.Build.0 = Debug|Win32
		{5704EABB-79E7-42F1-8541-0078C18F944B}.XMLStatic Release Unicode|Win32.ActiveCfg = Release|Win32
		{5704EABB-79E7-42F1-8541-0078C18F944B}.XMLStatic Release Unicode|Win32.Build.0 = Release|Win32
		{5704EABB-79E7-42F1-8541-0078C18F944B}.XMLStatic Release|Win32.ActiveCfg = Release|Win32
		{5704EABB-79E7-42F1-8541-0078C18F944B}.XMLStatic Release|Win32.Build.0 = Release|Win32
		{E1510F50-22B7-4D5D-AD3A-A8B07563D482}.Debug - DLL|Win32.ActiveCfg = Debug|Win32
		{E1510F50-22B7-4D5D-AD3A-A8B07563D482}.Debug - DLL|Win32.Build.0 = Debug|Win32
		{E1510F50-22B7-4D5D-AD3A-A8B07563D482}.Debug - Static Lib|Win32.ActiveCfg = Debug|Win32
		{E1510F50-22B7-4D5D-AD3A-A8B07563D482}.Debug - Static Lib|Win32.Build.0 = Debug|Win32
		{E1510F50-22B7-4D5D-AD3A-A8B07563D482}.Debug Unicode|Win32.ActiveCfg = Debug|Win32
		{E1510F50-22B7-4D5D-AD3A-A8B07563D482}.Debug Unicode|Win32.Build.0 = Debug|Win32
		{E1510F50-22B7-4D5D-AD3A-A8B07563D482}.Debug|Win32.ActiveCfg = Debug|Win32
		{E1510F50-22B7-4D5D-AD3A-A8B07563D482}.Debug|Win32.Build.0 = Debug|Win32
		{E1510F50-22B7-4D5D-AD3A-A8B07563D482}.Release - DLL|Win32.ActiveCfg = Release|Win32
		{E1510F50-22B7-4D5D-AD3A-A8B07563D482}.Release - DLL|Win32.Build.0 = Release|Win32
		{E1510F50-22B7-4D5D-AD3A-A8B07563D482}.Release - Static Lib|Win32.ActiveCfg = Release|Win32
		{E1510F50-22B7-4D5D-AD3A-A8B07563D482}.Release - Static Lib|Win32.Build.0 = Release|Win32
		{E1510F50-22B7-4D5D-AD3A-A8B07563D482}.Release Unicode|Win32.ActiveCfg = Release|Win32
		{E1510F50-22B7-4D5D-AD3A-A8B07563D482}.Release Unicode|Win32.Build.0 = Release|Win32
		{E1510F50-22B7-4D5D-AD3A-A8B07563D482}.Release|Win32.ActiveCfg = Release|Win32
		{E1510F50-22B7-4D5D-AD3A-A8B07563D482}.Release|Win32.Build.0 = Release|Win32
		{E1510F50-22B7-4D5D-AD3A-A8B07563D482}.XMLStatic Debug Unicode|Win32.ActiveCfg = Debug|Win32
		{E1510F50-22B7-4D5D-AD3A-A8B07563D482}.XMLStatic Debug Unicode|Win32.Build.0 = Debug|Win32
		{E1510F50-22B7-4D5D-AD3A-A8B07563D482}.XMLStatic Debug|Win32.ActiveCfg = Debug|Win32
		{E1510F50-22B7-4D5D-AD3A-A8B07563D482}.XMLStatic Debug|Win32.Build.0 = Debug|Win32
		{E1510F50-22B7-4D5D-AD3A-A8B07563D482}.XMLStatic Release Unicode|Win32.ActiveCfg = Release|Win32
		{E1510F50-22B7-4D5D-AD3A-A8B07563D482}.XMLStatic Release Unicode|Win32.Build.0 = Release|Win32
		{E1510F50-22B7-4D5D-AD3A-A8B07563D482}.XMLStatic Release|Win32.ActiveCfg = Release|Win32
		{E1510F50-22B7-4D5D-AD3A-A8B07563D482}.XMLStatic Release|Win32.Build.0 = Release|Win32
		{55567215-E333-4C52-9389-384AC06B0609}.Debug - DLL|Win32.ActiveCfg = Debug|Win32
		{55567215-E333-4C52-9389-384AC06B0609}.Debug - DLL|Win32.Build.0 = Debug|Win32
		{55567215-E333-4C52-9389-384AC06B0609}.Debug - Static Lib|Win32.ActiveCfg = Debug|Win32
		{55567215-E333-4C52-9389-384AC06B0609}.Debug - Static Lib|Win32.Build.0 = Debug|Win32
		{55567215-E333-4C52-9389-384AC06B0609}.Debug Unicode|Win32.ActiveCfg = Debug|Win32
		{55567215-E333-4C52-9389-384AC06B0609}.Debug Unicode|Win32.Build.0 = Debug|Win32
		{55567215-E333-4C52-9389-384AC06B0609}.Debug|Win32.ActiveCfg = Debug|Win32
		{55567215-E333-4C52-9389-384AC06B0609}.Debug|Win32.Build.0 = Debug|Win32
		{55567215-E333-4C52-9389-384AC06B0609}.Release - DLL|Win32.ActiveCfg = Release|Win32
		{55567215-E333-4C52-9389-384AC06B0609}.Release - DLL|Win32.Build.0 = Release|Win32
		{55567215-E333-4C52-9389-384AC06B0609}.Release - Static Lib|Win32.ActiveCfg = Release|Win32
		{55567215-E333-4C52-9389-384AC06B0609}.Release - Static Lib|Win32.Build.0 = Release|Win32
		{55567215-E333-4C52-9389-384AC06B0609}.Release Unicode|Win32.ActiveCfg = Release|Win32
		{55567215-E333-4C52-9389-384AC06B0609}.Release Unicode|Win32.Build.0 = Release|Win32
		{55567215-E333-4C52-9389-384AC06B0609}.Release|Win32.ActiveCfg = Release|Win32
		{55567215-E333-4C52-9389-384AC06B0609}.Release|Win32.Build.0 = Release|Win32
		{55567215-E333-4C52-9389-384AC06B0609}.XMLStatic Debug Unicode|Win32.ActiveCfg = Debug|Win32
		{55567215-E333-4C52-9389-384AC06B0609}.XMLStatic Debug Unicode|Win32.Build.0 = Debug|Win32
		{55567215-E333-4C52-9389-384AC06B0609}.XMLStatic Debug|Win32.ActiveCfg = Debug|Win32
		{55567215-E333-4C52-9389-384AC06B0609}.XMLStatic Debug|Win32.Build.0 = Debug|Win32
		{55567215-E333-4C52-9389-384AC06B0609}.XMLStatic Release Unicode|Win32.ActiveCfg = Release|Win32
		{55567215-E333-4C52-9389-384AC06B0609}.XMLStatic Release Unicode|Win32.Build.0 = Release|Win32
		{55567215-E333-4C52-9389-384AC06B0609}.XMLStatic Release|Win32.ActiveCfg = Release|Win32
		{55567215-E333-4C52-9389-384AC06B0609}.XMLStatic Release|Win32.Build.0 = Release|Win32
		{F68DBF12-287D-4579-8FCE-042AA881A7BE}.Debug - DLL|Win32.ActiveCfg = Debug|Win32
		{F68DBF12-287D-4579-8FCE-042AA881A7BE}.Debug - DLL|Win32.Build.0 = Debug|Win32
		{F68DBF12-287D-4579-8FCE-042AA881A7BE}.Debug - Static Lib|Win32.ActiveCfg = Debug|Win32
		{F68DBF12-287D-4579-8FCE-042AA881A7BE}.Debug - Static Lib|Win32.Build.0 = Debug|Win32
		{F68DBF12-287D-4579-8FCE-042AA881A7BE}.Debug Unicode|Win32.ActiveCfg = Debug|Win32
		{F68DBF12-287D-4579-8FCE-042AA881A7BE}.Debug Unicode|Win32.Build.0 = Debug|Win32
		{F68DBF12-287D-4579-8FCE-042AA881A7BE}.Debug|Win32.ActiveCfg = Debug|Win32
		{F68DBF12-287D-4579-8FCE-042AA881A7BE}.Debug|Win32.Build.0 = Debug|Win32
		{F68DBF12-287D-4579-8FCE-042AA881A7BE}.Release - DLL|Win32.ActiveCfg = Release|Win32
		{F68DBF12-287D-4579-8FCE-042AA881A7BE}.Release - DLL|Win32.Build.0 = Release|Win32
		{F68DBF12-287D-4579-8FCE-042AA881A7BE}.Release - Static Lib|Win32.ActiveCfg = Release|Win32
		{F68DBF12-287D-4579-8FCE-042AA881A7BE}.Release - Static Lib|Win32.Build.0 = Release|Win32
		{F68DBF12-287D-4579-8FCE-042AA881A7BE}.Release Unicode|Win32.ActiveCfg = Release|Win32
		{F68DBF12-287D-4579-8FCE-042AA881A7BE}.Release Unicode|Win32.Build.0 = Release|Win32
		{F68DBF12-287D-4579-8FCE-042AA881A7BE}.Release|Win32.ActiveCfg = Release|Win32
		{F68DBF12-287D-4579-8FCE-042AA881A7BE}.Release|Win32.Build.0 = Release|Win32
		{F68DBF12-287D-4579-8FCE-042AA881A7BE}.XMLStatic Debug Unicode|Win32.ActiveCfg = Debug|Win32
		{F68DBF12-287D-4579-8FCE-042AA881A7BE}.XMLStatic Debug Unicode|Win32.Build.0 = Debug|Win32
		{F68DBF12-287D-4579-8FCE-042AA881A7BE}.XMLStatic Debug|Win32.ActiveCfg = Debug|Win32
		{F68DBF12-287D-4579-8FCE-042AA881A7BE}.XMLStatic Debug|Win32.Build.0 = Debug|Win32
		{F68DBF12-287D-4579-8FCE-042AA881A7BE}.XMLStatic Release Unicode|Win32.ActiveCfg = Release|Win32
		{F68DBF12-287D-4579-8FCE-042AA881A7BE}.XMLStatic Release Unicode|Win32.Build.0 = Release|Win32
		{F68DBF12-287D-4579-8FCE-042AA881A7BE}.XMLStatic Release|Win32.ActiveCfg = Release|Win32
		{F68DBF12-287D-4579-8FCE-042AA881A7BE}.XMLStatic Release|Win32.Build.0 = Release|Win32
		{56437121-2D97-45A3-96EF-98FC9088D5D5}.Debug - DLL|Win32.ActiveCfg = Debug|Win32
		{56437121-2D97-45A3-96EF-98FC9088D5D5}.Debug - DLL|Win32.Build.0 = Debug|Win32
		{56437121-2D97-45A3-96EF-98FC9088D5D5}.Debug - Static Lib|Win32.ActiveCfg = Debug|Win32
		{56437121-2D97-45A3-96EF-98FC9088D5D5}.Debug - Static Lib|Win32.Build.0 = Debug|Win32
		{56437121-2D97-45A3-96EF-98FC9088D5D5}.Debug Unicode|Win32.ActiveCfg = Debug|Win32
		{56437121-2D97-45A3-96EF-98FC9088D5D5}.Debug Unicode|Win32.Build.0 = Debug|Win32
		{56437121-2D97-45A3-96EF-98FC9088D5D5}.Debug|Win32.ActiveCfg = Debug|Win32
		{56437121-2D97-45A3-96EF-98FC9088D5D5}.Debug|Win32.Build.0 = Debug|Win32
		{56437121-2D97-45A3-96EF-98FC9088D5D5}.Release - DLL|Win32.ActiveCfg = Release|Win32
		{56437121-2D97-45A3-96EF-98FC9088D5D5}.Release - DLL|Win32.Build.0 = Release|Win32
		{56437121-2D97-45A3-96EF-98FC9088D5D5}.Release - Static Lib|Win32.ActiveCfg = Release|Win32
		{56437121-2D97-45A3-96EF-98FC9088D5D5}.Release - Static Lib|Win32.Build.0 = Release|Win32
		{56437121-2D97-45A3-96EF-98FC9088D5D5}.Release Unicode|Win32.ActiveCfg = Release|Win32
		{56437121-2D97-45A3-96EF-98FC9088D5D5}.Release Unicode|Win32.Build.0 = Release|Win32
		{56437121-2D97-45A3-96EF-98FC9088D5D5}.Release|Win32.ActiveCfg = Release|Win32
		{56437121-2D97-45A3-96EF-98FC9088D5D5}.Release|Win32.Build.0 = Release|Win32
		{56437121-2D97-45A3-96EF-98FC9088D5D5}.XMLStatic Debug Unicode|Win32.ActiveCfg = Debug|Win32
		{56437121-2D97-45A3-96EF-98FC9088D5D5}.XMLStatic Debug Unicode|Win32.Build.0 = Debug|Win32
		{56437121-2D97-45A3-96EF-98FC9088D5D5}.XMLStatic Debug|Win32.ActiveCfg = Debug|Win32
		{56437121-2D97-45A3-96EF-98FC9088D5D5}.XMLStatic Debug|Win32.Build.0 = Debug|Win32
		{56437121-2D97-45A3-96EF-98FC9088D5D5}.XMLStatic Release Unicode|Win32.ActiveCfg = Release|Win32
		{56437121-2D97-45A3-96EF-98FC9088D5D5}.XMLStatic Release Unicode|Win32.Build.0 = Release|Win32
		{56437121-2D97-45A3-96EF-98FC9088D5D5}.XMLStatic Release|Win32.ActiveCfg = Release|Win32
		{56437121-2D97-45A3-96EF-98FC9088D5D5}.XMLStatic Release|Win32.Build.0 = Release|Win32
		{F936521E-1581-45EC-9520-E8454E5B90E3}.Debug - DLL|Win32.ActiveCfg = Debug|Win32
		{F936521E-1581-45EC-9520-E8454E5B90E3}.Debug - DLL|Win32.Build.0 = Debug|Win32
		{F936521E-1581-45EC-9520-E8454E5B90E3}.Debug - Static Lib|Win32.ActiveCfg = Debug|Win32
		{F936521E-1581-45EC-9520-E8454E5B90E3}.Debug - Static Lib|Win32.Build.0 = Debug|Win32
		{F936521E-1581-45EC-9520-E8454E5B90E3}.Debug Unicode|Win32.ActiveCfg = Debug|Win32
		{F936521E-1581-45EC-9520-E8454E5B90E3}.Debug Unicode|Win32.Build.0 = Debug|Win32
		{F936521E-1581-45EC-9520-E8454E5B90E3}.Debug|Win32.ActiveCfg = Debug|Win32
		{F936521E-1581-45EC-9520-E8454E5B90E3}.Debug|Win32.Build.0 = Debug|Win32
		{F936521E-1581-45EC-9520-E8454E5B90E3}.Release - DLL|Win32.ActiveCfg = Release|Win32
		{F936521E-1581-45EC-9520-E8454E5B90E3}.Release - DLL|Win32.Build.0 = Release|Win32
		{F936521E-1581-45EC-9520-E8454E5B90E3}.Release - Static Lib|Win32.ActiveCfg = Release|Win32
		{F936521E-1581-45EC-9520-E8454E5B90E3}.Release - Static Lib|Win32.Build.0 = Release|Win32
		{F936521E-1581-45EC-9520-E8454E5B90E3}.Release Unicode|Win32.ActiveCfg = Release|Win32
		{F936521E-1581-45EC-9520-E8454E5B90E3}.Release Unicode|Win32.Build.0 = Release|Win32
		{F936521E-1581-45EC-9520-E8454E5B90E3}.Release|Win32.ActiveCfg = Release|Win32
		{F936521E-1581-45EC-9520-E8454E5B90E3}.Release|Win32.Build.0 = Release|Win32
		{F936521E-1581-45EC-9520-E8454E5B90E3}.XMLStatic Debug Unicode|Win32.ActiveCfg = Debug|Win32
		{F936521E-1581-45EC-9520-E8454E5B90E3}.XMLStatic Debug Unicode|Win32.Build.0 = Debug|Win32
		{F936521E-1581-45EC-9520-E8454E5B90E3}.XMLStatic Debug|Win32.ActiveCfg = Debug|Win32
		{F936521E-1581-45EC-9520-E8454E5B90E3}.XMLStatic Debug|Win32.Build.0 = Debug|Win32
		{F936521E-1581-45EC-9520-E8454E5B90E3}.XMLStatic Release Unicode|Win32.ActiveCfg = Release|Win32
		{F936521E-1581-45EC-9520-E8454E5B90E3}.XMLStatic Release Unicode|Win32.Build.0 = Release|Win32
		{F936521E-1581-45EC-9520-E8454E5B90E3}.XMLStatic Release|Win32.ActiveCfg = Release|Win32
		{F936521E-1581-45EC-9520-E8454E5B90E3}.XMLStatic Release|Win32.Build.0 = Release|Win32
		{6B151CDE-CCF0-40EC-9A05-B5E587C37538}.Debug - DLL|Win32.ActiveCfg = Debug|Win32
		{6B151CDE-CCF0-40EC-9A05-B5E587C37538}.Debug - DLL|Win32.Build.0 = Debug|Win32
		{6B151CDE-CCF0-40EC-9A05-B5E587C37538}.Debug - Static Lib|Win32.ActiveCfg = Debug|Win32
		{6B151CDE-CCF0-40EC-9A05-B5E587C37538}.Debug - Static Lib|Win32.Build.0 = Debug|Win32
		{6B151CDE-CCF0-40EC-9A05-B5E587C37538}.Debug Unicode|Win32.ActiveCfg = Debug|Win32
		{6B151CDE-CCF0-40EC-9A05-B5E587C37538}.Debug Unicode|Win32.Build.0 = Debug|Win32
		{6B151CDE-CCF0-40EC-9A05-B5E587C37538}.Debug|Win32.ActiveCfg = Debug|Win32
		{6B151CDE-CCF0-40EC-9A05-B5E587C37538}.Debug|Win32.Build.0 = Debug|Win32
		{6B151CDE-CCF0-40EC-9A05-B5E587C37538}.Release - DLL|Win32.ActiveCfg = Release|Win32
		{6B151CDE-CCF0-40EC-9A05-B5E587C37538}.Release - DLL|Win32.Build.0 = Release|Win32
		{6B151CDE-CCF0-40EC-9A05-B5E587C37538}.Release - Static Lib|Win32.ActiveCfg = Release|Win32
		{6B151CDE-CCF0-40EC-9A05-B5E587C37538}.Release - Static Lib|Win32.Build.0 = Release|Win32
		{6B151CDE-CCF0-40EC-9A05-B5E587C37538}.Release Unicode|Win32.ActiveCfg = Release|Win32
		{6B151CDE-CCF0-40EC-9A05-B5E587C37538}.Release Unicode|Win32.Build.0 = Release|Win32
		{6B151CDE-CCF0-40EC-9A05-B5E587C37538}.Release|Win32.ActiveCfg = Release|Win32
		{6B151CDE-CCF0-40EC-9A05-B5E587C37538}.Release|Win32.Build.0 = Release|Win32
		{6B151CDE-CCF0-40EC-9A05-B5E587C37538}.XMLStatic Debug Unicode|Win32.ActiveCfg = Debug|Win32
		{6B151CDE-CCF0-40EC-9A05-B5E587C37538}.XMLStatic Debug Unicode|Win32.Build.0 = Debug|Win32
		{6B151CDE-CCF0-40EC-9A05-B5E587C37538}.XMLStatic Debug|Win32.ActiveCfg = Debug|Win32
		{6B151CDE-CCF0-40EC-9A05-B5E587C37538}.XMLStatic Debug|Win32.Build.0 = Debug|Win32
		{6B151CDE-CCF0-40EC-9A05-B5E587C37538}.XMLStatic Release Unicode|Win32.ActiveCfg = Release|Win32
		{6B151CDE-CCF0-40EC-9A05-B5E587C37538}.XMLStatic Release Unicode|Win32.Build.0 = Release|Win32
		{6B151CDE-CCF0-40EC-9A05-B5E587C37538}.XMLStatic Release|Win32.ActiveCfg = Release|Win32
		{6B151CDE-CCF0-40EC-9A05-B5E587C37538}.XMLStatic Release|Win32.Build.0 = Release|Win32
		{3E3771AC-141D-4AD4-98EC-43EFD2DD9081}.Debug - DLL|Win32.ActiveCfg = Debug|Win32
		{3E3771AC-141D-4AD4-98EC-43EFD2DD9081}.Debug - DLL|Win32.Build.0 = Debug|Win32
		{3E3771AC-141D-4AD4-98EC-43EFD2DD9081}.Debug - Static Lib|Win32.ActiveCfg = Debug|Win32
		{3E3771AC-141D-4AD4-98EC-43EFD2DD9081}.Debug - Static Lib|Win32.Build.0 = Debug|Win32
		{3E3771AC-141D-4AD4-98EC-43EFD2DD9081}.Debug Unicode|Win32.ActiveCfg = Debug|Win32
		{3E3771AC-141D-4AD4-98EC-43EFD2DD9081}.Debug Unicode|Win32.Build.0 = Debug|Win32
		{3E3771AC-141D-4AD4-98EC-43EFD2DD9081}.Debug|Win32.ActiveCfg = Debug|Win32
		{3E3771AC-141D-4AD4-98EC-43EFD2DD9081}.Debug|Win32.Build.0 = Debug|Win32
		{3E3771AC-141D-4AD4-98EC-43EFD2DD9081}.Release - DLL|Win32.ActiveCfg = Release|Win32
		{3E3771AC-141D-4AD4-98EC-43EFD2DD9081}.Release - DLL|Win32.Build.0 = Release|Win32
		{3E3771AC-141D-4AD4-98EC-43EFD2DD9081}.Release - Static Lib|Win32.ActiveCfg = Release|Win32
		{3E3771AC-141D-4AD4-98EC-43EFD2DD9081}.Release - Static Lib|Win32.Build.0 = Release|Win32
		{3E3771AC-141D-4AD4-98EC-43EFD2DD9081}.Release Unicode|Win32.ActiveCfg = Release|Win32
		{3E3771AC-141D-4AD4-98EC-43EFD2DD9081}.Release Unicode|Win32.Build.0 = Release|Win32
		{3E3771AC-141D-4AD4-98EC-43EFD2DD9081}.Release|Win32.ActiveCfg = Release|Win32
		{3E3771AC-141D-4AD4-98EC-43EFD2DD9081}.Release|Win32.Build.0 = Release|Win32
		{3E3771AC-141D-4AD4-98EC-43EFD2DD9081}.XMLStatic Debug Unicode|Win32.ActiveCfg = Debug|Win32
		{3E3771AC-141D-4AD4-98EC-43EFD2DD9081}.XMLStatic Debug Unicode|Win32.Build.0 = Debug|Win32
		{3E3771AC-141D-4AD4-98EC-43EFD2DD9081}.XMLStatic Debug|Win32.ActiveCfg = Debug|Win32
		{3E3771AC-141D-4AD4-98EC-43EFD2DD9081}.XMLStatic Debug|Win32.Build.0 = Debug|Win32
		{3E3771AC-141D-4AD4-98EC-43EFD2DD9081}.XMLStatic Release Unicode|Win32.ActiveCfg = Release|Win32
		{3E3771AC-141D-4AD4-98EC-43EFD2DD9081}.XMLStatic Release Unicode|Win32.Build.0 = Release|Win32
		{3E3771AC-141D-4AD4-98EC-43EFD2DD9081}.XMLStatic Release|Win32.ActiveCfg = Release|Win32
		{3E3771AC-141D-4AD4-98EC-43EFD2DD9081}.XMLStatic Release|Win32.Build.0 = Release|Win32
		{5EB5B279-0EE5-4EF8-98C1-8AA96A0244EB}.Debug - DLL|Win32.ActiveCfg = Debug|Win32
		{5EB5B279-0EE5-4EF8-98C1-8AA96A0244EB}.Debug - DLL|Win32.Build.0 = Debug|Win32
		{5EB5B279-0EE5-4EF8-98C1-8AA96A0244EB}.Debug - Static Lib|Win32.ActiveCfg = Debug|Win32
		{5EB5B279-0EE5-4EF8-98C1-8AA96A0244EB}.Debug - Static Lib|Win32.Build.0 = Debug|Win32
		{5EB5B279-0EE5-4EF8-98C1-8AA96A0244EB}.Debug Unicode|Win32.ActiveCfg = Debug|Win32
		{5EB5B279-0EE5-4EF8-98C1-8AA96A0244EB}.Debug Unicode|Win32.Build.0 = Debug|Win32
		{5EB5B279-0EE5-4EF8-98C1-8AA96A0244EB}.Debug|Win32.ActiveCfg = Debug|Win32
		{5EB5B279-0EE5-4EF8-98C1-8AA96A0244EB}.Debug|Win32.Build.0 = Debug|Win32
		{5EB5B279-0EE5-4EF8-98C1-8AA96A0244EB}.Release - DLL|Win32.ActiveCfg = Release|Win32
		{5EB5B279-0EE5-4EF8-98C1-8AA96A0244EB}.Release - DLL|Win32.Build.0 = Release|Win32
		{5EB5B279-0EE5-4EF8-98C1-8AA96A0244EB}.Release - Static Lib|Win32.ActiveCfg = Release|Win32
		{5EB5B279-0EE5-4EF8-98C1-8AA96A0244EB}.Release - Static Lib|Win32.Build.0 = Release|Win32
		{5EB5B279-0EE5-4EF8-98C1-8AA96A0244EB}.Release Unicode|Win32.ActiveCfg = Release|Win32
		{5EB5B279-0EE5-4EF8-98C1-8AA96A0244EB}.Release Unicode|Win32.Build.0 = Release|Win32
		{5EB5B279-0EE5-4EF8-98C1-8AA96A0244EB}.Release|Win32.ActiveCfg = Release|Win32
		{5EB5B279-0EE5-4EF8-98C1-8AA96A0244EB}.Release|Win32.Build.0 = Release|Win32
		{5EB5B279-0EE5-4EF8-98C1-8AA96A0244EB}.XMLStatic Debug Unicode|Win32.ActiveCfg = Debug|Win32
		{5EB5B279-0EE5-4EF8-98C1-8AA96A0244EB}.XMLStatic Debug Unicode|Win32.Build.0 = Debug|Win32
		{5EB5B279-0EE5-4EF8-98C1-8AA96A0244EB}.XMLStatic Debug|Win32.ActiveCfg = Debug|Win32
		{5EB5B279-0EE5-4EF8-98C1-8AA96A0244EB}.XMLStatic Debug|Win32.Build.0 = Debug|Win32
		{5EB5B279-0EE5-4EF8-98C1-8AA96A0244EB}.XMLStatic Release Unicode|Win32.ActiveCfg = Release|Win32
		{5EB5B279-0EE5-4EF8-98C1-8AA96A0244EB}.XMLStatic Release Unicode|Win32.Build.0 = Release|Win32
		{5EB5B279-0EE5-4EF8-98C1-8AA96A0244EB}.XMLStatic Release|Win32.ActiveCfg = Release|Win32
		{5EB5B279-0EE5-4EF8-98C1-8AA96A0244EB}.XMLStatic Release|Win32.Build.0 = Release|Win32
		{E99EF15F-6F11-48ED-8BE6-82C9AEA7D086}.Debug - DLL|Win32.ActiveCfg = Debug|Win32
		{E99EF15F-6F11-48ED-8BE6-82C9AEA7D086}.Debug - DLL|Win32.Build.0 = Debug|Win32
		{E99EF15F-6F11-48ED-8BE6-82C9AEA7D086}.Debug - Static Lib|Win32.ActiveCfg = Debug|Win32
		{E99EF15F-6F11-48ED-8BE6-82C9AEA7D086}.Debug - Static Lib|Win32.Build.0 = Debug|Win32
		{E99EF15F-6F11-48ED-8BE6-82C9AEA7D086}.Debug Unicode|Win32.ActiveCfg = Debug|Win32
		{E99EF15F-6F11-48ED-8BE6-82C9AEA7D086}.Debug Unicode|Win32.Build.0 = Debug|Win32
		{E99EF15F-6F11-48ED-8BE6-82C9AEA7D086}.Debug|Win32.ActiveCfg = Debug|Win32
		{E99EF15F-6F11-48ED-8BE6-82C9AEA7D086}.Debug|Win32.Build.0 = Debug|Win32
		{E99EF15F-6F11-48ED-8BE6-82C9AEA7D086}.Release - DLL|Win32.ActiveCfg = Release|Win32
		{E99EF15F-6F11-48ED-8BE6-82C9AEA7D086}.Release - DLL|Win32.Build.0 = Release|Win32
		{E99EF15F-6F11-48ED-8BE6-82C9AEA7D086}.Release - Static Lib|Win32.ActiveCfg = Release|Win32
		{E99EF15F-6F11-48ED-8BE6-82C9AEA7D086}.Release - Static Lib|Win32.Build.0 = Release|Win32
		{E99EF15F-6F11-48ED-8BE6-82C9AEA7D086}.Release Unicode|Win32.ActiveCfg = Release|Win32
		{E99EF15F-6F11-48ED-8BE6-82C9AEA7D086}.Release Unicode|Win32.Build.0 = Release|Win32
		{E99EF15F-6F11-48ED-8BE6-82C9AEA7D086}.Release|Win32.ActiveCfg = Release|Win32
		{E99EF15F-6F11-48ED-8BE6-82C9AEA7D086}.Release|Win32.Build.0 = Release|Win32
		{E99EF15F-6F11-48ED-8BE6-82C9AEA7D086}.XMLStatic Debug Unicode|Win32.ActiveCfg = Debug|Win32
		{E99EF15F-6F11-48ED-8BE6-82C9AEA7D086}.XMLStatic Debug Unicode|Win32.Build.0 = Debug|Win32
		{E99EF15F-6F11-48ED-8BE6-82C9AEA7D086}.XMLStatic Debug|Win32.ActiveCfg = Debug|Win32
		{E99EF15F-6F11-48ED-8BE6-82C9AEA7D086}.XMLStatic Debug|Win32.Build.0 = Debug|Win32
		{E99EF15F-6F11-48ED-8BE6-82C9AEA7D086}.XMLStatic Release Unicode|Win32.ActiveCfg = Release|Win32
		{E99EF15F-6F11-48ED-8BE6-82C9AEA7D086}.XMLStatic Release Unicode|Win32.Build.0 = Release|Win32
		{E99EF15F-6F11-48ED-8BE6-82C9AEA7D086}.XMLStatic Release|Win32.ActiveCfg = Release|Win32
		{E99EF15F-6F11-48ED-8BE6-82C9AEA7D086}.XMLStatic Release|Win32.Build.0 = Release|Win32
		{397B5FF1-25A7-4C56-B877-22F303D7EDA4}.Debug - DLL|Win32.ActiveCfg = Debug|Win32
		{397B5FF1-25A7-4C56-B877-22F303D7EDA4}.Debug - DLL|Win32.Build.0 = Debug|Win32
		{397B5FF1-25A7-4C56-B877-22F303D7EDA4}.Debug - Static Lib|Win32.ActiveCfg = Debug|Win32
		{397B5FF1-25A7-4C56-B877-22F303D7EDA4}.Debug - Static Lib|Win32.Build.0 = Debug|Win32
		{397B5FF1-25A7-4C56-B877-22F303D7EDA4}.Debug Unicode|Win32.ActiveCfg = Debug|Win32
		{397B5FF1-25A7-4C56-B877-22F303D7EDA4}.Debug Unicode|Win32.Build.0 = Debug|Win32
		{397B5FF1-25A7-4C56-B877-22F303D7EDA4}.Debug|Win32.ActiveCfg = Debug|Win32
		{397B5FF1-25A7-4C56-B877-22F303D7EDA4}.Debug|Win32.Build.0 = Debug|Win32
		{397B5FF1-25A7-4C56-B877-22F303D7EDA4}.Release - DLL|Win32.ActiveCfg = Release|Win32
		{397B5FF1-25A7-4C56-B877-22F303D7EDA4}.Release - DLL|Win32.Build.0 = Release|Win32
		{397B5FF1-25A7-4C56-B877-22F303D7EDA4}.Release - Static Lib|Win32.ActiveCfg = Release|Win32
		{397B5FF1-25A7-4C56-B877-22F303D7EDA4}.Release - Static Lib|Win32.Build.0 = Release|Win32
		{397B5FF1-25A7-4C56-B877-22F303D7EDA4}.Release Unicode|Win32.ActiveCfg = Release|Win32
		{397B5FF1-25A7-4C56-B877-22F303D7EDA4}.Release Unicode|Win32.Build.0 = Release|Win32
		{397B5FF1-25A7-4C56-B877-22F303D7EDA4}.Release|Win32.ActiveCfg = Release|Win32
		{397B5FF1-25A7-4C56-B877-22F303D7EDA4}.Release|Win32.Build.0 = Release|Win32
		{397B5FF1-25A7-4C56-B877-22F303D7EDA4}.XMLStatic Debug Unicode|Win32.ActiveCfg = Debug|Win32
		{397B5FF1-25A7-4C56-B877-22F303D7EDA4}.XMLStatic Debug Unicode|Win32.Build.0 = Debug|Win32
		{397B5FF1-25A7-4C56-B877-22F303D7EDA4}.XMLStatic Debug|Win32.ActiveCfg = Debug|Win32
		{397B5FF1-25A7-4C56-B877-22F303D7EDA4}.XMLStatic Debug|Win32.Build.0 = Debug|Win32
		{397B5FF1-25A7-4C56-B877-22F303D7EDA4}.XMLStatic Release Unicode|Win32.ActiveCfg = Release|Win32
		{397B5FF1-25A7-4C56-B877-22F303D7EDA4}.XMLStatic Release Unicode|Win32.Build.0 = Release|Win32
		{397B5FF1-25A7-4C56-B877-22F303D7EDA4}.XMLStatic Release|Win32.ActiveCfg = Release|Win32
		{397B5FF1-25A7-4C56-B877-22F303D7EDA4}.XMLStatic Release|Win32.Build.0 = Release|Win32
		{5685AF43-CD54-4862-80E1-717F27C0DC9C}.Debug - DLL|Win32.ActiveCfg = Debug|Win32
		{5685AF43-CD54-4862-80E1-717F27C0DC9C}.Debug - DLL|Win32.Build.0 = Debug|Win32
		{5685AF43-CD54-4862-80E1-717F27C0DC9C}.Debug - Static Lib|Win32.ActiveCfg = Debug|Win32
		{5685AF43-CD54-4862-80E1-717F27C0DC9C}.Debug - Static Lib|Win32.Build.0 = Debug|Win32
		{5685AF43-CD54-4862-80E1-717F27C0DC9C}.Debug Unicode|Win32.ActiveCfg = Debug|Win32
		{5685AF43-CD54-4862-80E1-717F27C0DC9C}.Debug Unicode|Win32.Build.0 = Debug|Win32
		{5685AF43-CD54-4862-80E1-717F27C0DC9C}.Debug|Win32.ActiveCfg = Debug|Win32
		{5685AF43-CD54-4862-80E1-717F27C0DC9C}.Debug|Win32.Build.0 = Debug|Win32
		{5685AF43-CD54-4862-80E1-717F27C0DC9C}.Release - DLL|Win32.ActiveCfg = Release|Win32
		{5685AF43-CD54-4862-80E1-717F27C0DC9C}.Release - DLL|Win32.Build.0 = Release|Win32
		{5685AF43-CD54-4862-80E1-717F27C0DC9C}.Release - Static Lib|Win32.ActiveCfg = Release|Win32
		{5685AF43-CD54-4862-80E1-717F27C0DC9C}.Release - Static Lib|Win32.Build.0 = Release|Win32
		{5685AF43-CD54-4862-80E1-717F27C0DC9C}.Release Unicode|Win32.ActiveCfg = Release|Win32
		{5685AF43-CD54-4862-80E1-717F27C0DC9C}.Release Unicode|Win32.Build.0 = Release|Win32
		{5685AF43-CD54-4862-80E1-717F27C0DC9C}.Release|Win32.ActiveCfg = Release|Win32
		{5685AF43-CD54-4862-80E1-717F27C0DC9C}.Release|Win32.Build.0 = Release|Win32
		{5685AF43-CD54-4862-80E1-717F27C0DC9C}.XMLStatic Debug Unicode|Win32.ActiveCfg = Debug|Win32
		{5685AF43-CD54-4862-80E1-717F27C0DC9C}.XMLStatic Debug Unicode|Win32.Build.0 = Debug|Win32
		{5685AF43-CD54-4862-80E1-717F27C0DC9C}.XMLStatic Debug|Win32.ActiveCfg = Debug|Win32
		{5685AF43-CD54-4862-80E1-717F27C0DC9C}.XMLStatic Debug|Win32.Build.0 = Debug|Win32
		{5685AF43-CD54-4862-80E1-717F27C0DC9C}.XMLStatic Release Unicode|Win32.ActiveCfg = Release|Win32
		{5685AF43-CD54-4862-80E1-717F27C0DC9C}.XMLStatic Release Unicode|Win32.Build.0 = Release|Win32
		{5685AF43-CD54-4862-80E1-717F27C0DC9C}.XMLStatic Release|Win32.ActiveCfg = Release|Win32
		{5685AF43-CD54-4862-80E1-717F27C0DC9C}.XMLStatic Release|Win32.Build.0 = Release|Win32
		{539C5628-9099-4ED9-B670-12ED5588FE89}.Debug - DLL|Win32.ActiveCfg = Debug|Win32
		{539C5628-9099-4ED9-B670-12ED5588FE89}.Debug - DLL|Win32.Build.0 = Debug|Win32
		{539C5628-9099-4ED9-B670-12ED5588FE89}.Debug - Static Lib|Win32.ActiveCfg = Debug|Win32
		{539C5628-9099-4ED9-B670-12ED5588FE89}.Debug - Static Lib|Win32.Build.0 = Debug|Win32
		{539C5628-9099-4ED9-B670-12ED5588FE89}.Debug Unicode|Win32.ActiveCfg = Debug|Win32
		{539C5628-9099-4ED9-B670-12ED5588FE89}.Debug Unicode|Win32.Build.0 = Debug|Win32
		{539C5628-9099-4ED9-B670-12ED5588FE89}.Debug|Win32.ActiveCfg = Debug|Win32
		{539C5628-9099-4ED9-B670-12ED5588FE89}.Debug|Win32.Build.0 = Debug|Win32
		{539C5628-9099-4ED9-B670-12ED5588FE89}.Release - DLL|Win32.ActiveCfg = Release|Win32
		{539C5628-9099-4ED9-B670-12ED5588FE89}.Release - DLL|Win32.Build.0 = Release|Win32
		{539C5628-9099-4ED9-B670-12ED5588FE89}.Release - Static Lib|Win32.ActiveCfg = Release|Win32
		{539C5628-9099-4ED9-B670-12ED5588FE89}.Release - Static Lib|Win32.Build.0 = Release|Win32
		{539C5628-9099-4ED9-B670-12ED5588FE89}.Release Unicode|Win32.ActiveCfg = Release|Win32
		{539C5628-9099-4ED9-B670-12ED5588FE89}.Release Unicode|Win32.Build.0 = Release|Win32
		{539C5628-9099-4ED9-B670-12ED5588FE89}.Release|Win32.ActiveCfg = Release|Win32
		{539C5628-9099-4ED9-B670-12ED5588FE89}.Release|Win32.Build.0 = Release|Win32
		{539C5628-9099-4ED9-B670-12ED5588FE89}.XMLStatic Debug Unicode|Win32.ActiveCfg = Debug|Win32
		{539C5628-9099-4ED9-B670-12ED5588FE89}.XMLStatic Debug Unicode|Win32.Build.0 = Debug|Win32
		{539C5628-9099-4ED9-B670-12ED5588FE89}.XMLStatic Debug|Win32.ActiveCfg = Debug|Win32
		{539C5628-9099-4ED9-B670-12ED5588FE89}.XMLStatic Debug|Win32.Build.0 = Debug|Win32
		{539C5628-9099-4ED9-B670-12ED5588FE89}.XMLStatic Release Unicode|Win32.ActiveCfg = Release|Win32
		{539C5628-9099-4ED9-B670-12ED5588FE89}.XMLStatic Release Unicode|Win32.Build.0 = Release|Win32
		{539C5628-9099-4ED9-B670-12ED5588FE89}.XMLStatic Release|Win32.ActiveCfg = Release|Win32
		{539C5628-9099-4ED9-B670-12ED5588FE89}.XMLStatic Release|Win32.Build.0 = Release|Win32
		{E4EFB061-1BA3-40D8-81FC-6287F05AE402}.Debug - DLL|Win32.ActiveCfg = Debug|Win32
		{E4EFB061-1BA3-40D8-81FC-6287F05AE402}.Debug - DLL|Win32.Build.0 = Debug|Win32
		{E4EFB061-1BA3-40D8-81FC-6287F05AE402}.Debug - Static Lib|Win32.ActiveCfg = Debug|Win32
		{E4EFB061-1BA3-40D8-81FC-6287F05AE402}.Debug - Static Lib|Win32.Build.0 = Debug|Win32
		{E4EFB061-1BA3-40D8-81FC-6287F05AE402}.Debug Unicode|Win32.ActiveCfg = Debug|Win32
		{E4EFB061-1BA3-40D8-81FC-6287F05AE402}.Debug Unicode|Win32.Build.0 = Debug|Win32
		{E4EFB061-1BA3-40D8-81FC-6287F05AE402}.Debug|Win32.ActiveCfg = Debug|Win32
		{E4EFB061-1BA3-40D8-81FC-6287F05AE402}.Debug|Win32.Build.0 = Debug|Win32
		{E4EFB061-1BA3-40D8-81FC-6287F05AE402}.Release - DLL|Win32.ActiveCfg = Release|Win32
		{E4EFB061-1BA3-40D8-81FC-6287F05AE402}.Release - DLL|Win32.Build.0 = Release|Win32
		{E4EFB061-1BA3-40D8-81FC-6287F05AE402}.Release - Static Lib|Win32.ActiveCfg = Release|Win32
		{E4EFB061-1BA3-40D8-81FC-6287F05AE402}.Release - Static Lib|Win32.Build.0 = Release|Win32
		{E4EFB061-1BA3-40D8-81FC-6287F05AE402}.Release Unicode|Win32.ActiveCfg = Release|Win32
		{E4EFB061-1BA3-40D8-81FC-6287F05AE402}.Release Unicode|Win32.Build.0 = Release|Win32
		{E4EFB061-1BA3-40D8-81FC-6287F05AE402}.Release|Win32.ActiveCfg = Release|Win32
		{E4EFB061-1BA3-40D8-81FC-6287F05AE402}.Release|Win32.Build.0 = Release|Win32
		{E4EFB061-1BA3-40D8-81FC-6287F05AE402}.XMLStatic Debug Unicode|Win32.ActiveCfg = Debug|Win32
		{E4EFB061-1BA3-40D8-81FC-6287F05AE402}.XMLStatic Debug Unicode|Win32.Build.0 = Debug|Win32
		{E4EFB061-1BA3-40D8-81FC-6287F05AE402}.XMLStatic Debug|Win32.ActiveCfg = Debug|Win32
		{E4EFB061-1BA3-40D8-81FC-6287F05AE402}.XMLStatic Debug|Win32.Build.0 = Debug|Win32
		{E4EFB061-1BA3-40D8-81FC-6287F05AE402}.XMLStatic Release Unicode|Win32.ActiveCfg = Release|Win32
		{E4EFB061-1BA3-40D8-81FC-6287F05AE402}.XMLStatic Release Unicode|Win32.Build.0 = Release|Win32
		{E4EFB061-1BA3-40D8-81FC-6287F05AE402}.XMLStatic Release|Win32.ActiveCfg = Release|Win32
		{E4EFB061-1BA3-40D8-81FC-6287F05AE402}.XMLStatic Release|Win32.Build.0 = Release|Win32
		{A0BE077E-276A-4F1B-A7FC-C09415F51E6F}.Debug - DLL|Win32.ActiveCfg = Debug|Win32
		{A0BE077E-276A-4F1B-A7FC-C09415F51E6F}.Debug - DLL|Win32.Build.0 = Debug|Win32
		{A0BE077E-276A-4F1B-A7FC-C09415F51E6F}.Debug - Static Lib|Win32.ActiveCfg = Debug|Win32
		{A0BE077E-276A-4F1B-A7FC-C09415F51E6F}.Debug - Static Lib|Win32.Build.0 = Debug|Win32
		{A0BE077E-276A-4F1B-A7FC-C09415F51E6F}.Debug Unicode|Win32.ActiveCfg = Debug|Win32
		{A0BE077E-276A-4F1B-A7FC-C09415F51E6F}.Debug Unicode|Win32.Build.0 = Debug|Win32
		{A0BE077E-276A-4F1B-A7FC-C09415F51E6F}.Debug|Win32.ActiveCfg = Debug|Win32
		{A0BE077E-276A-4F1B-A7FC-C09415F51E6F}.Debug|Win32.Build.0 = Debug|Win32
		{A0BE077E-276A-4F1B-A7FC-C09415F51E6F}.Release - DLL|Win32.ActiveCfg = Release|Win32
		{A0BE077E-276A-4F1B-A7FC-C09415F51E6F}.Release - DLL|Win32.Build.0 = Release|Win32
		{A0BE077E-276A-4F1B-A7FC-C09415F51E6F}.Release - Static Lib|Win32.ActiveCfg = Release|Win32
		{A0BE077E-276A-4F1B-A7FC-C09415F51E6F}.Release - Static Lib|Win32.Build.0 = Release|Win32
		{A0BE077E-276A-4F1B-A7FC-C09415F51E6F}.Release Unicode|Win32.ActiveCfg = Release|Win32
		{A0BE077E-276A-4F1B-A7FC-C09415F51E6F}.Release Unicode|Win32.Build.0 = Release|Win32
		{A0BE077E-276A-4F1B-A7FC-C09415F51E6F}.Release|Win32.ActiveCfg = Release|Win32
		{A0BE077E-276A-4F1B-A7FC-C09415F51E6F}.Release|Win32.Build.0 = Release|Win32
		{A0BE077E-276A-4F1B-A7FC-C09415F51E6F}.XMLStatic Debug Unicode|Win32.ActiveCfg = Debug|Win32
		{A0BE077E-276A-4F1B-A7FC-C09415F51E6F}.XMLStatic Debug Unicode|Win32.Build.0 = Debug|Win32
		{A0BE077E-276A-4F1B-A7FC-C09415F51E6F}.XMLStatic Debug|Win32.ActiveCfg = Debug|Win32
		{A0BE077E-276A-4F1B-A7FC-C09415F51E6F}.XMLStatic Debug|Win32.Build.0 = Debug|Win32
		{A0BE077E-276A-4F1B-A7FC-C09415F51E6F}.XMLStatic Release Unicode|Win32.ActiveCfg = Release|Win32
		{A0BE077E-276A-4F1B-A7FC-C09415F51E6F}.XMLStatic Release Unicode|Win32.Build.0 = Release|Win32
		{A0BE077E-276A-4F1B-A7FC-C09415F51E6F}.XMLStatic Release|Win32.ActiveCfg = Release|Win32
		{A0BE077E-276A-4F1B-A7FC-C09415F51E6F}.XMLStatic Release|Win32.Build.0 = Release|Win32
		{698F7DCA-01C8-496E-813E-94FFFF439D34}.Debug - DLL|Win32.ActiveCfg = Debug|Win32
		{698F7DCA-01C8-496E-813E-94FFFF439D34}.Debug - DLL|Win32.Build.0 = Debug|Win32
		{698F7DCA-01C8-496E-813E-94FFFF439D34}.Debug - Static Lib|Win32.ActiveCfg = Debug|Win32
		{698F7DCA-01C8-496E-813E-94FFFF439D34}.Debug - Static Lib|Win32.Build.0 = Debug|Win32
		{698F7DCA-01C8-496E-813E-94FFFF439D34}.Debug Unicode|Win32.ActiveCfg = Debug|Win32
		{698F7DCA-01C8-496E-813E-94FFFF439D34}.Debug Unicode|Win32.Build.0 = Debug|Win32
		{698F7DCA-01C8-496E-813E-94FFFF439D34}.Debug|Win32.ActiveCfg = Debug|Win32
		{698F7DCA-01C8-496E-813E-94FFFF439D34}.Debug|Win32.Build.0 = Debug|Win32
		{698F7DCA-01C8-496E-813E-94FFFF439D34}.Release - DLL|Win32.ActiveCfg = Release|Win32
		{698F7DCA-01C8-496E-813E-94FFFF439D34}.Release - DLL|Win32.Build.0 = Release|Win32
		{698F7DCA-01C8-496E-813E-94FFFF439D34}.Release - Static Lib|Win32.ActiveCfg = Release|Win32
		{698F7DCA-01C8-496E-813E-94FFFF439D34}.Release - Static Lib|Win32.Build.0 = Release|Win32
		{698F7DCA-01C8-496E-813E-94FFFF439D34}.Release Unicode|Win32.ActiveCfg = Release|Win32
		{698F7DCA-01C8-496E-813E-94FFFF439D34}.Release Unicode|Win32.Build.0 = Release|Win32
		{698F7DCA-01C8-496E-813E-94FFFF439D34}.Release|Win32.ActiveCfg = Release|Win32
		{698F7DCA-01C8-496E-813E-94FFFF439D34}.Release|Win32.Build.0 = Release|Win32
		{698F7DCA-01C8-496E-813E-94FFFF439D34}.XMLStatic Debug Unicode|Win32.ActiveCfg = Debug|Win32
		{698F7DCA-01C8-496E-813E-94FFFF439D34}.XMLStatic Debug Unicode|Win32.Build.0 = Debug|Win32
		{698F7DCA-01C8-496E-813E-94FFFF439D34}.XMLStatic Debug|Win32.ActiveCfg = Debug|Win32
		{698F7DCA-01C8-496E-813E-94FFFF439D34}.XMLStatic Debug|Win32.Build.0 = Debug|Win32
		{698F7DCA-01C8-496E-813E-94FFFF439D34}.XMLStatic Release Unicode|Win32.ActiveCfg = Release|Win32
		{698F7DCA-01C8-496E-813E-94FFFF439D34}.XMLStatic Release Unicode|Win32.Build.0 = Release|Win32
		{698F7DCA-01C8-496E-813E-94FFFF439D34}.XMLStatic Release|Win32.ActiveCfg = Release|Win32
		{698F7DCA-01C8-496E-813E-94FFFF439D34}.XMLStatic Release|Win32.Build.0 = Release|Win32
		{42BB535A-9E9B-4F52-9B78-385E293CE3EC}.Debug - DLL|Win32.ActiveCfg = Debug|Win32
		{42BB535A-9E9B-4F52-9B78-385E293CE3EC}.Debug - DLL|Win32.Build.0 = Debug|Win32
		{42BB535A-9E9B-4F52-9B78-385E293CE3EC}.Debug - Static Lib|Win32.ActiveCfg = Debug|Win32
		{42BB535A-9E9B-4F52-9B78-385E293CE3EC}.Debug - Static Lib|Win32.Build.0 = Debug|Win32
		{42BB535A-9E9B-4F52-9B78-385E293CE3EC}.Debug Unicode|Win32.ActiveCfg = Debug|Win32
		{42BB535A-9E9B-4F52-9B78-385E293CE3EC}.Debug Unicode|Win32.Build.0 = Debug|Win32
		{42BB535A-9E9B-4F52-9B78-385E293CE3EC}.Debug|Win32.ActiveCfg = Debug|Win32
		{42BB535A-9E9B-4F52-9B78-385E293CE3EC}.Debug|Win32.Build.0 = Debug|Win32
		{42BB535A-9E9B-4F52-9B78-385E293CE3EC}.Release - DLL|Win32.ActiveCfg = Release|Win32
		{42BB535A-9E9B-4F52-9B78-385E293CE3EC}.Release - DLL|Win32.Build.0 = Release|Win32
		{42BB535A-9E9B-4F52-9B78-385E293CE3EC}.Release - Static Lib|Win32.ActiveCfg = Release|Win32
		{42BB535A-9E9B-4F52-9B78-385E293CE3EC}.Release - Static Lib|Win32.Build.0 = Release|Win32
		{42BB535A-9E9B-4F52-9B78-385E293CE3EC}.Release Unicode|Win32.ActiveCfg = Release|Win32
		{42BB535A-9E9B-4F52-9B78-385E293CE3EC}.Release Unicode|Win32.Build.0 = Release|Win32
		{42BB535A-9E9B-4F52-9B78-385E293CE3EC}.Release|Win32.ActiveCfg = Release|Win32
		{42BB535A-9E9B-4F52-9B78-385E293CE3EC}.Release|Win32.Build.0 = Release|Win32
		{42BB535A-9E9B-4F52-9B78-385E293CE3EC}.XMLStatic Debug Unicode|Win32.ActiveCfg = Debug|Win32
		{42BB535A-9E9B-4F52-9B78-385E293CE3EC}.XMLStatic Debug Unicode|Win32.Build.0 = Debug|Win32
		{42BB535A-9E9B-4F52-9B78-385E293CE3EC}.XMLStatic Debug|Win32.ActiveCfg = Debug|Win32
		{42BB535A-9E9B-4F52-9B78-385E293CE3EC}.XMLStatic Debug|Win32.Build.0 = Debug|Win32
		{42BB535A-9E9B-4F52-9B78-385E293CE3EC}.XMLStatic Release Unicode|Win32.ActiveCfg = Release|Win32
		{42BB535A-9E9B-4F52-9B78-385E293CE3EC}.XMLStatic Release Unicode|Win32.Build.0 = Release|Win32
		{42BB535A-9E9B-4F52-9B78-385E293CE3EC}.XMLStatic Release|Win32.ActiveCfg = Release|Win32
		{42BB535A-9E9B-4F52-9B78-385E293CE3EC}.XMLStatic Release|Win32.Build.0 = Release|Win32
		{03555D15-C69F-4671-9527-617A58859E62}.Debug - DLL|Win32.ActiveCfg = Debug|Win32
		{03555D15-C69F-4671-9527-617A58859E62}.Debug - DLL|Win32.Build.0 = Debug|Win32
		{03555D15-C69F-4671-9527-617A58859E62}.Debug - Static Lib|Win32.ActiveCfg = Debug|Win32
		{03555D15-C69F-4671-9527-617A58859E62}.Debug - Static Lib|Win32.Build.0 = Debug|Win32
		{03555D15-C69F-4671-9527-617A58859E62}.Debug Unicode|Win32.ActiveCfg = Debug|Win32
		{03555D15-C69F-4671-9527-617A58859E62}.Debug Unicode|Win32.Build.0 = Debug|Win32
		{03555D15-C69F-4671-9527-617A58859E62}.Debug|Win32.ActiveCfg = Debug|Win32
		{03555D15-C69F-4671-9527-617A58859E62}.Debug|Win32.Build.0 = Debug|Win32
		{03555D15-C69F-4671-9527-617A58859E62}.Release - DLL|Win32.ActiveCfg = Release|Win32
		{03555D15-C69F-4671-9527-617A58859E62}.Release - DLL|Win32.Build.0 = Release|Win32
		{03555D15-C69F-4671-9527-617A58859E62}.Release - Static Lib|Win32.ActiveCfg = Release|Win32
		{03555D15-C69F-4671-9527-617A58859E62}.Release - Static Lib|Win32.Build.0 = Release|Win32
		{03555D15-C69F-4671-9527-617A58859E62}.Release Unicode|Win32.ActiveCfg = Release|Win32
		{03555D15-C69F-4671-9527-617A58859E62}.Release Unicode|Win32.Build.0 = Release|Win32
		{03555D15-C69F-4671-9527-617A58859E62}.Release|Win32.ActiveCfg = Release|Win32
		{03555D15-C69F-4671-9527-617A58859E62}.Release|Win32.Build.0 = Release|Win32
		{03555D15-C69F-4671-9527-617A58859E62}.XMLStatic Debug Unicode|Win32.ActiveCfg = Debug|Win32
		{03555D15-C69F-4671-9527-617A58859E62}.XMLStatic Debug Unicode|Win32.Build.0 = Debug|Win32
		{03555D15-C69F-4671-9527-617A58859E62}.XMLStatic Debug|Win32.ActiveCfg = Debug|Win32
		{03555D15-C69F-4671-9527-617A58859E62}.XMLStatic Debug|Win32.Build.0 = Debug|Win32
		{03555D15-C69F-4671-9527-617A58859E62}.XMLStatic Release Unicode|Win32.ActiveCfg = Release|Win32
		{03555D15-C69F-4671-9527-617A58859E62}.XMLStatic Release Unicode|Win32.Build.0 = Release|Win32
		{03555D15-C69F-4671-9527-617A58859E62}.XMLStatic Release|Win32.ActiveCfg = Release|Win32
		{03555D15-C69F-4671-9527-617A58859E62}.XMLStatic Release|Win32.Build.0 = Release|Win32
		{25BDC689-F36B-4760-A407-011276901B2C}.Debug - DLL|Win32.ActiveCfg = Debug|Win32
		{25BDC689-F36B-4760-A407-011276901B2C}.Debug - DLL|Win32.Build.0 = Debug|Win32
		{25BDC689-F36B-4760-A407-011276901B2C}.Debug - Static Lib|Win32.ActiveCfg = Debug|Win32
		{25BDC689-F36B-4760-A407-011276901B2C}.Debug - Static Lib|Win32.Build.0 = Debug|Win32
		{25BDC689-F36B-4760-A407-011276901B2C}.Debug Unicode|Win32.ActiveCfg = Debug|Win32
		{25BDC689-F36B-4760-A407-011276901B2C}.Debug Unicode|Win32.Build.0 = Debug|Win32
		{25BDC689-F36B-4760-A407-011276901B2C}.Debug|Win32.ActiveCfg = Debug|Win32
		{25BDC689-F36B-4760-A407-011276901B2C}.Debug|Win32.Build.0 = Debug|Win32
		{25BDC689-F36B-4760-A407-011276901B2C}.Release - DLL|Win32.ActiveCfg = Release|Win32
		{25BDC689-F36B-4760-A407-011276901B2C}.Release - DLL|Win32.Build.0 = Release|Win32
		{25BDC689-F36B-4760-A407-011276901B2C}.Release - Static Lib|Win32.ActiveCfg = Release|Win32
		{25BDC689-F36B-4760-A407-011276901B2C}.Release - Static Lib|Win32.Build.0 = Release|Win32
		{25BDC689-F36B-4760-A407-011276901B2C}.Release Unicode|Win32.ActiveCfg = Release|Win32
		{25BDC689-F36B-4760-A407-011276901B2C}.Release Unicode|Win32.Build.0 = Release|Win32
		{25BDC689-F36B-4760-A407-011276901B2C}.Release|Win32.ActiveCfg = Release|Win32
		{25BDC689-F36B-4760-A407-011276901B2C}.Release|Win32.Build.0 = Release|Win32
		{25BDC689-F36B-4760-A407-011276901B2C}.XMLStatic Debug Unicode|Win32.ActiveCfg = Debug|Win32
		{25BDC689-F36B-4760-A407-011276901B2C}.XMLStatic Debug Unicode|Win32.Build.0 = Debug|Win32
		{25BDC689-F36B-4760-A407-011276901B2C}.XMLStatic Debug|Win32.ActiveCfg = Debug|Win32
		{25BDC689-F36B-4760-A407-011276901B2C}.XMLStatic Debug|Win32.Build.0 = Debug|Win32
		{25BDC689-F36B-4760-A407-011276901B2C}.XMLStatic Release Unicode|Win32.ActiveCfg = Release|Win32
		{25BDC689-F36B-4760-A407-011276901B2C}.XMLStatic Release Unicode|Win32.Build.0 = Release|Win32
		{25BDC689-F36B-4760-A407-011276901B2C}.XMLStatic Release|Win32.ActiveCfg = Release|Win32
		{25BDC689-F36B-4760-A407-011276901B2C}.XMLStatic Release|Win32.Build.0 = Release|Win32
		{2D7A9AED-EBDE-4389-AD67-AD45B3FFDBBA}.Debug - DLL|Win32.ActiveCfg = Debug|Win32
		{2D7A9AED-EBDE-4389-AD67-AD45B3FFDBBA}.Debug - DLL|Win32.Build.0 = Debug|Win32
		{2D7A9AED-EBDE-4389-AD67-AD45B3FFDBBA}.Debug - Static Lib|Win32.ActiveCfg = Debug|Win32
		{2D7A9AED-EBDE-4389-AD67-AD45B3FFDBBA}.Debug - Static Lib|Win32.Build.0 = Debug|Win32
		{2D7A9AED-EBDE-4389-AD67-AD45B3FFDBBA}.Debug Unicode|Win32.ActiveCfg = Debug|Win32
		{2D7A9AED-EBDE-4389-AD67-AD45B3FFDBBA}.Debug Unicode|Win32.Build.0 = Debug|Win32
		{2D7A9AED-EBDE-4389-AD67-AD45B3FFDBBA}.Debug|Win32.ActiveCfg = Debug|Win32
		{2D7A9AED-EBDE-4389-AD67-AD45B3FFDBBA}.Debug|Win32.Build.0 = Debug|Win32
		{2D7A9AED-EBDE-4389-AD67-AD45B3FFDBBA}.Release - DLL|Win32.ActiveCfg = Release|Win32
		{2D7A9AED-EBDE-4389-AD67-AD45B3FFDBBA}.Release - DLL|Win32.Build.0 = Release|Win32
		{2D7A9AED-EBDE-4389-AD67-AD45B3FFDBBA}.Release - Static Lib|Win32.ActiveCfg = Release|Win32
		{2D7A9AED-EBDE-4389-AD67-AD45B3FFDBBA}.Release - Static Lib|Win32.Build.0 = Release|Win32
		{2D7A9AED-EBDE-4389-AD67-AD45B3FFDBBA}.Release Unicode|Win32.ActiveCfg = Release|Win32
		{2D7A9AED-EBDE-4389-AD67-AD45B3FFDBBA}.Release Unicode|Win32.Build.0 = Release|Win32
		{2D7A9AED-EBDE-4389-AD67-AD45B3FFDBBA}.Release|Win32.ActiveCfg = Release|Win32
		{2D7A9AED-EBDE-4389-AD67-AD45B3FFDBBA}.Release|Win32.Build.0 = Release|Win32
		{2D7A9AED-EBDE-4389-AD67-AD45B3FFDBBA}.XMLStatic Debug Unicode|Win32.ActiveCfg = Debug|Win32
		{2D7A9AED-EBDE-4389-AD67-AD45B3FFDBBA}.XMLStatic Debug Unicode|Win32.Build.0 = Debug|Win32
		{2D7A9AED-EBDE-4389-AD67-AD45B3FFDBBA}.XMLStatic Debug|Win32.ActiveCfg = Debug|Win32
		{2D7A9AED-EBDE-4389-AD67-AD45B3FFDBBA}.XMLStatic Debug|Win32.Build.0 = Debug|Win32
		{2D7A9AED-EBDE-4389-AD67-AD45B3FFDBBA}.XMLStatic Release Unicode|Win32.ActiveCfg = Release|Win32
		{2D7A9AED-EBDE-4389-AD67-AD45B3FFDBBA}.XMLStatic Release Unicode|Win32.Build.0 = Release|Win32
		{2D7A9AED-EBDE-4389-AD67-AD45B3FFDBBA}.XMLStatic Release|Win32.ActiveCfg = Release|Win32
		{2D7A9AED-EBDE-4389-AD67-AD45B3FFDBBA}.XMLStatic Release|Win32.Build.0 = Release|Win32
		{98A54DFB-5325-489A-AF7D-7154BD772A57}.Debug - DLL|Win32.ActiveCfg = Debug|Win32
		{98A54DFB-5325-489A-AF7D-7154BD772A57}.Debug - DLL|Win32.Build.0 = Debug|Win32
		{98A54DFB-5325-489A-AF7D-7154BD772A57}.Debug - Static Lib|Win32.ActiveCfg = Debug|Win32
		{98A54DFB-5325-489A-AF7D-7154BD772A57}.Debug - Static Lib|Win32.Build.0 = Debug|Win32
		{98A54DFB-5325-489A-AF7D-7154BD772A57}.Debug Unicode|Win32.ActiveCfg = Debug|Win32
		{98A54DFB-5325-489A-AF7D-7154BD772A57}.Debug Unicode|Win32.Build.0 = Debug|Win32
		{98A54DFB-5325-489A-AF7D-7154BD772A57}.Debug|Win32.ActiveCfg = Debug|Win32
		{98A54DFB-5325-489A-AF7D-7154BD772A57}.Debug|Win32.Build.0 = Debug|Win32
		{98A54DFB-5325-489A-AF7D-7154BD772A57}.Release - DLL|Win32.ActiveCfg = Release|Win32
		{98A54DFB-5325-489A-AF7D-7154BD772A57}.Release - DLL|Win32.Build.0 = Release|Win32
		{98A54DFB-5325-489A-AF7D-7154BD772A57}.Release - Static Lib|Win32.ActiveCfg = Release|Win32
		{98A54DFB-5325-489A-AF7D-7154BD772A57}.Release - Static Lib|Win32.Build.0 = Release|Win32
		{98A54DFB-5325-489A-AF7D-7154BD772A57}.Release Unicode|Win32.ActiveCfg = Release|Win32
		{98A54DFB-5325-489A-AF7D-7154BD772A57}.Release Unicode|Win32.Build.0 = Release|Win32
		{98A54DFB-5325-489A-AF7D-7154BD772A57}.Release|Win32.ActiveCfg = Release|Win32
		{98A54DFB-5325-489A-AF7D-7154BD772A57}.Release|Win32.Build.0 = Release|Win32
		{98A54DFB-5325-489A-AF7D-7154BD772A57}.XMLStatic Debug Unicode|Win32.ActiveCfg = Debug|Win32
		{98A54DFB-5325-489A-AF7D-7154BD772A57}.XMLStatic Debug Unicode|Win32.Build.0 = Debug|Win32
		{98A54DFB-5325-489A-AF7D-7154BD772A57}.XMLStatic Debug|Win32.ActiveCfg = Debug|Win32
		{98A54DFB-5325-489A-AF7D-7154BD772A57}.XMLStatic Debug|Win32.Build.0 = Debug|Win32
		{98A54DFB-5325-489A-AF7D-7154BD772A57}.XMLStatic Release Unicode|Win32.ActiveCfg = Release|Win32
		{98A54DFB-5325-489A-AF7D-7154BD772A57}.XMLStatic Release Unicode|Win32.Build.0 = Release|Win32
		{98A54DFB-5325-489A-AF7D-7154BD772A57}.XMLStatic Release|Win32.ActiveCfg = Release|Win32
		{98A54DFB-5325-489A-AF7D-7154BD772A57}.XMLStatic Release|Win32.Build.0 = Release|Win32
		{D88A3B6C-4E21-488D-AD20-541C69D6F3C9}.Debug - DLL|Win32.ActiveCfg = Debug|Win32
		{D88A3B6C-4E21-488D-AD20-541C69D6F3C9}.Debug - DLL|Win32.Build.0 = Debug|Win32
		{D88A3B6C-4E21-488D-AD20-541C69D6F3C9}.Debug - Static Lib|Win32.ActiveCfg = Debug|Win32
		{D88A3B6C-4E21-488D-AD20-541C69D6F3C9}.Debug - Static Lib|Win32.Build.0 = Debug|Win32
		{D88A3B6C-4E21-488D-AD20-541C69D6F3C9}.Debug Unicode|Win32.ActiveCfg = Debug|Win32
		{D88A3B6C-4E21-488D-AD20-541C69D6F3C9}.Debug Unicode|Win32.Build.0 = Debug|Win32
		{D88A3B6C-4E21-488D-AD20-541C69D6F3C9}.Debug|Win32.ActiveCfg = Debug|Win32
		{D88A3B6C-4E21-488D-AD20-541C69D6F3C9}.Debug|Win32.Build.0 = Debug|Win32
		{D88A3B6C-4E21-488D-AD20-541C69D6F3C9}.Release - DLL|Win32.ActiveCfg = Release|Win32
		{D88A3B6C-4E21-488D-AD20-541C69D6F3C9}.Release - DLL|Win32.Build.0 = Release|Win32
		{D88A3B6C-4E21-488D-AD20-541C69D6F3C9}.Release - Static Lib|Win32.ActiveCfg = Release|Win32
		{D88A3B6C-4E21-488D-AD20-541C69D6F3C9}.Release - Static Lib|Win32.Build.0 = Release|Win32
		{D88A3B6C-4E21-488D-AD20-541C69D6F3C9}.Release Unicode|Win32.ActiveCfg = Release|Win32
		{D88A3B6C-4E21-488D-AD20-541C69D6F3C9}.Release Unicode|Win32.Build.0 = Release|Win32
		{D88A3B6C-4E21-488D-AD20-541C69D6F3C9}.Release|Win32.ActiveCfg = Release|Win32
		{D88A3B6C-4E21-488D-AD20-541C69D6F3C9}.Release|Win32.Build.0 = Release|Win32
		{D88A3B6C-4E21-488D-AD20-541C69D6F3C9}.XMLStatic Debug Unicode|Win32.ActiveCfg = Debug|Win32
		{D88A3B6C-4E21-488D-AD20-541C69D6F3C9}.XMLStatic Debug Unicode|Win32.Build.0 = Debug|Win32
		{D88A3B6C-4E21-488D-AD20-541C69D6F3C9}.XMLStatic Debug|Win32.ActiveCfg = Debug|Win32
		{D88A3B6C-4E21-488D-AD20-541C69D6F3C9}.XMLStatic Debug|Win32.Build.0 = Debug|Win32
		{D88A3B6C-4E21-488D-AD20-541C69D6F3C9}.XMLStatic Release Unicode|Win32.ActiveCfg = Release|Win32
		{D88A3B6C-4E21-488D-AD20-541C69D6F3C9}.XMLStatic Release Unicode|Win32.Build.0 = Release|Win32
		{D88A3B6C-4E21-488D-AD20-541C69D6F3C9}.XMLStatic Release|Win32.ActiveCfg = Release|Win32
		{D88A3B6C-4E21-488D-AD20-541C69D6F3C9}.XMLStatic Release|Win32.Build.0 = Release|Win32
		{BF02D839-3100-4FA5-8893-209DD344A15C}.Debug - DLL|Win32.ActiveCfg = Debug|Win32
		{BF02D839-3100-4FA5-8893-209DD344A15C}.Debug - DLL|Win32.Build.0 = Debug|Win32
		{BF02D839-3100-4FA5-8893-209DD344A15C}.Debug - Static Lib|Win32.ActiveCfg = Debug|Win32
		{BF02D839-3100-4FA5-8893-209DD344A15C}.Debug - Static Lib|Win32.Build.0 = Debug|Win32
		{BF02D839-3100-4FA5-8893-209DD344A15C}.Debug Unicode|Win32.ActiveCfg = Debug|Win32
		{BF02D839-3100-4FA5-8893-209DD344A15C}.Debug Unicode|Win32.Build.0 = Debug|Win32
		{BF02D839-3100-4FA5-8893-209DD344A15C}.Debug|Win32.ActiveCfg = Debug|Win32
		{BF02D839-3100-4FA5-8893-209DD344A15C}.Debug|Win32.Build.0 = Debug|Win32
		{BF02D839-3100-4FA5-8893-209DD344A15C}.Release - DLL|Win32.ActiveCfg = Release|Win32
		{BF02D839-3100-4FA5-8893-209DD344A15C}.Release - DLL|Win32.Build.0 = Release|Win32
		{BF02D839-3100-4FA5-8893-209DD344A15C}.Release - Static Lib|Win32.ActiveCfg = Release|Win32
		{BF02D839-3100-4FA5-8893-209DD344A15C}.Release - Static Lib|Win32.Build.0 = Release|Win32
		{BF02D839-3100-4FA5-8893-209DD344A15C}.Release Unicode|Win32.ActiveCfg = Release|Win32
		{BF02D839-3100-4FA5-8893-209DD344A15C}.Release Unicode|Win32.Build.0 = Release|Win32
		{BF02D839-3100-4FA5-8893-209DD344A15C}.Release|Win32.ActiveCfg = Release|Win32
		{BF02D839-3100-4FA5-8893-209DD344A15C}.Release|Win32.Build.0 = Release|Win32
		{BF02D839-3100-4FA5-8893-209DD344A15C}.XMLStatic Debug Unicode|Win32.ActiveCfg = Debug|Win32
		{BF02D839-3100-4FA5-8893-209DD344A15C}.XMLStatic Debug Unicode|Win32.Build.0 = Debug|Win32
		{BF02D839-3100-4FA5-8893-209DD344A15C}.XMLStatic Debug|Win32.ActiveCfg = Debug|Win32
		{BF02D839-3100-4FA5-8893-209DD344A15C}.XMLStatic Debug|Win32.Build.0 = Debug|Win32
		{BF02D839-3100-4FA5-8893-209DD344A15C}.XMLStatic Release Unicode|Win32.ActiveCfg = Release|Win32
		{BF02D839-3100-4FA5-8893-209DD344A15C}.XMLStatic Release Unicode|Win32.Build.0 = Release|Win32
		{BF02D839-3100-4FA5-8893-209DD344A15C}.XMLStatic Release|Win32.ActiveCfg = Release|Win32
		{BF02D839-3100-4FA5-8893-209DD344A15C}.XMLStatic Release|Win32.Build.0 = Release|Win32
		{2ECA2BD8-8A5A-4D21-93C9-60B2F2893FAD}.Debug - DLL|Win32.ActiveCfg = Debug|Win32
		{2ECA2BD8-8A5A-4D21-93C9-60B2F2893FAD}.Debug - DLL|Win32.Build.0 = Debug|Win32
		{2ECA2BD8-8A5A-4D21-93C9-60B2F2893FAD}.Debug - Static Lib|Win32.ActiveCfg = Debug|Win32
		{2ECA2BD8-8A5A-4D21-93C9-60B2F2893FAD}.Debug - Static Lib|Win32.Build.0 = Debug|Win32
		{2ECA2BD8-8A5A-4D21-93C9-60B2F2893FAD}.Debug Unicode|Win32.ActiveCfg = Debug|Win32
		{2ECA2BD8-8A5A-4D21-93C9-60B2F2893FAD}.Debug Unicode|Win32.Build.0 = Debug|Win32
		{2ECA2BD8-8A5A-4D21-93C9-60B2F2893FAD}.Debug|Win32.ActiveCfg = Debug|Win32
		{2ECA2BD8-8A5A-4D21-93C9-60B2F2893FAD}.Debug|Win32.Build.0 = Debug|Win32
		{2ECA2BD8-8A5A-4D21-93C9-60B2F2893FAD}.Release - DLL|Win32.ActiveCfg = Release|Win32
		{2ECA2BD8-8A5A-4D21-93C9-60B2F2893FAD}.Release - DLL|Win32.Build.0 = Release|Win32
		{2ECA2BD8-8A5A-4D21-93C9-60B2F2893FAD}.Release - Static Lib|Win32.ActiveCfg = Release|Win32
		{2ECA2BD8-8A5A-4D21-93C9-60B2F2893FAD}.Release - Static Lib|Win32.Build.0 = Release|Win32
		{2ECA2BD8-8A5A-4D21-93C9-60B2F2893FAD}.Release Unicode|Win32.ActiveCfg = Release|Win32
		{2ECA2BD8-8A5A-4D21-93C9-60B2F2893FAD}.Release Unicode|Win32.Build.0 = Release|Win32
		{2ECA2BD8-8A5A-4D21-93C9-60B2F2893FAD}.Release|Win32.ActiveCfg = Release|Win32
		{2ECA2BD8-8A5A-4D21-93C9-60B2F2893FAD}.Release|Win32.Build.0 = Release|Win32
		{2ECA2BD8-8A5A-4D21-93C9-60B2F2893FAD}.XMLStatic Debug Unicode|Win32.ActiveCfg = Debug|Win32
		{2ECA2BD8-8A5A-4D21-93C9-60B2F2893FAD}.XMLStatic Debug Unicode|Win32.Build.0 = Debug|Win32
		{2ECA2BD8-8A5A-4D21-93C9-60B2F2893FAD}.XMLStatic Debug|Win32.ActiveCfg = Debug|Win32
		{2ECA2BD8-8A5A-4D21-93C9-60B2F2893FAD}.XMLStatic Debug|Win32.Build.0 = Debug|Win32
		{2ECA2BD8-8A5A-4D21-93C9-60B2F2893FAD}.XMLStatic Release Unicode|Win32.ActiveCfg = Release|Win32
		{2ECA2BD8-8A5A-4D21-93C9-60B2F2893FAD}.XMLStatic Release Unicode|Win32.Build.0 = Release|Win32
		{2ECA2BD8-8A5A-4D21-93C9-60B2F2893FAD}.XMLStatic Release|Win32.ActiveCfg = Release|Win32
		{2ECA2BD8-8A5A-4D21-93C9-60B2F2893FAD}.XMLStatic Release|Win32.Build.0 = Release|Win32
		{8425D255-D2DB-42D6-A563-867079608396}.Debug - DLL|Win32.ActiveCfg = Debug|Win32
		{8425D255-D2DB-42D6-A563-867079608396}.Debug - DLL|Win32.Build.0 = Debug|Win32
		{8425D255-D2DB-42D6-A563-867079608396}.Debug - Static Lib|Win32.ActiveCfg = Debug|Win32
		{8425D255-D2DB-42D6-A563-867079608396}.Debug - Static Lib|Win32.Build.0 = Debug|Win32
		{8425D255-D2DB-42D6-A563-867079608396}.Debug Unicode|Win32.ActiveCfg = Debug|Win32
		{8425D255-D2DB-42D6-A563-867079608396}.Debug Unicode|Win32.Build.0 = Debug|Win32
		{8425D255-D2DB-42D6-A563-867079608396}.Debug|Win32.ActiveCfg = Debug|Win32
		{8425D255-D2DB-42D6-A563-867079608396}.Debug|Win32.Build.0 = Debug|Win32
		{8425D255-D2DB-42D6-A563-867079608396}.Release - DLL|Win32.ActiveCfg = Release|Win32
		{8425D255-D2DB-42D6-A563-867079608396}.Release - DLL|Win32.Build.0 = Release|Win32
		{8425D255-D2DB-42D6-A563-867079608396}.Release - Static Lib|Win32.ActiveCfg = Release|Win32
		{8425D255-D2DB-42D6-A563-867079608396}.Release - Static Lib|Win32.Build.0 = Release|Win32
		{8425D255-D2DB-42D6-A563-867079608396}.Release Unicode|Win32.ActiveCfg = Release|Win32
		{8425D255-D2DB-42D6-A563-867079608396}.Release Unicode|Win32.Build.0 = Release|Win32
		{8425D255-D2DB-42D6-A563-867079608396}.Release|Win32.ActiveCfg = Release|Win32
		{8425D255-D2DB-42D6-A563-867079608396}.Release|Win32.Build.0 = Release|Win32
		{8425D255-D2DB-42D6-A563-867079608396}.XMLStatic Debug Unicode|Win32.ActiveCfg = Debug|Win32
		{8425D255-D2DB-42D6-A563-867079608396}.XMLStatic Debug Unicode|Win32.Build.0 = Debug|Win32
		{8425D255-D2DB-42D6-A563-867079608396}.XMLStatic Debug|Win32.ActiveCfg = Debug|Win32
		{8425D255-D2DB-42D6-A563-867079608396}.XMLStatic Debug|Win32.Build.0 = Debug|Win32
		{8425D255-D2DB-42D6-A563-867079608396}.XMLStatic Release Unicode|Win32.ActiveCfg = Release|Win32
		{8425D255-D2DB-42D6-A563-867079608396}.XMLStatic Release Unicode|Win32.Build.0 = Release|Win32
		{8425D255-D2DB-42D6-A563-867079608396}.XMLStatic Release|Win32.ActiveCfg = Release|Win32
		{8425D255-D2DB-42D6-A563-867079608396}.XMLStatic Release|Win32.Build.0 = Release|Win32
		{01533DF0-E38F-4A70-9F9A-E9261E7BA1A1}.Debug - DLL|Win32.ActiveCfg = Debug|Win32
		{01533DF0-E38F-4A70-9F9A-E9261E7BA1A1}.Debug - DLL|Win32.Build.0 = Debug|Win32
		{01533DF0-E38F-4A70-9F9A-E9261E7BA1A1}.Debug - Static Lib|Win32.ActiveCfg = Debug|Win32
		{01533DF0-E38F-4A70-9F9A-E9261E7BA1A1}.Debug - Static Lib|Win32.Build.0 = Debug|Win32
		{01533DF0-E38F-4A70-9F9A-E9261E7BA1A1}.Debug Unicode|Win32.ActiveCfg = Debug|Win32
		{01533DF0-E38F-4A70-9F9A-E9261E7BA1A1}.Debug Unicode|Win32.Build.0 = Debug|Win32
		{01533DF0-E38F-4A70-9F9A-E9261E7BA1A1}.Debug|Win32.ActiveCfg = Debug|Win32
		{01533DF0-E38F-4A70-9F9A-E9261E7BA1A1}.Debug|Win32.Build.0 = Debug|Win32
		{01533DF0-E38F-4A70-9F9A-E9261E7BA1A1}.Release - DLL|Win32.ActiveCfg = Release|Win32
		{01533DF0-E38F-4A70-9F9A-E9261E7BA1A1}.Release - DLL|Win32.Build.0 = Release|Win32
		{01533DF0-E38F-4A70-9F9A-E9261E7BA1A1}.Release - Static Lib|Win32.ActiveCfg = Release|Win32
		{01533DF0-E38F-4A70-9F9A-E9261E7BA1A1}.Release - Static Lib|Win32.Build.0 = Release|Win32
		{01533DF0-E38F-4A70-9F9A-E9261E7BA1A1}.Release Unicode|Win32.ActiveCfg = Release|Win32
		{01533DF0-E38F-4A70-9F9A-E9261E7BA1A1}.Release Unicode|Win32.Build.0 = Release|Win32
		{01533DF0-E38F-4A70-9F9A-E9261E7BA1A1}.Release|Win32.ActiveCfg = Release|Win32
		{01533DF0-E38F-4A70-9F9A-E9261E7BA1A1}.Release|Win32.Build.0 = Release|Win32
		{01533DF0-E38F-4A70-9F9A-E9261E7BA1A1}.XMLStatic Debug Unicode|Win32.ActiveCfg = Debug|Win32
		{01533DF0-E38F-4A70-9F9A-E9261E7BA1A1}.XMLStatic Debug Unicode|Win32.Build.0 = Debug|Win32
		{01533DF0-E38F-4A70-9F9A-E9261E7BA1A1}.XMLStatic Debug|Win32.ActiveCfg = Debug|Win32
		{01533DF0-E38F-4A70-9F9A-E9261E7BA1A1}.XMLStatic Debug|Win32.Build.0 = Debug|Win32
		{01533DF0-E38F-4A70-9F9A-E9261E7BA1A1}.XMLStatic Release Unicode|Win32.ActiveCfg = Release|Win32
		{01533DF0-E38F-4A70-9F9A-E9261E7BA1A1}.XMLStatic Release Unicode|Win32.Build.0 = Release|Win32
		{01533DF0-E38F-4A70-9F9A-E9261E7BA1A1}.XMLStatic Release|Win32.ActiveCfg = Release|Win32
		{01533DF0-E38F-4A70-9F9A-E9261E7BA1A1}.XMLStatic Release|Win32.Build.0 = Release|Win32
		{4E8D0A98-8DAD-410A-B5EF-E9DE10873A5A}.Debug - DLL|Win32.ActiveCfg = Debug|Win32
		{4E8D0A98-8DAD-410A-B5EF-E9DE10873A5A}.Debug - DLL|Win32.Build.0 = Debug|Win32
		{4E8D0A98-8DAD-410A-B5EF-E9DE10873A5A}.Debug - Static Lib|Win32.ActiveCfg = Debug|Win32
		{4E8D0A98-8DAD-410A-B5EF-E9DE10873A5A}.Debug - Static Lib|Win32.Build.0 = Debug|Win32
		{4E8D0A98-8DAD-410A-B5EF-E9DE10873A5A}.Debug Unicode|Win32.ActiveCfg = Debug|Win32
		{4E8D0A98-8DAD-410A-B5EF-E9DE10873A5A}.Debug Unicode|Win32.Build.0 = Debug|Win32
		{4E8D0A98-8DAD-410A-B5EF-E9DE10873A5A}.Debug|Win32.ActiveCfg = Debug|Win32
		{4E8D0A98-8DAD-410A-B5EF-E9DE10873A5A}.Debug|Win32.Build.0 = Debug|Win32
		{4E8D0A98-8DAD-410A-B5EF-E9DE10873A5A}.Release - DLL|Win32.ActiveCfg = Release|Win32
		{4E8D0A98-8DAD-410A-B5EF-E9DE10873A5A}.Release - DLL|Win32.Build.0 = Release|Win32
		{4E8D0A98-8DAD-410A-B5EF-E9DE10873A5A}.Release - Static Lib|Win32.ActiveCfg = Release|Win32
		{4E8D0A98-8DAD-410A-B5EF-E9DE10873A5A}.Release - Static Lib|Win32.Build.0 = Release|Win32
		{4E8D0A98-8DAD-410A-B5EF-E9DE10873A5A}.Release Unicode|Win32.ActiveCfg = Release|Win32
		{4E8D0A98-8DAD-410A-B5EF-E9DE10873A5A}.Release Unicode|Win32.Build.0 = Release|Win32
		{4E8D0A98-8DAD-410A-B5EF-E9DE10873A5A}.Release|Win32.ActiveCfg = Release|Win32
		{4E8D0A98-8DAD-410A-B5EF-E9DE10873A5A}.Release|Win32.Build.0 = Release|Win32
		{4E8D0A98-8DAD-410A-B5EF-E9DE10873A5A}.XMLStatic Debug Unicode|Win32.ActiveCfg = Debug|Win32
		{4E8D0A98-8DAD-410A-B5EF-E9DE10873A5A}.XMLStatic Debug Unicode|Win32.Build.0 = Debug|Win32
		{4E8D0A98-8DAD-410A-B5EF-E9DE10873A5A}.XMLStatic Debug|Win32.ActiveCfg = Debug|Win32
		{4E8D0A98-8DAD-410A-B5EF-E9DE10873A5A}.XMLStatic Debug|Win32.Build.0 = Debug|Win32
		{4E8D0A98-8DAD-410A-B5EF-E9DE10873A5A}.XMLStatic Release Unicode|Win32.ActiveCfg = Release|Win32
		{4E8D0A98-8DAD-410A-B5EF-E9DE10873A5A}.XMLStatic Release Unicode|Win32.Build.0 = Release|Win32
		{4E8D0A98-8DAD-410A-B5EF-E9DE10873A5A}.XMLStatic Release|Win32.ActiveCfg = Release|Win32
		{4E8D0A98-8DAD-410A-B5EF-E9DE10873A5A}.XMLStatic Release|Win32.Build.0 = Release|Win32
	EndGlobalSection
	GlobalSection(SolutionProperties) = preSolution
		HideSolutionNode = FALSE
	EndGlobalSection
	GlobalSection(NestedProjects) = preSolution
		{397B5FF1-25A7-4C56-B877-22F303D7EDA4} = {0CDF6277-C20F-4FA4-8619-7C68776690AE}
		{92A442CF-342A-41B7-BDDC-79E7998A4560} = {3D7E648F-0D31-4303-9CF6-31C88370F273}
		{50D3CEC1-1937-448C-9996-E2251553E17D} = {107CA4B7-8409-4031-9C0C-0E207DC856AE}
		{324A31C3-88CB-4273-A60D-FEAA2B311AE7} = {107CA4B7-8409-4031-9C0C-0E207DC856AE}
		{55567215-E333-4C52-9389-384AC06B0609} = {001719E4-78DC-4A21-8E2D-7D425CFD33ED}
		{E99EF15F-6F11-48ED-8BE6-82C9AEA7D086} = {001719E4-78DC-4A21-8E2D-7D425CFD33ED}
		{25BDC689-F36B-4760-A407-011276901B2C} = {001719E4-78DC-4A21-8E2D-7D425CFD33ED}
		{E1510F50-22B7-4D5D-AD3A-A8B07563D482} = {001719E4-78DC-4A21-8E2D-7D425CFD33ED}
		{4E8D0A98-8DAD-410A-B5EF-E9DE10873A5A} = {001719E4-78DC-4A21-8E2D-7D425CFD33ED}
		{56437121-2D97-45A3-96EF-98FC9088D5D5} = {7E5D5E81-1684-48A5-BBE2-0215B1C0DFCE}
		{F936521E-1581-45EC-9520-E8454E5B90E3} = {7E5D5E81-1684-48A5-BBE2-0215B1C0DFCE}
		{6B151CDE-CCF0-40EC-9A05-B5E587C37538} = {7E5D5E81-1684-48A5-BBE2-0215B1C0DFCE}
		{3E3771AC-141D-4AD4-98EC-43EFD2DD9081} = {7E5D5E81-1684-48A5-BBE2-0215B1C0DFCE}
		{5EB5B279-0EE5-4EF8-98C1-8AA96A0244EB} = {4F234D89-95D4-40BC-BD2D-72BC667FC4A2}
		{141337B9-73A8-4491-AA04-10B72EAA54F0} = {06CB5D47-3388-4E30-95DD-0964D9910F29}
		{2D7A9AED-EBDE-4389-AD67-AD45B3FFDBBA} = {141337B9-73A8-4491-AA04-10B72EAA54F0}
		{1ACC234F-40FE-4C53-AE5F-6F20B2FA31E5} = {141337B9-73A8-4491-AA04-10B72EAA54F0}
		{2C44FB39-AB49-4D7F-BE27-7C3AEE1A13FB} = {141337B9-73A8-4491-AA04-10B72EAA54F0}
		{98A54DFB-5325-489A-AF7D-7154BD772A57} = {1ACC234F-40FE-4C53-AE5F-6F20B2FA31E5}
		{D88A3B6C-4E21-488D-AD20-541C69D6F3C9} = {1ACC234F-40FE-4C53-AE5F-6F20B2FA31E5}
		{BF02D839-3100-4FA5-8893-209DD344A15C} = {1ACC234F-40FE-4C53-AE5F-6F20B2FA31E5}
		{2ECA2BD8-8A5A-4D21-93C9-60B2F2893FAD} = {2C44FB39-AB49-4D7F-BE27-7C3AEE1A13FB}
		{8425D255-D2DB-42D6-A563-867079608396} = {2C44FB39-AB49-4D7F-BE27-7C3AEE1A13FB}
		{01533DF0-E38F-4A70-9F9A-E9261E7BA1A1} = {2C44FB39-AB49-4D7F-BE27-7C3AEE1A13FB}
	EndGlobalSection
EndGlobal
